// !$*UTF8*$!
{
	archiveVersion = 1;
	classes = {
	};
	objectVersion = 46;
	objects = {

/* Begin PBXBuildFile section */
		1240EA075694256753C0A7EC /* libPods-KalenStudyProjectTests.a in Frameworks */ = {isa = PBXBuildFile; fileRef = EC8ED7C20B1A28FA2E242D69 /* libPods-KalenStudyProjectTests.a */; };
		A85AC4BF9D526359C1D953E1 /* libPods-KalenStudyProject.a in Frameworks */ = {isa = PBXBuildFile; fileRef = F4EA34C4CF6A8EB507C95863 /* libPods-KalenStudyProject.a */; };
		F4680D841BF2F0F500C1EC76 /* main.m in Sources */ = {isa = PBXBuildFile; fileRef = F4680D831BF2F0F500C1EC76 /* main.m */; };
		F4680D871BF2F0F500C1EC76 /* AppDelegate.m in Sources */ = {isa = PBXBuildFile; fileRef = F4680D861BF2F0F500C1EC76 /* AppDelegate.m */; };
		F4680D8F1BF2F0F500C1EC76 /* Assets.xcassets in Resources */ = {isa = PBXBuildFile; fileRef = F4680D8E1BF2F0F500C1EC76 /* Assets.xcassets */; };
		F4680D921BF2F0F500C1EC76 /* LaunchScreen.storyboard in Resources */ = {isa = PBXBuildFile; fileRef = F4680D901BF2F0F500C1EC76 /* LaunchScreen.storyboard */; };
		F4680D9D1BF2F0F500C1EC76 /* KalenStudyProjectTests.m in Sources */ = {isa = PBXBuildFile; fileRef = F4680D9C1BF2F0F500C1EC76 /* KalenStudyProjectTests.m */; };
		F4680DA81BF2F0F500C1EC76 /* KalenStudyProjectUITests.m in Sources */ = {isa = PBXBuildFile; fileRef = F4680DA71BF2F0F500C1EC76 /* KalenStudyProjectUITests.m */; };
		F4680DBD1BF2F3E200C1EC76 /* GuideViewController.m in Sources */ = {isa = PBXBuildFile; fileRef = F4680DBB1BF2F3E200C1EC76 /* GuideViewController.m */; };
		F4680DBE1BF2F3E200C1EC76 /* GuideViewController.xib in Resources */ = {isa = PBXBuildFile; fileRef = F4680DBC1BF2F3E200C1EC76 /* GuideViewController.xib */; };
		F4680DC21BF2F63700C1EC76 /* UITestingVC.m in Sources */ = {isa = PBXBuildFile; fileRef = F4680DC01BF2F63700C1EC76 /* UITestingVC.m */; };
		F4680DC31BF2F63700C1EC76 /* UITestingVC.xib in Resources */ = {isa = PBXBuildFile; fileRef = F4680DC11BF2F63700C1EC76 /* UITestingVC.xib */; };
		F4680DC61BF3177800C1EC76 /* After.m in Sources */ = {isa = PBXBuildFile; fileRef = F4680DC51BF3177800C1EC76 /* After.m */; };
		F4680DD31BF31E2D00C1EC76 /* Before.m in Sources */ = {isa = PBXBuildFile; fileRef = F4680DD21BF31E2D00C1EC76 /* Before.m */; };
		F4680DD71BF3258F00C1EC76 /* GuideDataItem.m in Sources */ = {isa = PBXBuildFile; fileRef = F4680DD61BF3258F00C1EC76 /* GuideDataItem.m */; };
		F4680DDE1BF354AE00C1EC76 /* BasicCell.m in Sources */ = {isa = PBXBuildFile; fileRef = F4680DDC1BF354AE00C1EC76 /* BasicCell.m */; };
		F4680DDF1BF354AE00C1EC76 /* BasicCell.xib in Resources */ = {isa = PBXBuildFile; fileRef = F4680DDD1BF354AE00C1EC76 /* BasicCell.xib */; };
		F4AEF9D31C0E985C002EA21D /* ConnectionVC.m in Sources */ = {isa = PBXBuildFile; fileRef = F4AEF9D11C0E985C002EA21D /* ConnectionVC.m */; };
		F4AEF9D41C0E985C002EA21D /* ConnectionVC.m in Sources */ = {isa = PBXBuildFile; fileRef = F4AEF9D11C0E985C002EA21D /* ConnectionVC.m */; };
		F4AEF9D51C0E985C002EA21D /* ConnectionVC.m in Sources */ = {isa = PBXBuildFile; fileRef = F4AEF9D11C0E985C002EA21D /* ConnectionVC.m */; };
		F4AEF9D61C0E985C002EA21D /* ConnectionVC.xib in Resources */ = {isa = PBXBuildFile; fileRef = F4AEF9D21C0E985C002EA21D /* ConnectionVC.xib */; };
		F4AEF9D71C0E985C002EA21D /* ConnectionVC.xib in Resources */ = {isa = PBXBuildFile; fileRef = F4AEF9D21C0E985C002EA21D /* ConnectionVC.xib */; };
		F4AEF9D81C0E985C002EA21D /* ConnectionVC.xib in Resources */ = {isa = PBXBuildFile; fileRef = F4AEF9D21C0E985C002EA21D /* ConnectionVC.xib */; };
		F4AEF9DB1C0E9ABF002EA21D /* AnimalC.m in Sources */ = {isa = PBXBuildFile; fileRef = F4AEF9DA1C0E9ABF002EA21D /* AnimalC.m */; };
		F4AEF9DC1C0E9ABF002EA21D /* AnimalC.m in Sources */ = {isa = PBXBuildFile; fileRef = F4AEF9DA1C0E9ABF002EA21D /* AnimalC.m */; };
		F4AEF9DD1C0E9ABF002EA21D /* AnimalC.m in Sources */ = {isa = PBXBuildFile; fileRef = F4AEF9DA1C0E9ABF002EA21D /* AnimalC.m */; };
		F4AEF9E31C0EF514002EA21D /* FirstVC.m in Sources */ = {isa = PBXBuildFile; fileRef = F4AEF9E21C0EF514002EA21D /* FirstVC.m */; };
		F4AEF9E91C0EFAE5002EA21D /* LeftMenuVCViewController.m in Sources */ = {isa = PBXBuildFile; fileRef = F4AEF9E71C0EFAE5002EA21D /* LeftMenuVCViewController.m */; };
		F4AEF9EA1C0EFAE5002EA21D /* LeftMenuVCViewController.xib in Resources */ = {isa = PBXBuildFile; fileRef = F4AEF9E81C0EFAE5002EA21D /* LeftMenuVCViewController.xib */; };
		F4B233CA1BFE18DB00C30745 /* Data.plist in Resources */ = {isa = PBXBuildFile; fileRef = F4B233C91BFE18DB00C30745 /* Data.plist */; };
		F4BC573D1BF96AAE003944F3 /* UMSocialLocalizable.strings in Resources */ = {isa = PBXBuildFile; fileRef = F4BC57221BF96AAE003944F3 /* UMSocialLocalizable.strings */; };
		F4BC573E1BF96AAE003944F3 /* libUMSocial_Sdk_4.3.a in Frameworks */ = {isa = PBXBuildFile; fileRef = F4BC57301BF96AAE003944F3 /* libUMSocial_Sdk_4.3.a */; };
		F4BC57401BF96AAE003944F3 /* UMSCommentDetailController.xib in Resources */ = {isa = PBXBuildFile; fileRef = F4BC57331BF96AAE003944F3 /* UMSCommentDetailController.xib */; };
		F4BC57411BF96AAE003944F3 /* UMSCommentInputController.xib in Resources */ = {isa = PBXBuildFile; fileRef = F4BC57341BF96AAE003944F3 /* UMSCommentInputController.xib */; };
		F4BC57421BF96AAE003944F3 /* UMSCommentInputControlleriPad.xib in Resources */ = {isa = PBXBuildFile; fileRef = F4BC57351BF96AAE003944F3 /* UMSCommentInputControlleriPad.xib */; };
		F4BC57431BF96AAE003944F3 /* UMShareEditViewController.xib in Resources */ = {isa = PBXBuildFile; fileRef = F4BC57361BF96AAE003944F3 /* UMShareEditViewController.xib */; };
		F4BC57441BF96AAE003944F3 /* UMShareEditViewControlleriPad.xib in Resources */ = {isa = PBXBuildFile; fileRef = F4BC57371BF96AAE003944F3 /* UMShareEditViewControlleriPad.xib */; };
		F4BC57451BF96AAE003944F3 /* UMSLoginViewController.xib in Resources */ = {isa = PBXBuildFile; fileRef = F4BC57381BF96AAE003944F3 /* UMSLoginViewController.xib */; };
		F4BC57461BF96AAE003944F3 /* UMSnsAccountViewController.xib in Resources */ = {isa = PBXBuildFile; fileRef = F4BC57391BF96AAE003944F3 /* UMSnsAccountViewController.xib */; };
		F4BC57471BF96AAE003944F3 /* UMSShareListController.xib in Resources */ = {isa = PBXBuildFile; fileRef = F4BC573A1BF96AAE003944F3 /* UMSShareListController.xib */; };
		F4BC57481BF96AAE003944F3 /* UMSocialSDKResourcesNew.bundle in Resources */ = {isa = PBXBuildFile; fileRef = F4BC573B1BF96AAE003944F3 /* UMSocialSDKResourcesNew.bundle */; };
		F4BC57721BF96C76003944F3 /* libSocialWechat.a in Frameworks */ = {isa = PBXBuildFile; fileRef = F4BC57651BF96C76003944F3 /* libSocialWechat.a */; };
		F4BC57731BF96C76003944F3 /* libWeChatSDK.a in Frameworks */ = {isa = PBXBuildFile; fileRef = F4BC57661BF96C76003944F3 /* libWeChatSDK.a */; };
		F4BC57781BF96D2D003944F3 /* UMengSocialVCViewController.m in Sources */ = {isa = PBXBuildFile; fileRef = F4BC57761BF96D2D003944F3 /* UMengSocialVCViewController.m */; };
		F4BC57791BF96D2D003944F3 /* UMengSocialVCViewController.xib in Resources */ = {isa = PBXBuildFile; fileRef = F4BC57771BF96D2D003944F3 /* UMengSocialVCViewController.xib */; };
		F4BC577C1BF96E1E003944F3 /* Constants.m in Sources */ = {isa = PBXBuildFile; fileRef = F4BC577B1BF96E1E003944F3 /* Constants.m */; };
		F4BC577E1BF9701B003944F3 /* SystemConfiguration.framework in Frameworks */ = {isa = PBXBuildFile; fileRef = F4BC577D1BF9701B003944F3 /* SystemConfiguration.framework */; };
		F4BC57801BF971F8003944F3 /* Security.framework in Frameworks */ = {isa = PBXBuildFile; fileRef = F4BC577F1BF971F8003944F3 /* Security.framework */; };
		F4BC57821BF97208003944F3 /* libiconv.tbd in Frameworks */ = {isa = PBXBuildFile; fileRef = F4BC57811BF97208003944F3 /* libiconv.tbd */; };
		F4BC57841BF97218003944F3 /* CoreGraphics.framework in Frameworks */ = {isa = PBXBuildFile; fileRef = F4BC57831BF97218003944F3 /* CoreGraphics.framework */; };
		F4BC57861BF97225003944F3 /* libsqlite3.tbd in Frameworks */ = {isa = PBXBuildFile; fileRef = F4BC57851BF97225003944F3 /* libsqlite3.tbd */; };
		F4BC57881BF97230003944F3 /* CoreTelephony.framework in Frameworks */ = {isa = PBXBuildFile; fileRef = F4BC57871BF97230003944F3 /* CoreTelephony.framework */; };
		F4BC578A1BF9723D003944F3 /* libstdc++.tbd in Frameworks */ = {isa = PBXBuildFile; fileRef = F4BC57891BF9723D003944F3 /* libstdc++.tbd */; };
		F4BC578F1BF97BC4003944F3 /* ios-social-sdk-shake.html in Resources */ = {isa = PBXBuildFile; fileRef = F4BC578C1BF97BC4003944F3 /* ios-social-sdk-shake.html */; };
		F4BC57901BF97BC4003944F3 /* libUMSocial_Sdk_ScreenShot_1.0.a in Frameworks */ = {isa = PBXBuildFile; fileRef = F4BC578D1BF97BC4003944F3 /* libUMSocial_Sdk_ScreenShot_1.0.a */; };
		F4BC57941BF97BDC003944F3 /* libSocialSina.a in Frameworks */ = {isa = PBXBuildFile; fileRef = F4BC57921BF97BDC003944F3 /* libSocialSina.a */; };
		F4E30EF81BFC4D590076DE60 /* Animal.m in Sources */ = {isa = PBXBuildFile; fileRef = F4E30EF71BFC4D590076DE60 /* Animal.m */; };
		F4EAC96E1BF59169000FDD28 /* AutoResizeCellHeightVC.m in Sources */ = {isa = PBXBuildFile; fileRef = F4EAC96C1BF59169000FDD28 /* AutoResizeCellHeightVC.m */; };
		F4EAC96F1BF59169000FDD28 /* AutoResizeCellHeightVC.xib in Resources */ = {isa = PBXBuildFile; fileRef = F4EAC96D1BF59169000FDD28 /* AutoResizeCellHeightVC.xib */; };
		F4EF273C1BF446B0006365C1 /* DataUtil.m in Sources */ = {isa = PBXBuildFile; fileRef = F4EF273B1BF446B0006365C1 /* DataUtil.m */; };
		F4EF27471BF446FC006365C1 /* CustomCellOne.m in Sources */ = {isa = PBXBuildFile; fileRef = F4EF273F1BF446FC006365C1 /* CustomCellOne.m */; };
		F4EF27481BF446FC006365C1 /* CustomCellOne.xib in Resources */ = {isa = PBXBuildFile; fileRef = F4EF27401BF446FC006365C1 /* CustomCellOne.xib */; };
		F4EF27491BF446FC006365C1 /* CustomCellTwo.m in Sources */ = {isa = PBXBuildFile; fileRef = F4EF27421BF446FC006365C1 /* CustomCellTwo.m */; };
		F4EF274A1BF446FC006365C1 /* CustomCellTwo.xib in Resources */ = {isa = PBXBuildFile; fileRef = F4EF27431BF446FC006365C1 /* CustomCellTwo.xib */; };
		F4EF274B1BF446FC006365C1 /* MutilDataSource.m in Sources */ = {isa = PBXBuildFile; fileRef = F4EF27451BF446FC006365C1 /* MutilDataSource.m */; };
		F4EF274C1BF446FC006365C1 /* MutilDataSource.xib in Resources */ = {isa = PBXBuildFile; fileRef = F4EF27461BF446FC006365C1 /* MutilDataSource.xib */; };
		F4EF27511BF46CBD006365C1 /* ErrorDepositeViewController.m in Sources */ = {isa = PBXBuildFile; fileRef = F4EF274F1BF46CBD006365C1 /* ErrorDepositeViewController.m */; };
		F4EF27521BF46CBD006365C1 /* ErrorDepositeViewController.xib in Resources */ = {isa = PBXBuildFile; fileRef = F4EF27501BF46CBD006365C1 /* ErrorDepositeViewController.xib */; };
		F4F5DFD51BF6A6AD00832FB2 /* libMobClickLibrary.a in Frameworks */ = {isa = PBXBuildFile; fileRef = F4F5DFD21BF6A6AD00832FB2 /* libMobClickLibrary.a */; };
		F4F5DFD71BF6BAF500832FB2 /* libz.tbd in Frameworks */ = {isa = PBXBuildFile; fileRef = F4F5DFD61BF6BAF500832FB2 /* libz.tbd */; };
/* End PBXBuildFile section */

/* Begin PBXContainerItemProxy section */
		F4680D991BF2F0F500C1EC76 /* PBXContainerItemProxy */ = {
			isa = PBXContainerItemProxy;
			containerPortal = F4680D771BF2F0F500C1EC76 /* Project object */;
			proxyType = 1;
			remoteGlobalIDString = F4680D7E1BF2F0F500C1EC76;
			remoteInfo = KalenStudyProject;
		};
		F4680DA41BF2F0F500C1EC76 /* PBXContainerItemProxy */ = {
			isa = PBXContainerItemProxy;
			containerPortal = F4680D771BF2F0F500C1EC76 /* Project object */;
			proxyType = 1;
			remoteGlobalIDString = F4680D7E1BF2F0F500C1EC76;
			remoteInfo = KalenStudyProject;
		};
/* End PBXContainerItemProxy section */

/* Begin PBXFileReference section */
		2F691761DA28C2238BFCF628 /* Pods-KalenStudyProject.debug.xcconfig */ = {isa = PBXFileReference; includeInIndex = 1; lastKnownFileType = text.xcconfig; name = "Pods-KalenStudyProject.debug.xcconfig"; path = "Pods/Target Support Files/Pods-KalenStudyProject/Pods-KalenStudyProject.debug.xcconfig"; sourceTree = "<group>"; };
		47CAF985C4651C9F87DB8166 /* Pods-KalenStudyProjectTests.debug.xcconfig */ = {isa = PBXFileReference; includeInIndex = 1; lastKnownFileType = text.xcconfig; name = "Pods-KalenStudyProjectTests.debug.xcconfig"; path = "Pods/Target Support Files/Pods-KalenStudyProjectTests/Pods-KalenStudyProjectTests.debug.xcconfig"; sourceTree = "<group>"; };
		B1410998BFE8C63DB2802136 /* Pods-KalenStudyProject.release.xcconfig */ = {isa = PBXFileReference; includeInIndex = 1; lastKnownFileType = text.xcconfig; name = "Pods-KalenStudyProject.release.xcconfig"; path = "Pods/Target Support Files/Pods-KalenStudyProject/Pods-KalenStudyProject.release.xcconfig"; sourceTree = "<group>"; };
		BDD5512B0737CAB75810049F /* Pods-KalenStudyProjectTests.release.xcconfig */ = {isa = PBXFileReference; includeInIndex = 1; lastKnownFileType = text.xcconfig; name = "Pods-KalenStudyProjectTests.release.xcconfig"; path = "Pods/Target Support Files/Pods-KalenStudyProjectTests/Pods-KalenStudyProjectTests.release.xcconfig"; sourceTree = "<group>"; };
		EC8ED7C20B1A28FA2E242D69 /* libPods-KalenStudyProjectTests.a */ = {isa = PBXFileReference; explicitFileType = archive.ar; includeInIndex = 0; path = "libPods-KalenStudyProjectTests.a"; sourceTree = BUILT_PRODUCTS_DIR; };
		F4680D7F1BF2F0F500C1EC76 /* KalenStudyProject.app */ = {isa = PBXFileReference; explicitFileType = wrapper.application; includeInIndex = 0; path = KalenStudyProject.app; sourceTree = BUILT_PRODUCTS_DIR; };
		F4680D831BF2F0F500C1EC76 /* main.m */ = {isa = PBXFileReference; lastKnownFileType = sourcecode.c.objc; path = main.m; sourceTree = "<group>"; };
		F4680D851BF2F0F500C1EC76 /* AppDelegate.h */ = {isa = PBXFileReference; lastKnownFileType = sourcecode.c.h; path = AppDelegate.h; sourceTree = "<group>"; };
		F4680D861BF2F0F500C1EC76 /* AppDelegate.m */ = {isa = PBXFileReference; lastKnownFileType = sourcecode.c.objc; path = AppDelegate.m; sourceTree = "<group>"; };
		F4680D8E1BF2F0F500C1EC76 /* Assets.xcassets */ = {isa = PBXFileReference; lastKnownFileType = folder.assetcatalog; path = Assets.xcassets; sourceTree = "<group>"; };
		F4680D911BF2F0F500C1EC76 /* Base */ = {isa = PBXFileReference; lastKnownFileType = file.storyboard; name = Base; path = Base.lproj/LaunchScreen.storyboard; sourceTree = "<group>"; };
		F4680D931BF2F0F500C1EC76 /* Info.plist */ = {isa = PBXFileReference; lastKnownFileType = text.plist.xml; path = Info.plist; sourceTree = "<group>"; };
		F4680D981BF2F0F500C1EC76 /* KalenStudyProjectTests.xctest */ = {isa = PBXFileReference; explicitFileType = wrapper.cfbundle; includeInIndex = 0; path = KalenStudyProjectTests.xctest; sourceTree = BUILT_PRODUCTS_DIR; };
		F4680D9C1BF2F0F500C1EC76 /* KalenStudyProjectTests.m */ = {isa = PBXFileReference; lastKnownFileType = sourcecode.c.objc; path = KalenStudyProjectTests.m; sourceTree = "<group>"; };
		F4680D9E1BF2F0F500C1EC76 /* Info.plist */ = {isa = PBXFileReference; lastKnownFileType = text.plist.xml; path = Info.plist; sourceTree = "<group>"; };
		F4680DA31BF2F0F500C1EC76 /* KalenStudyProjectUITests.xctest */ = {isa = PBXFileReference; explicitFileType = wrapper.cfbundle; includeInIndex = 0; path = KalenStudyProjectUITests.xctest; sourceTree = BUILT_PRODUCTS_DIR; };
		F4680DA71BF2F0F500C1EC76 /* KalenStudyProjectUITests.m */ = {isa = PBXFileReference; lastKnownFileType = sourcecode.c.objc; path = KalenStudyProjectUITests.m; sourceTree = "<group>"; };
		F4680DA91BF2F0F500C1EC76 /* Info.plist */ = {isa = PBXFileReference; lastKnownFileType = text.plist.xml; path = Info.plist; sourceTree = "<group>"; };
		F4680DBA1BF2F3E200C1EC76 /* GuideViewController.h */ = {isa = PBXFileReference; fileEncoding = 4; lastKnownFileType = sourcecode.c.h; path = GuideViewController.h; sourceTree = "<group>"; };
		F4680DBB1BF2F3E200C1EC76 /* GuideViewController.m */ = {isa = PBXFileReference; fileEncoding = 4; lastKnownFileType = sourcecode.c.objc; path = GuideViewController.m; sourceTree = "<group>"; };
		F4680DBC1BF2F3E200C1EC76 /* GuideViewController.xib */ = {isa = PBXFileReference; fileEncoding = 4; lastKnownFileType = file.xib; path = GuideViewController.xib; sourceTree = "<group>"; };
		F4680DBF1BF2F63700C1EC76 /* UITestingVC.h */ = {isa = PBXFileReference; fileEncoding = 4; lastKnownFileType = sourcecode.c.h; name = UITestingVC.h; path = KalenStudyProject/UITesting/UITestingVC.h; sourceTree = SOURCE_ROOT; };
		F4680DC01BF2F63700C1EC76 /* UITestingVC.m */ = {isa = PBXFileReference; fileEncoding = 4; lastKnownFileType = sourcecode.c.objc; name = UITestingVC.m; path = KalenStudyProject/UITesting/UITestingVC.m; sourceTree = SOURCE_ROOT; };
		F4680DC11BF2F63700C1EC76 /* UITestingVC.xib */ = {isa = PBXFileReference; fileEncoding = 4; lastKnownFileType = file.xib; name = UITestingVC.xib; path = KalenStudyProject/UITesting/UITestingVC.xib; sourceTree = SOURCE_ROOT; };
		F4680DC41BF3177800C1EC76 /* After.h */ = {isa = PBXFileReference; fileEncoding = 4; lastKnownFileType = sourcecode.c.h; path = After.h; sourceTree = "<group>"; };
		F4680DC51BF3177800C1EC76 /* After.m */ = {isa = PBXFileReference; fileEncoding = 4; lastKnownFileType = sourcecode.c.objc; path = After.m; sourceTree = "<group>"; };
		F4680DD11BF31E2D00C1EC76 /* Before.h */ = {isa = PBXFileReference; fileEncoding = 4; lastKnownFileType = sourcecode.c.h; path = Before.h; sourceTree = "<group>"; };
		F4680DD21BF31E2D00C1EC76 /* Before.m */ = {isa = PBXFileReference; fileEncoding = 4; lastKnownFileType = sourcecode.c.objc; path = Before.m; sourceTree = "<group>"; };
		F4680DD51BF3258F00C1EC76 /* GuideDataItem.h */ = {isa = PBXFileReference; fileEncoding = 4; lastKnownFileType = sourcecode.c.h; path = GuideDataItem.h; sourceTree = "<group>"; };
		F4680DD61BF3258F00C1EC76 /* GuideDataItem.m */ = {isa = PBXFileReference; fileEncoding = 4; lastKnownFileType = sourcecode.c.objc; path = GuideDataItem.m; sourceTree = "<group>"; };
		F4680DDB1BF354AE00C1EC76 /* BasicCell.h */ = {isa = PBXFileReference; fileEncoding = 4; lastKnownFileType = sourcecode.c.h; path = BasicCell.h; sourceTree = "<group>"; };
		F4680DDC1BF354AE00C1EC76 /* BasicCell.m */ = {isa = PBXFileReference; fileEncoding = 4; lastKnownFileType = sourcecode.c.objc; path = BasicCell.m; sourceTree = "<group>"; };
		F4680DDD1BF354AE00C1EC76 /* BasicCell.xib */ = {isa = PBXFileReference; fileEncoding = 4; lastKnownFileType = file.xib; path = BasicCell.xib; sourceTree = "<group>"; };
		F4AEF9D01C0E985C002EA21D /* ConnectionVC.h */ = {isa = PBXFileReference; fileEncoding = 4; lastKnownFileType = sourcecode.c.h; path = ConnectionVC.h; sourceTree = "<group>"; };
		F4AEF9D11C0E985C002EA21D /* ConnectionVC.m */ = {isa = PBXFileReference; fileEncoding = 4; lastKnownFileType = sourcecode.c.objc; path = ConnectionVC.m; sourceTree = "<group>"; };
		F4AEF9D21C0E985C002EA21D /* ConnectionVC.xib */ = {isa = PBXFileReference; fileEncoding = 4; lastKnownFileType = file.xib; path = ConnectionVC.xib; sourceTree = "<group>"; };
		F4AEF9D91C0E9ABF002EA21D /* AnimalC.h */ = {isa = PBXFileReference; fileEncoding = 4; lastKnownFileType = sourcecode.c.h; path = AnimalC.h; sourceTree = "<group>"; };
		F4AEF9DA1C0E9ABF002EA21D /* AnimalC.m */ = {isa = PBXFileReference; fileEncoding = 4; lastKnownFileType = sourcecode.c.objc; path = AnimalC.m; sourceTree = "<group>"; };
		F4AEF9E11C0EF514002EA21D /* FirstVC.h */ = {isa = PBXFileReference; fileEncoding = 4; lastKnownFileType = sourcecode.c.h; path = FirstVC.h; sourceTree = "<group>"; };
		F4AEF9E21C0EF514002EA21D /* FirstVC.m */ = {isa = PBXFileReference; fileEncoding = 4; lastKnownFileType = sourcecode.c.objc; path = FirstVC.m; sourceTree = "<group>"; };
		F4AEF9E61C0EFAE5002EA21D /* LeftMenuVCViewController.h */ = {isa = PBXFileReference; fileEncoding = 4; lastKnownFileType = sourcecode.c.h; path = LeftMenuVCViewController.h; sourceTree = "<group>"; };
		F4AEF9E71C0EFAE5002EA21D /* LeftMenuVCViewController.m */ = {isa = PBXFileReference; fileEncoding = 4; lastKnownFileType = sourcecode.c.objc; path = LeftMenuVCViewController.m; sourceTree = "<group>"; };
		F4AEF9E81C0EFAE5002EA21D /* LeftMenuVCViewController.xib */ = {isa = PBXFileReference; fileEncoding = 4; lastKnownFileType = file.xib; path = LeftMenuVCViewController.xib; sourceTree = "<group>"; };
		F4B233C91BFE18DB00C30745 /* Data.plist */ = {isa = PBXFileReference; fileEncoding = 4; lastKnownFileType = text.plist.xml; path = Data.plist; sourceTree = "<group>"; };
		F4BC57231BF96AAE003944F3 /* en */ = {isa = PBXFileReference; lastKnownFileType = text.plist.strings; name = en; path = en.lproj/UMSocialLocalizable.strings; sourceTree = "<group>"; };
		F4BC57251BF96AAE003944F3 /* UMSocial.h */ = {isa = PBXFileReference; fileEncoding = 4; lastKnownFileType = sourcecode.c.h; path = UMSocial.h; sourceTree = "<group>"; };
		F4BC57261BF96AAE003944F3 /* UMSocialAccountManager.h */ = {isa = PBXFileReference; fileEncoding = 4; lastKnownFileType = sourcecode.c.h; path = UMSocialAccountManager.h; sourceTree = "<group>"; };
		F4BC57271BF96AAE003944F3 /* UMSocialBar.h */ = {isa = PBXFileReference; fileEncoding = 4; lastKnownFileType = sourcecode.c.h; path = UMSocialBar.h; sourceTree = "<group>"; };
		F4BC57281BF96AAE003944F3 /* UMSocialConfig.h */ = {isa = PBXFileReference; fileEncoding = 4; lastKnownFileType = sourcecode.c.h; path = UMSocialConfig.h; sourceTree = "<group>"; };
		F4BC57291BF96AAE003944F3 /* UMSocialControllerService.h */ = {isa = PBXFileReference; fileEncoding = 4; lastKnownFileType = sourcecode.c.h; path = UMSocialControllerService.h; sourceTree = "<group>"; };
		F4BC572A1BF96AAE003944F3 /* UMSocialControllerServiceComment.h */ = {isa = PBXFileReference; fileEncoding = 4; lastKnownFileType = sourcecode.c.h; path = UMSocialControllerServiceComment.h; sourceTree = "<group>"; };
		F4BC572B1BF96AAE003944F3 /* UMSocialData.h */ = {isa = PBXFileReference; fileEncoding = 4; lastKnownFileType = sourcecode.c.h; path = UMSocialData.h; sourceTree = "<group>"; };
		F4BC572C1BF96AAE003944F3 /* UMSocialDataService.h */ = {isa = PBXFileReference; fileEncoding = 4; lastKnownFileType = sourcecode.c.h; path = UMSocialDataService.h; sourceTree = "<group>"; };
		F4BC572D1BF96AAE003944F3 /* UMSocialSnsData.h */ = {isa = PBXFileReference; fileEncoding = 4; lastKnownFileType = sourcecode.c.h; path = UMSocialSnsData.h; sourceTree = "<group>"; };
		F4BC572E1BF96AAE003944F3 /* UMSocialSnsPlatformManager.h */ = {isa = PBXFileReference; fileEncoding = 4; lastKnownFileType = sourcecode.c.h; path = UMSocialSnsPlatformManager.h; sourceTree = "<group>"; };
		F4BC572F1BF96AAE003944F3 /* UMSocialSnsService.h */ = {isa = PBXFileReference; fileEncoding = 4; lastKnownFileType = sourcecode.c.h; path = UMSocialSnsService.h; sourceTree = "<group>"; };
		F4BC57301BF96AAE003944F3 /* libUMSocial_Sdk_4.3.a */ = {isa = PBXFileReference; lastKnownFileType = archive.ar; path = libUMSocial_Sdk_4.3.a; sourceTree = "<group>"; };
		F4BC57331BF96AAE003944F3 /* UMSCommentDetailController.xib */ = {isa = PBXFileReference; fileEncoding = 4; lastKnownFileType = file.xib; path = UMSCommentDetailController.xib; sourceTree = "<group>"; };
		F4BC57341BF96AAE003944F3 /* UMSCommentInputController.xib */ = {isa = PBXFileReference; fileEncoding = 4; lastKnownFileType = file.xib; path = UMSCommentInputController.xib; sourceTree = "<group>"; };
		F4BC57351BF96AAE003944F3 /* UMSCommentInputControlleriPad.xib */ = {isa = PBXFileReference; fileEncoding = 4; lastKnownFileType = file.xib; path = UMSCommentInputControlleriPad.xib; sourceTree = "<group>"; };
		F4BC57361BF96AAE003944F3 /* UMShareEditViewController.xib */ = {isa = PBXFileReference; fileEncoding = 4; lastKnownFileType = file.xib; path = UMShareEditViewController.xib; sourceTree = "<group>"; };
		F4BC57371BF96AAE003944F3 /* UMShareEditViewControlleriPad.xib */ = {isa = PBXFileReference; fileEncoding = 4; lastKnownFileType = file.xib; path = UMShareEditViewControlleriPad.xib; sourceTree = "<group>"; };
		F4BC57381BF96AAE003944F3 /* UMSLoginViewController.xib */ = {isa = PBXFileReference; fileEncoding = 4; lastKnownFileType = file.xib; path = UMSLoginViewController.xib; sourceTree = "<group>"; };
		F4BC57391BF96AAE003944F3 /* UMSnsAccountViewController.xib */ = {isa = PBXFileReference; fileEncoding = 4; lastKnownFileType = file.xib; path = UMSnsAccountViewController.xib; sourceTree = "<group>"; };
		F4BC573A1BF96AAE003944F3 /* UMSShareListController.xib */ = {isa = PBXFileReference; fileEncoding = 4; lastKnownFileType = file.xib; path = UMSShareListController.xib; sourceTree = "<group>"; };
		F4BC573B1BF96AAE003944F3 /* UMSocialSDKResourcesNew.bundle */ = {isa = PBXFileReference; lastKnownFileType = "wrapper.plug-in"; path = UMSocialSDKResourcesNew.bundle; sourceTree = "<group>"; };
		F4BC573C1BF96AAE003944F3 /* zh-Hans */ = {isa = PBXFileReference; lastKnownFileType = text.plist.strings; name = "zh-Hans"; path = "zh-Hans.lproj/UMSocialLocalizable.strings"; sourceTree = "<group>"; };
		F4BC57651BF96C76003944F3 /* libSocialWechat.a */ = {isa = PBXFileReference; lastKnownFileType = archive.ar; path = libSocialWechat.a; sourceTree = "<group>"; };
		F4BC57661BF96C76003944F3 /* libWeChatSDK.a */ = {isa = PBXFileReference; lastKnownFileType = archive.ar; path = libWeChatSDK.a; sourceTree = "<group>"; };
		F4BC57671BF96C76003944F3 /* UMSocialWechatHandler.h */ = {isa = PBXFileReference; fileEncoding = 4; lastKnownFileType = sourcecode.c.h; path = UMSocialWechatHandler.h; sourceTree = "<group>"; };
		F4BC57681BF96C76003944F3 /* WXApi.h */ = {isa = PBXFileReference; fileEncoding = 4; lastKnownFileType = sourcecode.c.h; path = WXApi.h; sourceTree = "<group>"; };
		F4BC57691BF96C76003944F3 /* WXApiObject.h */ = {isa = PBXFileReference; fileEncoding = 4; lastKnownFileType = sourcecode.c.h; path = WXApiObject.h; sourceTree = "<group>"; };
		F4BC57751BF96D2D003944F3 /* UMengSocialVCViewController.h */ = {isa = PBXFileReference; fileEncoding = 4; lastKnownFileType = sourcecode.c.h; path = UMengSocialVCViewController.h; sourceTree = "<group>"; };
		F4BC57761BF96D2D003944F3 /* UMengSocialVCViewController.m */ = {isa = PBXFileReference; fileEncoding = 4; lastKnownFileType = sourcecode.c.objc; path = UMengSocialVCViewController.m; sourceTree = "<group>"; };
		F4BC57771BF96D2D003944F3 /* UMengSocialVCViewController.xib */ = {isa = PBXFileReference; fileEncoding = 4; lastKnownFileType = file.xib; path = UMengSocialVCViewController.xib; sourceTree = "<group>"; };
		F4BC577A1BF96E1E003944F3 /* Constants.h */ = {isa = PBXFileReference; fileEncoding = 4; lastKnownFileType = sourcecode.c.h; path = Constants.h; sourceTree = "<group>"; };
		F4BC577B1BF96E1E003944F3 /* Constants.m */ = {isa = PBXFileReference; fileEncoding = 4; lastKnownFileType = sourcecode.c.objc; path = Constants.m; sourceTree = "<group>"; };
		F4BC577D1BF9701B003944F3 /* SystemConfiguration.framework */ = {isa = PBXFileReference; lastKnownFileType = wrapper.framework; name = SystemConfiguration.framework; path = System/Library/Frameworks/SystemConfiguration.framework; sourceTree = SDKROOT; };
		F4BC577F1BF971F8003944F3 /* Security.framework */ = {isa = PBXFileReference; lastKnownFileType = wrapper.framework; name = Security.framework; path = System/Library/Frameworks/Security.framework; sourceTree = SDKROOT; };
		F4BC57811BF97208003944F3 /* libiconv.tbd */ = {isa = PBXFileReference; lastKnownFileType = "sourcecode.text-based-dylib-definition"; name = libiconv.tbd; path = usr/lib/libiconv.tbd; sourceTree = SDKROOT; };
		F4BC57831BF97218003944F3 /* CoreGraphics.framework */ = {isa = PBXFileReference; lastKnownFileType = wrapper.framework; name = CoreGraphics.framework; path = System/Library/Frameworks/CoreGraphics.framework; sourceTree = SDKROOT; };
		F4BC57851BF97225003944F3 /* libsqlite3.tbd */ = {isa = PBXFileReference; lastKnownFileType = "sourcecode.text-based-dylib-definition"; name = libsqlite3.tbd; path = usr/lib/libsqlite3.tbd; sourceTree = SDKROOT; };
		F4BC57871BF97230003944F3 /* CoreTelephony.framework */ = {isa = PBXFileReference; lastKnownFileType = wrapper.framework; name = CoreTelephony.framework; path = System/Library/Frameworks/CoreTelephony.framework; sourceTree = SDKROOT; };
		F4BC57891BF9723D003944F3 /* libstdc++.tbd */ = {isa = PBXFileReference; lastKnownFileType = "sourcecode.text-based-dylib-definition"; name = "libstdc++.tbd"; path = "usr/lib/libstdc++.tbd"; sourceTree = SDKROOT; };
		F4BC578C1BF97BC4003944F3 /* ios-social-sdk-shake.html */ = {isa = PBXFileReference; fileEncoding = 4; lastKnownFileType = text.html; path = "ios-social-sdk-shake.html"; sourceTree = "<group>"; };
		F4BC578D1BF97BC4003944F3 /* libUMSocial_Sdk_ScreenShot_1.0.a */ = {isa = PBXFileReference; lastKnownFileType = archive.ar; path = libUMSocial_Sdk_ScreenShot_1.0.a; sourceTree = "<group>"; };
		F4BC578E1BF97BC4003944F3 /* UMSocialScreenShoter.h */ = {isa = PBXFileReference; fileEncoding = 4; lastKnownFileType = sourcecode.c.h; path = UMSocialScreenShoter.h; sourceTree = "<group>"; };
		F4BC57921BF97BDC003944F3 /* libSocialSina.a */ = {isa = PBXFileReference; lastKnownFileType = archive.ar; path = libSocialSina.a; sourceTree = "<group>"; };
		F4BC57931BF97BDC003944F3 /* UMSocialSinaHandler.h */ = {isa = PBXFileReference; fileEncoding = 4; lastKnownFileType = sourcecode.c.h; path = UMSocialSinaHandler.h; sourceTree = "<group>"; };
		F4E30EF61BFC4D590076DE60 /* Animal.h */ = {isa = PBXFileReference; fileEncoding = 4; lastKnownFileType = sourcecode.c.h; path = Animal.h; sourceTree = "<group>"; };
		F4E30EF71BFC4D590076DE60 /* Animal.m */ = {isa = PBXFileReference; fileEncoding = 4; lastKnownFileType = sourcecode.c.objc; path = Animal.m; sourceTree = "<group>"; };
		F4EA34C4CF6A8EB507C95863 /* libPods-KalenStudyProject.a */ = {isa = PBXFileReference; explicitFileType = archive.ar; includeInIndex = 0; path = "libPods-KalenStudyProject.a"; sourceTree = BUILT_PRODUCTS_DIR; };
		F4EAC96B1BF59169000FDD28 /* AutoResizeCellHeightVC.h */ = {isa = PBXFileReference; fileEncoding = 4; lastKnownFileType = sourcecode.c.h; path = AutoResizeCellHeightVC.h; sourceTree = "<group>"; };
		F4EAC96C1BF59169000FDD28 /* AutoResizeCellHeightVC.m */ = {isa = PBXFileReference; fileEncoding = 4; lastKnownFileType = sourcecode.c.objc; path = AutoResizeCellHeightVC.m; sourceTree = "<group>"; };
		F4EAC96D1BF59169000FDD28 /* AutoResizeCellHeightVC.xib */ = {isa = PBXFileReference; fileEncoding = 4; lastKnownFileType = file.xib; path = AutoResizeCellHeightVC.xib; sourceTree = "<group>"; };
		F4EF273A1BF446B0006365C1 /* DataUtil.h */ = {isa = PBXFileReference; fileEncoding = 4; lastKnownFileType = sourcecode.c.h; path = DataUtil.h; sourceTree = "<group>"; };
		F4EF273B1BF446B0006365C1 /* DataUtil.m */ = {isa = PBXFileReference; fileEncoding = 4; lastKnownFileType = sourcecode.c.objc; path = DataUtil.m; sourceTree = "<group>"; };
		F4EF273E1BF446FC006365C1 /* CustomCellOne.h */ = {isa = PBXFileReference; fileEncoding = 4; lastKnownFileType = sourcecode.c.h; path = CustomCellOne.h; sourceTree = "<group>"; };
		F4EF273F1BF446FC006365C1 /* CustomCellOne.m */ = {isa = PBXFileReference; fileEncoding = 4; lastKnownFileType = sourcecode.c.objc; path = CustomCellOne.m; sourceTree = "<group>"; };
		F4EF27401BF446FC006365C1 /* CustomCellOne.xib */ = {isa = PBXFileReference; fileEncoding = 4; lastKnownFileType = file.xib; path = CustomCellOne.xib; sourceTree = "<group>"; };
		F4EF27411BF446FC006365C1 /* CustomCellTwo.h */ = {isa = PBXFileReference; fileEncoding = 4; lastKnownFileType = sourcecode.c.h; path = CustomCellTwo.h; sourceTree = "<group>"; };
		F4EF27421BF446FC006365C1 /* CustomCellTwo.m */ = {isa = PBXFileReference; fileEncoding = 4; lastKnownFileType = sourcecode.c.objc; path = CustomCellTwo.m; sourceTree = "<group>"; };
		F4EF27431BF446FC006365C1 /* CustomCellTwo.xib */ = {isa = PBXFileReference; fileEncoding = 4; lastKnownFileType = file.xib; path = CustomCellTwo.xib; sourceTree = "<group>"; };
		F4EF27441BF446FC006365C1 /* MutilDataSource.h */ = {isa = PBXFileReference; fileEncoding = 4; lastKnownFileType = sourcecode.c.h; path = MutilDataSource.h; sourceTree = "<group>"; };
		F4EF27451BF446FC006365C1 /* MutilDataSource.m */ = {isa = PBXFileReference; fileEncoding = 4; lastKnownFileType = sourcecode.c.objc; path = MutilDataSource.m; sourceTree = "<group>"; };
		F4EF27461BF446FC006365C1 /* MutilDataSource.xib */ = {isa = PBXFileReference; fileEncoding = 4; lastKnownFileType = file.xib; path = MutilDataSource.xib; sourceTree = "<group>"; };
		F4EF274E1BF46CBD006365C1 /* ErrorDepositeViewController.h */ = {isa = PBXFileReference; fileEncoding = 4; lastKnownFileType = sourcecode.c.h; path = ErrorDepositeViewController.h; sourceTree = "<group>"; };
		F4EF274F1BF46CBD006365C1 /* ErrorDepositeViewController.m */ = {isa = PBXFileReference; fileEncoding = 4; lastKnownFileType = sourcecode.c.objc; path = ErrorDepositeViewController.m; sourceTree = "<group>"; };
		F4EF27501BF46CBD006365C1 /* ErrorDepositeViewController.xib */ = {isa = PBXFileReference; fileEncoding = 4; lastKnownFileType = file.xib; path = ErrorDepositeViewController.xib; sourceTree = "<group>"; };
		F4F5DFD21BF6A6AD00832FB2 /* libMobClickLibrary.a */ = {isa = PBXFileReference; lastKnownFileType = archive.ar; path = libMobClickLibrary.a; sourceTree = "<group>"; };
		F4F5DFD31BF6A6AD00832FB2 /* MobClick.h */ = {isa = PBXFileReference; fileEncoding = 4; lastKnownFileType = sourcecode.c.h; path = MobClick.h; sourceTree = "<group>"; };
		F4F5DFD41BF6A6AD00832FB2 /* MobClickSocialAnalytics.h */ = {isa = PBXFileReference; fileEncoding = 4; lastKnownFileType = sourcecode.c.h; path = MobClickSocialAnalytics.h; sourceTree = "<group>"; };
		F4F5DFD61BF6BAF500832FB2 /* libz.tbd */ = {isa = PBXFileReference; lastKnownFileType = "sourcecode.text-based-dylib-definition"; name = libz.tbd; path = usr/lib/libz.tbd; sourceTree = SDKROOT; };
/* End PBXFileReference section */

/* Begin PBXFrameworksBuildPhase section */
		F4680D7C1BF2F0F500C1EC76 /* Frameworks */ = {
			isa = PBXFrameworksBuildPhase;
			buildActionMask = 2147483647;
			files = (
				F4BC57841BF97218003944F3 /* CoreGraphics.framework in Frameworks */,
				F4F5DFD71BF6BAF500832FB2 /* libz.tbd in Frameworks */,
				F4BC57941BF97BDC003944F3 /* libSocialSina.a in Frameworks */,
				F4BC578A1BF9723D003944F3 /* libstdc++.tbd in Frameworks */,
				F4BC57881BF97230003944F3 /* CoreTelephony.framework in Frameworks */,
				F4BC57861BF97225003944F3 /* libsqlite3.tbd in Frameworks */,
				F4BC57821BF97208003944F3 /* libiconv.tbd in Frameworks */,
				F4BC57901BF97BC4003944F3 /* libUMSocial_Sdk_ScreenShot_1.0.a in Frameworks */,
				F4BC57801BF971F8003944F3 /* Security.framework in Frameworks */,
				F4BC577E1BF9701B003944F3 /* SystemConfiguration.framework in Frameworks */,
				F4BC573E1BF96AAE003944F3 /* libUMSocial_Sdk_4.3.a in Frameworks */,
				F4BC57731BF96C76003944F3 /* libWeChatSDK.a in Frameworks */,
				A85AC4BF9D526359C1D953E1 /* libPods-KalenStudyProject.a in Frameworks */,
				F4F5DFD51BF6A6AD00832FB2 /* libMobClickLibrary.a in Frameworks */,
				F4BC57721BF96C76003944F3 /* libSocialWechat.a in Frameworks */,
			);
			runOnlyForDeploymentPostprocessing = 0;
		};
		F4680D951BF2F0F500C1EC76 /* Frameworks */ = {
			isa = PBXFrameworksBuildPhase;
			buildActionMask = 2147483647;
			files = (
				1240EA075694256753C0A7EC /* libPods-KalenStudyProjectTests.a in Frameworks */,
			);
			runOnlyForDeploymentPostprocessing = 0;
		};
		F4680DA01BF2F0F500C1EC76 /* Frameworks */ = {
			isa = PBXFrameworksBuildPhase;
			buildActionMask = 2147483647;
			files = (
			);
			runOnlyForDeploymentPostprocessing = 0;
		};
/* End PBXFrameworksBuildPhase section */

/* Begin PBXGroup section */
		20998B82165AF7755FE88ACD /* Frameworks */ = {
			isa = PBXGroup;
			children = (
				F4BC57891BF9723D003944F3 /* libstdc++.tbd */,
				F4BC57871BF97230003944F3 /* CoreTelephony.framework */,
				F4BC57851BF97225003944F3 /* libsqlite3.tbd */,
				F4BC57831BF97218003944F3 /* CoreGraphics.framework */,
				F4BC57811BF97208003944F3 /* libiconv.tbd */,
				F4BC577F1BF971F8003944F3 /* Security.framework */,
				F4BC577D1BF9701B003944F3 /* SystemConfiguration.framework */,
				F4F5DFD61BF6BAF500832FB2 /* libz.tbd */,
				F4EA34C4CF6A8EB507C95863 /* libPods-KalenStudyProject.a */,
				EC8ED7C20B1A28FA2E242D69 /* libPods-KalenStudyProjectTests.a */,
			);
			name = Frameworks;
			sourceTree = "<group>";
		};
		28015FB9F9A79E94CCFCA4B5 /* Pods */ = {
			isa = PBXGroup;
			children = (
				2F691761DA28C2238BFCF628 /* Pods-KalenStudyProject.debug.xcconfig */,
				B1410998BFE8C63DB2802136 /* Pods-KalenStudyProject.release.xcconfig */,
				47CAF985C4651C9F87DB8166 /* Pods-KalenStudyProjectTests.debug.xcconfig */,
				BDD5512B0737CAB75810049F /* Pods-KalenStudyProjectTests.release.xcconfig */,
			);
			name = Pods;
			sourceTree = "<group>";
		};
		F4680D761BF2F0F500C1EC76 = {
			isa = PBXGroup;
			children = (
				F4680D811BF2F0F500C1EC76 /* KalenStudyProject */,
				F4680D9B1BF2F0F500C1EC76 /* KalenStudyProjectTests */,
				F4680DA61BF2F0F500C1EC76 /* KalenStudyProjectUITests */,
				F4680D801BF2F0F500C1EC76 /* Products */,
				28015FB9F9A79E94CCFCA4B5 /* Pods */,
				20998B82165AF7755FE88ACD /* Frameworks */,
			);
			sourceTree = "<group>";
		};
		F4680D801BF2F0F500C1EC76 /* Products */ = {
			isa = PBXGroup;
			children = (
				F4680D7F1BF2F0F500C1EC76 /* KalenStudyProject.app */,
				F4680D981BF2F0F500C1EC76 /* KalenStudyProjectTests.xctest */,
				F4680DA31BF2F0F500C1EC76 /* KalenStudyProjectUITests.xctest */,
			);
			name = Products;
			sourceTree = "<group>";
		};
		F4680D811BF2F0F500C1EC76 /* KalenStudyProject */ = {
			isa = PBXGroup;
			children = (
				F4AEF9CF1C0E97E2002EA21D /* Connection */,
				F4BC57741BF96CE8003944F3 /* UMengSocial */,
				F4F5DFD11BF6A68200832FB2 /* UMeng */,
				F4EAC96A1BF590E9000FDD28 /* AutoResizeCellHeight */,
				F4680D861BF2F0F500C1EC76 /* AppDelegate.m */,
				F4680D851BF2F0F500C1EC76 /* AppDelegate.h */,
				F4EF274D1BF46C20006365C1 /* ErrorDeposite */,
				F4EF273D1BF446FC006365C1 /* MutilDataSource */,
				F4EF27391BF446B0006365C1 /* Utility */,
				F4680DE21BF366D700C1EC76 /* UITesting */,
				F4680DE01BF3649100C1EC76 /* Guide */,
				F4680DD41BF321FD00C1EC76 /* Model */,
				F4680D8E1BF2F0F500C1EC76 /* Assets.xcassets */,
				F4680D901BF2F0F500C1EC76 /* LaunchScreen.storyboard */,
				F4680D931BF2F0F500C1EC76 /* Info.plist */,
				F4680D821BF2F0F500C1EC76 /* Supporting Files */,
				F4B233C91BFE18DB00C30745 /* Data.plist */,
			);
			path = KalenStudyProject;
			sourceTree = "<group>";
		};
		F4680D821BF2F0F500C1EC76 /* Supporting Files */ = {
			isa = PBXGroup;
			children = (
				F4680D831BF2F0F500C1EC76 /* main.m */,
			);
			name = "Supporting Files";
			sourceTree = "<group>";
		};
		F4680D9B1BF2F0F500C1EC76 /* KalenStudyProjectTests */ = {
			isa = PBXGroup;
			children = (
				F4680D9C1BF2F0F500C1EC76 /* KalenStudyProjectTests.m */,
				F4680D9E1BF2F0F500C1EC76 /* Info.plist */,
			);
			path = KalenStudyProjectTests;
			sourceTree = "<group>";
		};
		F4680DA61BF2F0F500C1EC76 /* KalenStudyProjectUITests */ = {
			isa = PBXGroup;
			children = (
				F4680DA71BF2F0F500C1EC76 /* KalenStudyProjectUITests.m */,
				F4680DA91BF2F0F500C1EC76 /* Info.plist */,
			);
			path = KalenStudyProjectUITests;
			sourceTree = "<group>";
		};
		F4680DD41BF321FD00C1EC76 /* Model */ = {
			isa = PBXGroup;
			children = (
				F4680DC41BF3177800C1EC76 /* After.h */,
				F4680DC51BF3177800C1EC76 /* After.m */,
				F4680DD11BF31E2D00C1EC76 /* Before.h */,
				F4680DD21BF31E2D00C1EC76 /* Before.m */,
			);
			path = Model;
			sourceTree = "<group>";
		};
		F4680DE01BF3649100C1EC76 /* Guide */ = {
			isa = PBXGroup;
			children = (
				F4680DDB1BF354AE00C1EC76 /* BasicCell.h */,
				F4680DDC1BF354AE00C1EC76 /* BasicCell.m */,
				F4680DDD1BF354AE00C1EC76 /* BasicCell.xib */,
				F4680DD51BF3258F00C1EC76 /* GuideDataItem.h */,
				F4680DD61BF3258F00C1EC76 /* GuideDataItem.m */,
				F4680DBA1BF2F3E200C1EC76 /* GuideViewController.h */,
				F4680DBB1BF2F3E200C1EC76 /* GuideViewController.m */,
				F4680DBC1BF2F3E200C1EC76 /* GuideViewController.xib */,
				F4AEF9E11C0EF514002EA21D /* FirstVC.h */,
				F4AEF9E21C0EF514002EA21D /* FirstVC.m */,
				F4AEF9E61C0EFAE5002EA21D /* LeftMenuVCViewController.h */,
				F4AEF9E71C0EFAE5002EA21D /* LeftMenuVCViewController.m */,
				F4AEF9E81C0EFAE5002EA21D /* LeftMenuVCViewController.xib */,
			);
			path = Guide;
			sourceTree = "<group>";
		};
		F4680DE21BF366D700C1EC76 /* UITesting */ = {
			isa = PBXGroup;
			children = (
				F4680DBF1BF2F63700C1EC76 /* UITestingVC.h */,
				F4680DC01BF2F63700C1EC76 /* UITestingVC.m */,
				F4680DC11BF2F63700C1EC76 /* UITestingVC.xib */,
			);
			path = UITesting;
			sourceTree = "<group>";
		};
		F4AEF9CF1C0E97E2002EA21D /* Connection */ = {
			isa = PBXGroup;
			children = (
				F4AEF9D01C0E985C002EA21D /* ConnectionVC.h */,
				F4AEF9D11C0E985C002EA21D /* ConnectionVC.m */,
				F4AEF9D21C0E985C002EA21D /* ConnectionVC.xib */,
				F4AEF9D91C0E9ABF002EA21D /* AnimalC.h */,
				F4AEF9DA1C0E9ABF002EA21D /* AnimalC.m */,
			);
			path = Connection;
			sourceTree = "<group>";
		};
		F4BC57211BF96AAE003944F3 /* UMSocial_Sdk_4.3 */ = {
			isa = PBXGroup;
			children = (
				F4BC57911BF97BDC003944F3 /* Sina */,
				F4BC578B1BF97BC4003944F3 /* UMSocial_ScreenShot_Sdk */,
				F4BC57491BF96C76003944F3 /* UMSocial_Sdk_Extra_Frameworks */,
				F4BC57221BF96AAE003944F3 /* UMSocialLocalizable.strings */,
				F4BC57241BF96AAE003944F3 /* Header */,
				F4BC57301BF96AAE003944F3 /* libUMSocial_Sdk_4.3.a */,
				F4BC57321BF96AAE003944F3 /* SocialSDKXib */,
				F4BC573B1BF96AAE003944F3 /* UMSocialSDKResourcesNew.bundle */,
			);
			path = UMSocial_Sdk_4.3;
			sourceTree = "<group>";
		};
		F4BC57241BF96AAE003944F3 /* Header */ = {
			isa = PBXGroup;
			children = (
				F4BC57251BF96AAE003944F3 /* UMSocial.h */,
				F4BC57261BF96AAE003944F3 /* UMSocialAccountManager.h */,
				F4BC57271BF96AAE003944F3 /* UMSocialBar.h */,
				F4BC57281BF96AAE003944F3 /* UMSocialConfig.h */,
				F4BC57291BF96AAE003944F3 /* UMSocialControllerService.h */,
				F4BC572A1BF96AAE003944F3 /* UMSocialControllerServiceComment.h */,
				F4BC572B1BF96AAE003944F3 /* UMSocialData.h */,
				F4BC572C1BF96AAE003944F3 /* UMSocialDataService.h */,
				F4BC572D1BF96AAE003944F3 /* UMSocialSnsData.h */,
				F4BC572E1BF96AAE003944F3 /* UMSocialSnsPlatformManager.h */,
				F4BC572F1BF96AAE003944F3 /* UMSocialSnsService.h */,
			);
			path = Header;
			sourceTree = "<group>";
		};
		F4BC57321BF96AAE003944F3 /* SocialSDKXib */ = {
			isa = PBXGroup;
			children = (
				F4BC57331BF96AAE003944F3 /* UMSCommentDetailController.xib */,
				F4BC57341BF96AAE003944F3 /* UMSCommentInputController.xib */,
				F4BC57351BF96AAE003944F3 /* UMSCommentInputControlleriPad.xib */,
				F4BC57361BF96AAE003944F3 /* UMShareEditViewController.xib */,
				F4BC57371BF96AAE003944F3 /* UMShareEditViewControlleriPad.xib */,
				F4BC57381BF96AAE003944F3 /* UMSLoginViewController.xib */,
				F4BC57391BF96AAE003944F3 /* UMSnsAccountViewController.xib */,
				F4BC573A1BF96AAE003944F3 /* UMSShareListController.xib */,
			);
			path = SocialSDKXib;
			sourceTree = "<group>";
		};
		F4BC57491BF96C76003944F3 /* UMSocial_Sdk_Extra_Frameworks */ = {
			isa = PBXGroup;
			children = (
				F4BC57641BF96C76003944F3 /* Wechat */,
			);
			path = UMSocial_Sdk_Extra_Frameworks;
			sourceTree = "<group>";
		};
		F4BC57641BF96C76003944F3 /* Wechat */ = {
			isa = PBXGroup;
			children = (
				F4BC57651BF96C76003944F3 /* libSocialWechat.a */,
				F4BC57661BF96C76003944F3 /* libWeChatSDK.a */,
				F4BC57671BF96C76003944F3 /* UMSocialWechatHandler.h */,
				F4BC57681BF96C76003944F3 /* WXApi.h */,
				F4BC57691BF96C76003944F3 /* WXApiObject.h */,
			);
			path = Wechat;
			sourceTree = "<group>";
		};
		F4BC57741BF96CE8003944F3 /* UMengSocial */ = {
			isa = PBXGroup;
			children = (
				F4BC57751BF96D2D003944F3 /* UMengSocialVCViewController.h */,
				F4BC57761BF96D2D003944F3 /* UMengSocialVCViewController.m */,
				F4BC57771BF96D2D003944F3 /* UMengSocialVCViewController.xib */,
			);
			path = UMengSocial;
			sourceTree = "<group>";
		};
		F4BC578B1BF97BC4003944F3 /* UMSocial_ScreenShot_Sdk */ = {
			isa = PBXGroup;
			children = (
				F4BC578C1BF97BC4003944F3 /* ios-social-sdk-shake.html */,
				F4BC578D1BF97BC4003944F3 /* libUMSocial_Sdk_ScreenShot_1.0.a */,
				F4BC578E1BF97BC4003944F3 /* UMSocialScreenShoter.h */,
			);
			path = UMSocial_ScreenShot_Sdk;
			sourceTree = "<group>";
		};
		F4BC57911BF97BDC003944F3 /* Sina */ = {
			isa = PBXGroup;
			children = (
				F4BC57921BF97BDC003944F3 /* libSocialSina.a */,
				F4BC57931BF97BDC003944F3 /* UMSocialSinaHandler.h */,
			);
			path = Sina;
			sourceTree = "<group>";
		};
		F4EAC96A1BF590E9000FDD28 /* AutoResizeCellHeight */ = {
			isa = PBXGroup;
			children = (
				F4EAC96B1BF59169000FDD28 /* AutoResizeCellHeightVC.h */,
				F4EAC96C1BF59169000FDD28 /* AutoResizeCellHeightVC.m */,
				F4EAC96D1BF59169000FDD28 /* AutoResizeCellHeightVC.xib */,
			);
			path = AutoResizeCellHeight;
			sourceTree = "<group>";
		};
		F4EF27391BF446B0006365C1 /* Utility */ = {
			isa = PBXGroup;
			children = (
				F4EF273A1BF446B0006365C1 /* DataUtil.h */,
				F4EF273B1BF446B0006365C1 /* DataUtil.m */,
				F4BC577A1BF96E1E003944F3 /* Constants.h */,
				F4BC577B1BF96E1E003944F3 /* Constants.m */,
			);
			path = Utility;
			sourceTree = "<group>";
		};
		F4EF273D1BF446FC006365C1 /* MutilDataSource */ = {
			isa = PBXGroup;
			children = (
				F4EF273E1BF446FC006365C1 /* CustomCellOne.h */,
				F4EF273F1BF446FC006365C1 /* CustomCellOne.m */,
				F4EF27401BF446FC006365C1 /* CustomCellOne.xib */,
				F4EF27411BF446FC006365C1 /* CustomCellTwo.h */,
				F4EF27421BF446FC006365C1 /* CustomCellTwo.m */,
				F4EF27431BF446FC006365C1 /* CustomCellTwo.xib */,
				F4EF27441BF446FC006365C1 /* MutilDataSource.h */,
				F4EF27451BF446FC006365C1 /* MutilDataSource.m */,
				F4EF27461BF446FC006365C1 /* MutilDataSource.xib */,
			);
			path = MutilDataSource;
			sourceTree = "<group>";
		};
		F4EF274D1BF46C20006365C1 /* ErrorDeposite */ = {
			isa = PBXGroup;
			children = (
				F4EF274E1BF46CBD006365C1 /* ErrorDepositeViewController.h */,
				F4EF274F1BF46CBD006365C1 /* ErrorDepositeViewController.m */,
				F4EF27501BF46CBD006365C1 /* ErrorDepositeViewController.xib */,
				F4E30EF61BFC4D590076DE60 /* Animal.h */,
				F4E30EF71BFC4D590076DE60 /* Animal.m */,
			);
			path = ErrorDeposite;
			sourceTree = "<group>";
		};
		F4F5DFD11BF6A68200832FB2 /* UMeng */ = {
			isa = PBXGroup;
			children = (
				F4BC57211BF96AAE003944F3 /* UMSocial_Sdk_4.3 */,
				F4F5DFD21BF6A6AD00832FB2 /* libMobClickLibrary.a */,
				F4F5DFD31BF6A6AD00832FB2 /* MobClick.h */,
				F4F5DFD41BF6A6AD00832FB2 /* MobClickSocialAnalytics.h */,
			);
			path = UMeng;
			sourceTree = "<group>";
		};
/* End PBXGroup section */

/* Begin PBXNativeTarget section */
		F4680D7E1BF2F0F500C1EC76 /* KalenStudyProject */ = {
			isa = PBXNativeTarget;
			buildConfigurationList = F4680DAC1BF2F0F500C1EC76 /* Build configuration list for PBXNativeTarget "KalenStudyProject" */;
			buildPhases = (
				B5CFF9D144457AAC5F3E0299 /* Check Pods Manifest.lock */,
				F4680D7B1BF2F0F500C1EC76 /* Sources */,
				F4680D7C1BF2F0F500C1EC76 /* Frameworks */,
				F4680D7D1BF2F0F500C1EC76 /* Resources */,
				E97FBE6DE4C168E2F73A4C01 /* Embed Pods Frameworks */,
				DE4D57DE630EC6C980E73392 /* Copy Pods Resources */,
			);
			buildRules = (
			);
			dependencies = (
			);
			name = KalenStudyProject;
			productName = KalenStudyProject;
			productReference = F4680D7F1BF2F0F500C1EC76 /* KalenStudyProject.app */;
			productType = "com.apple.product-type.application";
		};
		F4680D971BF2F0F500C1EC76 /* KalenStudyProjectTests */ = {
			isa = PBXNativeTarget;
			buildConfigurationList = F4680DAF1BF2F0F500C1EC76 /* Build configuration list for PBXNativeTarget "KalenStudyProjectTests" */;
			buildPhases = (
				7C07F9C0F36F8603F3F775C0 /* Check Pods Manifest.lock */,
				F4680D941BF2F0F500C1EC76 /* Sources */,
				F4680D951BF2F0F500C1EC76 /* Frameworks */,
				F4680D961BF2F0F500C1EC76 /* Resources */,
				AF69BF744883D1752A531A4D /* Embed Pods Frameworks */,
				C4398F598ADDFD31C5442B67 /* Copy Pods Resources */,
			);
			buildRules = (
			);
			dependencies = (
				F4680D9A1BF2F0F500C1EC76 /* PBXTargetDependency */,
			);
			name = KalenStudyProjectTests;
			productName = KalenStudyProjectTests;
			productReference = F4680D981BF2F0F500C1EC76 /* KalenStudyProjectTests.xctest */;
			productType = "com.apple.product-type.bundle.unit-test";
		};
		F4680DA21BF2F0F500C1EC76 /* KalenStudyProjectUITests */ = {
			isa = PBXNativeTarget;
			buildConfigurationList = F4680DB21BF2F0F500C1EC76 /* Build configuration list for PBXNativeTarget "KalenStudyProjectUITests" */;
			buildPhases = (
				F4680D9F1BF2F0F500C1EC76 /* Sources */,
				F4680DA01BF2F0F500C1EC76 /* Frameworks */,
				F4680DA11BF2F0F500C1EC76 /* Resources */,
			);
			buildRules = (
			);
			dependencies = (
				F4680DA51BF2F0F500C1EC76 /* PBXTargetDependency */,
			);
			name = KalenStudyProjectUITests;
			productName = KalenStudyProjectUITests;
			productReference = F4680DA31BF2F0F500C1EC76 /* KalenStudyProjectUITests.xctest */;
			productType = "com.apple.product-type.bundle.ui-testing";
		};
/* End PBXNativeTarget section */

/* Begin PBXProject section */
		F4680D771BF2F0F500C1EC76 /* Project object */ = {
			isa = PBXProject;
			attributes = {
				LastUpgradeCheck = 0710;
				ORGANIZATIONNAME = kalen;
				TargetAttributes = {
					F4680D7E1BF2F0F500C1EC76 = {
						CreatedOnToolsVersion = 7.1;
					};
					F4680D971BF2F0F500C1EC76 = {
						CreatedOnToolsVersion = 7.1;
						TestTargetID = F4680D7E1BF2F0F500C1EC76;
					};
					F4680DA21BF2F0F500C1EC76 = {
						CreatedOnToolsVersion = 7.1;
						TestTargetID = F4680D7E1BF2F0F500C1EC76;
					};
				};
			};
			buildConfigurationList = F4680D7A1BF2F0F500C1EC76 /* Build configuration list for PBXProject "KalenStudyProject" */;
			compatibilityVersion = "Xcode 3.2";
			developmentRegion = English;
			hasScannedForEncodings = 0;
			knownRegions = (
				en,
				Base,
				"zh-Hans",
			);
			mainGroup = F4680D761BF2F0F500C1EC76;
			productRefGroup = F4680D801BF2F0F500C1EC76 /* Products */;
			projectDirPath = "";
			projectRoot = "";
			targets = (
				F4680D7E1BF2F0F500C1EC76 /* KalenStudyProject */,
				F4680D971BF2F0F500C1EC76 /* KalenStudyProjectTests */,
				F4680DA21BF2F0F500C1EC76 /* KalenStudyProjectUITests */,
			);
		};
/* End PBXProject section */

/* Begin PBXResourcesBuildPhase section */
		F4680D7D1BF2F0F500C1EC76 /* Resources */ = {
			isa = PBXResourcesBuildPhase;
			buildActionMask = 2147483647;
			files = (
				F4AEF9EA1C0EFAE5002EA21D /* LeftMenuVCViewController.xib in Resources */,
				F4BC573D1BF96AAE003944F3 /* UMSocialLocalizable.strings in Resources */,
				F4EAC96F1BF59169000FDD28 /* AutoResizeCellHeightVC.xib in Resources */,
				F4680DDF1BF354AE00C1EC76 /* BasicCell.xib in Resources */,
				F4EF27521BF46CBD006365C1 /* ErrorDepositeViewController.xib in Resources */,
				F4680DBE1BF2F3E200C1EC76 /* GuideViewController.xib in Resources */,
				F4EF274C1BF446FC006365C1 /* MutilDataSource.xib in Resources */,
				F4BC57401BF96AAE003944F3 /* UMSCommentDetailController.xib in Resources */,
				F4BC578F1BF97BC4003944F3 /* ios-social-sdk-shake.html in Resources */,
				F4BC57461BF96AAE003944F3 /* UMSnsAccountViewController.xib in Resources */,
				F4680D921BF2F0F500C1EC76 /* LaunchScreen.storyboard in Resources */,
				F4BC57451BF96AAE003944F3 /* UMSLoginViewController.xib in Resources */,
				F4BC57411BF96AAE003944F3 /* UMSCommentInputController.xib in Resources */,
				F4680DC31BF2F63700C1EC76 /* UITestingVC.xib in Resources */,
				F4BC57421BF96AAE003944F3 /* UMSCommentInputControlleriPad.xib in Resources */,
				F4BC57471BF96AAE003944F3 /* UMSShareListController.xib in Resources */,
				F4BC57481BF96AAE003944F3 /* UMSocialSDKResourcesNew.bundle in Resources */,
				F4EF274A1BF446FC006365C1 /* CustomCellTwo.xib in Resources */,
				F4680D8F1BF2F0F500C1EC76 /* Assets.xcassets in Resources */,
				F4AEF9D61C0E985C002EA21D /* ConnectionVC.xib in Resources */,
				F4EF27481BF446FC006365C1 /* CustomCellOne.xib in Resources */,
				F4BC57441BF96AAE003944F3 /* UMShareEditViewControlleriPad.xib in Resources */,
				F4BC57431BF96AAE003944F3 /* UMShareEditViewController.xib in Resources */,
				F4BC57791BF96D2D003944F3 /* UMengSocialVCViewController.xib in Resources */,
				F4B233CA1BFE18DB00C30745 /* Data.plist in Resources */,
			);
			runOnlyForDeploymentPostprocessing = 0;
		};
		F4680D961BF2F0F500C1EC76 /* Resources */ = {
			isa = PBXResourcesBuildPhase;
			buildActionMask = 2147483647;
			files = (
				F4AEF9D71C0E985C002EA21D /* ConnectionVC.xib in Resources */,
			);
			runOnlyForDeploymentPostprocessing = 0;
		};
		F4680DA11BF2F0F500C1EC76 /* Resources */ = {
			isa = PBXResourcesBuildPhase;
			buildActionMask = 2147483647;
			files = (
				F4AEF9D81C0E985C002EA21D /* ConnectionVC.xib in Resources */,
			);
			runOnlyForDeploymentPostprocessing = 0;
		};
/* End PBXResourcesBuildPhase section */

/* Begin PBXShellScriptBuildPhase section */
		7C07F9C0F36F8603F3F775C0 /* Check Pods Manifest.lock */ = {
			isa = PBXShellScriptBuildPhase;
			buildActionMask = 2147483647;
			files = (
			);
			inputPaths = (
			);
			name = "Check Pods Manifest.lock";
			outputPaths = (
			);
			runOnlyForDeploymentPostprocessing = 0;
			shellPath = /bin/sh;
			shellScript = "diff \"${PODS_ROOT}/../Podfile.lock\" \"${PODS_ROOT}/Manifest.lock\" > /dev/null\nif [[ $? != 0 ]] ; then\n    cat << EOM\nerror: The sandbox is not in sync with the Podfile.lock. Run 'pod install' or update your CocoaPods installation.\nEOM\n    exit 1\nfi\n";
			showEnvVarsInLog = 0;
		};
		AF69BF744883D1752A531A4D /* Embed Pods Frameworks */ = {
			isa = PBXShellScriptBuildPhase;
			buildActionMask = 2147483647;
			files = (
			);
			inputPaths = (
			);
			name = "Embed Pods Frameworks";
			outputPaths = (
			);
			runOnlyForDeploymentPostprocessing = 0;
			shellPath = /bin/sh;
			shellScript = "\"${SRCROOT}/Pods/Target Support Files/Pods-KalenStudyProjectTests/Pods-KalenStudyProjectTests-frameworks.sh\"\n";
			showEnvVarsInLog = 0;
		};
		B5CFF9D144457AAC5F3E0299 /* Check Pods Manifest.lock */ = {
			isa = PBXShellScriptBuildPhase;
			buildActionMask = 2147483647;
			files = (
			);
			inputPaths = (
			);
			name = "Check Pods Manifest.lock";
			outputPaths = (
			);
			runOnlyForDeploymentPostprocessing = 0;
			shellPath = /bin/sh;
			shellScript = "diff \"${PODS_ROOT}/../Podfile.lock\" \"${PODS_ROOT}/Manifest.lock\" > /dev/null\nif [[ $? != 0 ]] ; then\n    cat << EOM\nerror: The sandbox is not in sync with the Podfile.lock. Run 'pod install' or update your CocoaPods installation.\nEOM\n    exit 1\nfi\n";
			showEnvVarsInLog = 0;
		};
		C4398F598ADDFD31C5442B67 /* Copy Pods Resources */ = {
			isa = PBXShellScriptBuildPhase;
			buildActionMask = 2147483647;
			files = (
			);
			inputPaths = (
			);
			name = "Copy Pods Resources";
			outputPaths = (
			);
			runOnlyForDeploymentPostprocessing = 0;
			shellPath = /bin/sh;
			shellScript = "\"${SRCROOT}/Pods/Target Support Files/Pods-KalenStudyProjectTests/Pods-KalenStudyProjectTests-resources.sh\"\n";
			showEnvVarsInLog = 0;
		};
		DE4D57DE630EC6C980E73392 /* Copy Pods Resources */ = {
			isa = PBXShellScriptBuildPhase;
			buildActionMask = 2147483647;
			files = (
			);
			inputPaths = (
			);
			name = "Copy Pods Resources";
			outputPaths = (
			);
			runOnlyForDeploymentPostprocessing = 0;
			shellPath = /bin/sh;
			shellScript = "\"${SRCROOT}/Pods/Target Support Files/Pods-KalenStudyProject/Pods-KalenStudyProject-resources.sh\"\n";
			showEnvVarsInLog = 0;
		};
		E97FBE6DE4C168E2F73A4C01 /* Embed Pods Frameworks */ = {
			isa = PBXShellScriptBuildPhase;
			buildActionMask = 2147483647;
			files = (
			);
			inputPaths = (
			);
			name = "Embed Pods Frameworks";
			outputPaths = (
			);
			runOnlyForDeploymentPostprocessing = 0;
			shellPath = /bin/sh;
			shellScript = "\"${SRCROOT}/Pods/Target Support Files/Pods-KalenStudyProject/Pods-KalenStudyProject-frameworks.sh\"\n";
			showEnvVarsInLog = 0;
		};
/* End PBXShellScriptBuildPhase section */

/* Begin PBXSourcesBuildPhase section */
		F4680D7B1BF2F0F500C1EC76 /* Sources */ = {
			isa = PBXSourcesBuildPhase;
			buildActionMask = 2147483647;
			files = (
				F4AEF9D31C0E985C002EA21D /* ConnectionVC.m in Sources */,
				F4AEF9E31C0EF514002EA21D /* FirstVC.m in Sources */,
				F4680DD31BF31E2D00C1EC76 /* Before.m in Sources */,
				F4EF27471BF446FC006365C1 /* CustomCellOne.m in Sources */,
				F4EF273C1BF446B0006365C1 /* DataUtil.m in Sources */,
				F4BC577C1BF96E1E003944F3 /* Constants.m in Sources */,
				F4680DC61BF3177800C1EC76 /* After.m in Sources */,
				F4680DC21BF2F63700C1EC76 /* UITestingVC.m in Sources */,
				F4680DBD1BF2F3E200C1EC76 /* GuideViewController.m in Sources */,
				F4AEF9DB1C0E9ABF002EA21D /* AnimalC.m in Sources */,
				F4AEF9E91C0EFAE5002EA21D /* LeftMenuVCViewController.m in Sources */,
				F4EF274B1BF446FC006365C1 /* MutilDataSource.m in Sources */,
				F4BC57781BF96D2D003944F3 /* UMengSocialVCViewController.m in Sources */,
				F4E30EF81BFC4D590076DE60 /* Animal.m in Sources */,
				F4680D871BF2F0F500C1EC76 /* AppDelegate.m in Sources */,
				F4EAC96E1BF59169000FDD28 /* AutoResizeCellHeightVC.m in Sources */,
				F4680D841BF2F0F500C1EC76 /* main.m in Sources */,
				F4EF27511BF46CBD006365C1 /* ErrorDepositeViewController.m in Sources */,
				F4680DDE1BF354AE00C1EC76 /* BasicCell.m in Sources */,
				F4EF27491BF446FC006365C1 /* CustomCellTwo.m in Sources */,
				F4680DD71BF3258F00C1EC76 /* GuideDataItem.m in Sources */,
			);
			runOnlyForDeploymentPostprocessing = 0;
		};
		F4680D941BF2F0F500C1EC76 /* Sources */ = {
			isa = PBXSourcesBuildPhase;
			buildActionMask = 2147483647;
			files = (
				F4AEF9DC1C0E9ABF002EA21D /* AnimalC.m in Sources */,
				F4AEF9D41C0E985C002EA21D /* ConnectionVC.m in Sources */,
				F4680D9D1BF2F0F500C1EC76 /* KalenStudyProjectTests.m in Sources */,
			);
			runOnlyForDeploymentPostprocessing = 0;
		};
		F4680D9F1BF2F0F500C1EC76 /* Sources */ = {
			isa = PBXSourcesBuildPhase;
			buildActionMask = 2147483647;
			files = (
				F4AEF9DD1C0E9ABF002EA21D /* AnimalC.m in Sources */,
				F4AEF9D51C0E985C002EA21D /* ConnectionVC.m in Sources */,
				F4680DA81BF2F0F500C1EC76 /* KalenStudyProjectUITests.m in Sources */,
			);
			runOnlyForDeploymentPostprocessing = 0;
		};
/* End PBXSourcesBuildPhase section */

/* Begin PBXTargetDependency section */
		F4680D9A1BF2F0F500C1EC76 /* PBXTargetDependency */ = {
			isa = PBXTargetDependency;
			target = F4680D7E1BF2F0F500C1EC76 /* KalenStudyProject */;
			targetProxy = F4680D991BF2F0F500C1EC76 /* PBXContainerItemProxy */;
		};
		F4680DA51BF2F0F500C1EC76 /* PBXTargetDependency */ = {
			isa = PBXTargetDependency;
			target = F4680D7E1BF2F0F500C1EC76 /* KalenStudyProject */;
			targetProxy = F4680DA41BF2F0F500C1EC76 /* PBXContainerItemProxy */;
		};
/* End PBXTargetDependency section */

/* Begin PBXVariantGroup section */
		F4680D901BF2F0F500C1EC76 /* LaunchScreen.storyboard */ = {
			isa = PBXVariantGroup;
			children = (
				F4680D911BF2F0F500C1EC76 /* Base */,
			);
			name = LaunchScreen.storyboard;
			sourceTree = "<group>";
		};
		F4BC57221BF96AAE003944F3 /* UMSocialLocalizable.strings */ = {
			isa = PBXVariantGroup;
			children = (
				F4BC57231BF96AAE003944F3 /* en */,
				F4BC573C1BF96AAE003944F3 /* zh-Hans */,
			);
			name = UMSocialLocalizable.strings;
			sourceTree = "<group>";
		};
/* End PBXVariantGroup section */

/* Begin XCBuildConfiguration section */
		F4680DAA1BF2F0F500C1EC76 /* Debug */ = {
			isa = XCBuildConfiguration;
			buildSettings = {
				ALWAYS_SEARCH_USER_PATHS = NO;
				CLANG_CXX_LANGUAGE_STANDARD = "gnu++0x";
				CLANG_CXX_LIBRARY = "libc++";
				CLANG_ENABLE_MODULES = YES;
				CLANG_ENABLE_OBJC_ARC = YES;
				CLANG_WARN_BOOL_CONVERSION = YES;
				CLANG_WARN_CONSTANT_CONVERSION = YES;
				CLANG_WARN_DIRECT_OBJC_ISA_USAGE = YES_ERROR;
				CLANG_WARN_EMPTY_BODY = YES;
				CLANG_WARN_ENUM_CONVERSION = YES;
				CLANG_WARN_INT_CONVERSION = YES;
				CLANG_WARN_OBJC_ROOT_CLASS = YES_ERROR;
				CLANG_WARN_UNREACHABLE_CODE = YES;
				CLANG_WARN__DUPLICATE_METHOD_MATCH = YES;
				"CODE_SIGN_IDENTITY[sdk=iphoneos*]" = "iPhone Developer";
				COPY_PHASE_STRIP = NO;
				DEBUG_INFORMATION_FORMAT = dwarf;
				ENABLE_STRICT_OBJC_MSGSEND = YES;
				ENABLE_TESTABILITY = YES;
				GCC_C_LANGUAGE_STANDARD = gnu99;
				GCC_DYNAMIC_NO_PIC = NO;
				GCC_NO_COMMON_BLOCKS = YES;
				GCC_OPTIMIZATION_LEVEL = 0;
				GCC_PREPROCESSOR_DEFINITIONS = (
					"DEBUG=1",
					"$(inherited)",
				);
				GCC_WARN_64_TO_32_BIT_CONVERSION = YES;
				GCC_WARN_ABOUT_RETURN_TYPE = YES_ERROR;
				GCC_WARN_UNDECLARED_SELECTOR = YES;
				GCC_WARN_UNINITIALIZED_AUTOS = YES_AGGRESSIVE;
				GCC_WARN_UNUSED_FUNCTION = YES;
				GCC_WARN_UNUSED_VARIABLE = YES;
				IPHONEOS_DEPLOYMENT_TARGET = 9.1;
				MTL_ENABLE_DEBUG_INFO = YES;
				ONLY_ACTIVE_ARCH = YES;
				SDKROOT = iphoneos;
			};
			name = Debug;
		};
		F4680DAB1BF2F0F500C1EC76 /* Release */ = {
			isa = XCBuildConfiguration;
			buildSettings = {
				ALWAYS_SEARCH_USER_PATHS = NO;
				CLANG_CXX_LANGUAGE_STANDARD = "gnu++0x";
				CLANG_CXX_LIBRARY = "libc++";
				CLANG_ENABLE_MODULES = YES;
				CLANG_ENABLE_OBJC_ARC = YES;
				CLANG_WARN_BOOL_CONVERSION = YES;
				CLANG_WARN_CONSTANT_CONVERSION = YES;
				CLANG_WARN_DIRECT_OBJC_ISA_USAGE = YES_ERROR;
				CLANG_WARN_EMPTY_BODY = YES;
				CLANG_WARN_ENUM_CONVERSION = YES;
				CLANG_WARN_INT_CONVERSION = YES;
				CLANG_WARN_OBJC_ROOT_CLASS = YES_ERROR;
				CLANG_WARN_UNREACHABLE_CODE = YES;
				CLANG_WARN__DUPLICATE_METHOD_MATCH = YES;
				"CODE_SIGN_IDENTITY[sdk=iphoneos*]" = "iPhone Developer";
				COPY_PHASE_STRIP = NO;
				DEBUG_INFORMATION_FORMAT = "dwarf-with-dsym";
				ENABLE_NS_ASSERTIONS = NO;
				ENABLE_STRICT_OBJC_MSGSEND = YES;
				GCC_C_LANGUAGE_STANDARD = gnu99;
				GCC_NO_COMMON_BLOCKS = YES;
				GCC_WARN_64_TO_32_BIT_CONVERSION = YES;
				GCC_WARN_ABOUT_RETURN_TYPE = YES_ERROR;
				GCC_WARN_UNDECLARED_SELECTOR = YES;
				GCC_WARN_UNINITIALIZED_AUTOS = YES_AGGRESSIVE;
				GCC_WARN_UNUSED_FUNCTION = YES;
				GCC_WARN_UNUSED_VARIABLE = YES;
				IPHONEOS_DEPLOYMENT_TARGET = 9.1;
				MTL_ENABLE_DEBUG_INFO = NO;
				SDKROOT = iphoneos;
				VALIDATE_PRODUCT = YES;
			};
			name = Release;
		};
		F4680DAD1BF2F0F500C1EC76 /* Debug */ = {
			isa = XCBuildConfiguration;
			baseConfigurationReference = 2F691761DA28C2238BFCF628 /* Pods-KalenStudyProject.debug.xcconfig */;
			buildSettings = {
				ASSETCATALOG_COMPILER_APPICON_NAME = AppIcon;
				ENABLE_BITCODE = NO;
				INFOPLIST_FILE = KalenStudyProject/Info.plist;
				LD_RUNPATH_SEARCH_PATHS = "$(inherited) @executable_path/Frameworks";
				LIBRARY_SEARCH_PATHS = (
					"$(inherited)",
					"$(PROJECT_DIR)/KalenStudyProject/UMeng",
					"$(PROJECT_DIR)/KalenStudyProject/UMeng/UMSocial_Sdk_4.3",
					"$(PROJECT_DIR)/KalenStudyProject/UMeng/UMSocial_Sdk_4.3/UMSocial_Sdk_Extra_Frameworks/Sina",
					"$(PROJECT_DIR)/KalenStudyProject/UMeng/UMSocial_Sdk_4.3/UMSocial_Sdk_Extra_Frameworks/SinaSSO",
					"$(PROJECT_DIR)/KalenStudyProject/UMeng/UMSocial_Sdk_4.3/UMSocial_Sdk_Extra_Frameworks/UMSocial_ScreenShot_Sdk",
					"$(PROJECT_DIR)/KalenStudyProject/UMeng/UMSocial_Sdk_4.3/UMSocial_Sdk_Extra_Frameworks/UMSocial_Shake_Sdk",
					"$(PROJECT_DIR)/KalenStudyProject/UMeng/UMSocial_Sdk_4.3/UMSocial_Sdk_Extra_Frameworks/Wechat",
					"$(PROJECT_DIR)/KalenStudyProject/UMeng/UMSocial_Sdk_4.3/UMSocial_ScreenShot_Sdk",
					"$(PROJECT_DIR)/KalenStudyProject/UMeng/UMSocial_Sdk_4.3/Sina",
				);
				PRODUCT_BUNDLE_IDENTIFIER = kalen.KalenStudyProject;
				PRODUCT_NAME = "$(TARGET_NAME)";
			};
			name = Debug;
		};
		F4680DAE1BF2F0F500C1EC76 /* Release */ = {
			isa = XCBuildConfiguration;
			baseConfigurationReference = B1410998BFE8C63DB2802136 /* Pods-KalenStudyProject.release.xcconfig */;
			buildSettings = {
				ASSETCATALOG_COMPILER_APPICON_NAME = AppIcon;
				ENABLE_BITCODE = NO;
				INFOPLIST_FILE = KalenStudyProject/Info.plist;
				LD_RUNPATH_SEARCH_PATHS = "$(inherited) @executable_path/Frameworks";
				LIBRARY_SEARCH_PATHS = (
					"$(inherited)",
					"$(PROJECT_DIR)/KalenStudyProject/UMeng",
					"$(PROJECT_DIR)/KalenStudyProject/UMeng/UMSocial_Sdk_4.3",
					"$(PROJECT_DIR)/KalenStudyProject/UMeng/UMSocial_Sdk_4.3/UMSocial_Sdk_Extra_Frameworks/Sina",
					"$(PROJECT_DIR)/KalenStudyProject/UMeng/UMSocial_Sdk_4.3/UMSocial_Sdk_Extra_Frameworks/SinaSSO",
					"$(PROJECT_DIR)/KalenStudyProject/UMeng/UMSocial_Sdk_4.3/UMSocial_Sdk_Extra_Frameworks/UMSocial_ScreenShot_Sdk",
					"$(PROJECT_DIR)/KalenStudyProject/UMeng/UMSocial_Sdk_4.3/UMSocial_Sdk_Extra_Frameworks/UMSocial_Shake_Sdk",
					"$(PROJECT_DIR)/KalenStudyProject/UMeng/UMSocial_Sdk_4.3/UMSocial_Sdk_Extra_Frameworks/Wechat",
					"$(PROJECT_DIR)/KalenStudyProject/UMeng/UMSocial_Sdk_4.3/UMSocial_ScreenShot_Sdk",
					"$(PROJECT_DIR)/KalenStudyProject/UMeng/UMSocial_Sdk_4.3/Sina",
				);
				PRODUCT_BUNDLE_IDENTIFIER = kalen.KalenStudyProject;
				PRODUCT_NAME = "$(TARGET_NAME)";
			};
			name = Release;
		};
		F4680DB01BF2F0F500C1EC76 /* Debug */ = {
			isa = XCBuildConfiguration;
			baseConfigurationReference = 47CAF985C4651C9F87DB8166 /* Pods-KalenStudyProjectTests.debug.xcconfig */;
			buildSettings = {
				BUNDLE_LOADER = "$(TEST_HOST)";
				INFOPLIST_FILE = KalenStudyProjectTests/Info.plist;
				LD_RUNPATH_SEARCH_PATHS = "$(inherited) @executable_path/Frameworks @loader_path/Frameworks";
				PRODUCT_BUNDLE_IDENTIFIER = kalen.KalenStudyProjectTests;
				PRODUCT_NAME = "$(TARGET_NAME)";
				TEST_HOST = "$(BUILT_PRODUCTS_DIR)/KalenStudyProject.app/KalenStudyProject";
			};
			name = Debug;
		};
		F4680DB11BF2F0F500C1EC76 /* Release */ = {
			isa = XCBuildConfiguration;
			baseConfigurationReference = BDD5512B0737CAB75810049F /* Pods-KalenStudyProjectTests.release.xcconfig */;
			buildSettings = {
				BUNDLE_LOADER = "$(TEST_HOST)";
				INFOPLIST_FILE = KalenStudyProjectTests/Info.plist;
				LD_RUNPATH_SEARCH_PATHS = "$(inherited) @executable_path/Frameworks @loader_path/Frameworks";
				PRODUCT_BUNDLE_IDENTIFIER = kalen.KalenStudyProjectTests;
				PRODUCT_NAME = "$(TARGET_NAME)";
				TEST_HOST = "$(BUILT_PRODUCTS_DIR)/KalenStudyProject.app/KalenStudyProject";
			};
			name = Release;
		};
		F4680DB31BF2F0F500C1EC76 /* Debug */ = {
			isa = XCBuildConfiguration;
			buildSettings = {
				INFOPLIST_FILE = KalenStudyProjectUITests/Info.plist;
				LD_RUNPATH_SEARCH_PATHS = "$(inherited) @executable_path/Frameworks @loader_path/Frameworks";
				PRODUCT_BUNDLE_IDENTIFIER = kalen.KalenStudyProjectUITests;
				PRODUCT_NAME = "$(TARGET_NAME)";
				TEST_TARGET_NAME = KalenStudyProject;
				USES_XCTRUNNER = YES;
			};
			name = Debug;
		};
		F4680DB41BF2F0F500C1EC76 /* Release */ = {
			isa = XCBuildConfiguration;
			buildSettings = {
				INFOPLIST_FILE = KalenStudyProjectUITests/Info.plist;
				LD_RUNPATH_SEARCH_PATHS = "$(inherited) @executable_path/Frameworks @loader_path/Frameworks";
				PRODUCT_BUNDLE_IDENTIFIER = kalen.KalenStudyProjectUITests;
				PRODUCT_NAME = "$(TARGET_NAME)";
				TEST_TARGET_NAME = KalenStudyProject;
				USES_XCTRUNNER = YES;
			};
			name = Release;
		};
/* End XCBuildConfiguration section */

/* Begin XCConfigurationList section */
		F4680D7A1BF2F0F500C1EC76 /* Build configuration list for PBXProject "KalenStudyProject" */ = {
			isa = XCConfigurationList;
			buildConfigurations = (
				F4680DAA1BF2F0F500C1EC76 /* Debug */,
				F4680DAB1BF2F0F500C1EC76 /* Release */,
			);
			defaultConfigurationIsVisible = 0;
			defaultConfigurationName = Release;
		};
		F4680DAC1BF2F0F500C1EC76 /* Build configuration list for PBXNativeTarget "KalenStudyProject" */ = {
			isa = XCConfigurationList;
			buildConfigurations = (
				F4680DAD1BF2F0F500C1EC76 /* Debug */,
				F4680DAE1BF2F0F500C1EC76 /* Release */,
			);
			defaultConfigurationIsVisible = 0;
			defaultConfigurationName = Release;
		};
		F4680DAF1BF2F0F500C1EC76 /* Build configuration list for PBXNativeTarget "KalenStudyProjectTests" */ = {
			isa = XCConfigurationList;
			buildConfigurations = (
				F4680DB01BF2F0F500C1EC76 /* Debug */,
				F4680DB11BF2F0F500C1EC76 /* Release */,
			);
			defaultConfigurationIsVisible = 0;
			defaultConfigurationName = Release;
		};
		F4680DB21BF2F0F500C1EC76 /* Build configuration list for PBXNativeTarget "KalenStudyProjectUITests" */ = {
			isa = XCConfigurationList;
			buildConfigurations = (
				F4680DB31BF2F0F500C1EC76 /* Debug */,
				F4680DB41BF2F0F500C1EC76 /* Release */,
			);
			defaultConfigurationIsVisible = 0;
			defaultConfigurationName = Release;
		};
/* End XCConfigurationList section */
	};
	rootObject = F4680D771BF2F0F500C1EC76 /* Project object */;
}
