// !$*UTF8*$!
{
	archiveVersion = 1;
	classes = {
	};
	objectVersion = 46;
	objects = {

/* Begin PBXBuildFile section */
		8A36B18DEE10B3A8B9ED5E12 /* libPods-YPJGFruit.a in Frameworks */ = {isa = PBXBuildFile; fileRef = E51A8EAA268AE3F9FA0D8552 /* libPods-YPJGFruit.a */; };
		F40E7D8B1B80AC470059D5C3 /* KalenTabBarC.m in Sources */ = {isa = PBXBuildFile; fileRef = F40E7D871B80AC470059D5C3 /* KalenTabBarC.m */; };
		F40E7D8C1B80AC470059D5C3 /* TabBarBgvView.m in Sources */ = {isa = PBXBuildFile; fileRef = F40E7D891B80AC470059D5C3 /* TabBarBgvView.m */; };
		F40E7D8D1B80AC470059D5C3 /* TabBarBgView.xib in Resources */ = {isa = PBXBuildFile; fileRef = F40E7D8A1B80AC470059D5C3 /* TabBarBgView.xib */; };
		F40E7D931B80B05F0059D5C3 /* TRMessage.m in Sources */ = {isa = PBXBuildFile; fileRef = F40E7D901B80B05F0059D5C3 /* TRMessage.m */; };
		F40E7D941B80B05F0059D5C3 /* TRMessageCell.m in Sources */ = {isa = PBXBuildFile; fileRef = F40E7D921B80B05F0059D5C3 /* TRMessageCell.m */; };
		F40E7DBB1B80C26E0059D5C3 /* MessageVC.m in Sources */ = {isa = PBXBuildFile; fileRef = F40E7DB91B80C26E0059D5C3 /* MessageVC.m */; };
		F40E7DBC1B80C26E0059D5C3 /* MessageVC.xib in Resources */ = {isa = PBXBuildFile; fileRef = F40E7DBA1B80C26E0059D5C3 /* MessageVC.xib */; };
		F40E7DBF1B80CD730059D5C3 /* MVC.m in Sources */ = {isa = PBXBuildFile; fileRef = F40E7DBE1B80CD730059D5C3 /* MVC.m */; };
		F42116BF1BFF072300436A70 /* ProductListInType.m in Sources */ = {isa = PBXBuildFile; fileRef = F42116BE1BFF072300436A70 /* ProductListInType.m */; };
		F42116C21BFF090D00436A70 /* FruitInfoModel.m in Sources */ = {isa = PBXBuildFile; fileRef = F42116C11BFF090D00436A70 /* FruitInfoModel.m */; };
		F42116C51BFF0A4F00436A70 /* ProductListResponse.m in Sources */ = {isa = PBXBuildFile; fileRef = F42116C41BFF0A4F00436A70 /* ProductListResponse.m */; };
		F447F5D41C29421100733E8E /* WebViewVC.m in Sources */ = {isa = PBXBuildFile; fileRef = F447F5D21C29421100733E8E /* WebViewVC.m */; };
		F447F5D51C29421100733E8E /* WebViewVC.xib in Resources */ = {isa = PBXBuildFile; fileRef = F447F5D31C29421100733E8E /* WebViewVC.xib */; };
		F45BF18A1BF83C4C00D28ADE /* YPDataRequest.m in Sources */ = {isa = PBXBuildFile; fileRef = F45BF1891BF83C4C00D28ADE /* YPDataRequest.m */; };
		F45BF1901BF84C4200D28ADE /* YPResponse.m in Sources */ = {isa = PBXBuildFile; fileRef = F45BF18F1BF84C4200D28ADE /* YPResponse.m */; };
		F45BF1961BF8543800D28ADE /* YPModel.m in Sources */ = {isa = PBXBuildFile; fileRef = F45BF1951BF8543800D28ADE /* YPModel.m */; };
		F49B61421B59D40E00EB3A5B /* main.m in Sources */ = {isa = PBXBuildFile; fileRef = F49B61411B59D40E00EB3A5B /* main.m */; };
		F49B61451B59D40E00EB3A5B /* AppDelegate.m in Sources */ = {isa = PBXBuildFile; fileRef = F49B61441B59D40E00EB3A5B /* AppDelegate.m */; };
		F49B61481B59D40E00EB3A5B /* YPJGFruit.xcdatamodeld in Sources */ = {isa = PBXBuildFile; fileRef = F49B61461B59D40E00EB3A5B /* YPJGFruit.xcdatamodeld */; };
		F49B614B1B59D40E00EB3A5B /* ViewController.m in Sources */ = {isa = PBXBuildFile; fileRef = F49B614A1B59D40E00EB3A5B /* ViewController.m */; };
		F49B614E1B59D40E00EB3A5B /* Main.storyboard in Resources */ = {isa = PBXBuildFile; fileRef = F49B614C1B59D40E00EB3A5B /* Main.storyboard */; };
		F49B61501B59D40E00EB3A5B /* Images.xcassets in Resources */ = {isa = PBXBuildFile; fileRef = F49B614F1B59D40E00EB3A5B /* Images.xcassets */; };
		F49B61531B59D40E00EB3A5B /* LaunchScreen.xib in Resources */ = {isa = PBXBuildFile; fileRef = F49B61511B59D40E00EB3A5B /* LaunchScreen.xib */; };
		F49B615F1B59D40E00EB3A5B /* YPJGFruitTests.m in Sources */ = {isa = PBXBuildFile; fileRef = F49B615E1B59D40E00EB3A5B /* YPJGFruitTests.m */; };
		F49B616F1B59D66F00EB3A5B /* FruitSelectionVC.m in Sources */ = {isa = PBXBuildFile; fileRef = F49B616E1B59D66F00EB3A5B /* FruitSelectionVC.m */; };
		F49B61721B59DD5F00EB3A5B /* FruitSelectView.xib in Resources */ = {isa = PBXBuildFile; fileRef = F49B61711B59DD5F00EB3A5B /* FruitSelectView.xib */; };
		F49B61751B59E80700EB3A5B /* FruitSelectView.m in Sources */ = {isa = PBXBuildFile; fileRef = F49B61741B59E80700EB3A5B /* FruitSelectView.m */; };
		F49B61F31B5A430A00EB3A5B /* FruitCategoryCell.m in Sources */ = {isa = PBXBuildFile; fileRef = F49B61F11B5A430A00EB3A5B /* FruitCategoryCell.m */; };
		F49B61F41B5A430A00EB3A5B /* FruitCategoryCell.xib in Resources */ = {isa = PBXBuildFile; fileRef = F49B61F21B5A430A00EB3A5B /* FruitCategoryCell.xib */; };
		F49B61F81B5A5D3100EB3A5B /* FruitProductCell.m in Sources */ = {isa = PBXBuildFile; fileRef = F49B61F61B5A5D3100EB3A5B /* FruitProductCell.m */; };
		F49B61F91B5A5D3100EB3A5B /* FruitProductCell.xib in Resources */ = {isa = PBXBuildFile; fileRef = F49B61F71B5A5D3100EB3A5B /* FruitProductCell.xib */; };
		F49B61FD1B5A834F00EB3A5B /* 平谷水蜜桃1nomal.jpg in Resources */ = {isa = PBXBuildFile; fileRef = F49B61FB1B5A834F00EB3A5B /* 平谷水蜜桃1nomal.jpg */; };
		F49B61FE1B5A834F00EB3A5B /* bar_home_se.jpg in Resources */ = {isa = PBXBuildFile; fileRef = F49B61FC1B5A834F00EB3A5B /* bar_home_se.jpg */; };
		F49B62011B5A940500EB3A5B /* AllProduct.plist in Resources */ = {isa = PBXBuildFile; fileRef = F49B62001B5A940500EB3A5B /* AllProduct.plist */; };
		F4F8F2481CAD050C00CDCA5C /* NSMutableDictionary+JudgeNull.m in Sources */ = {isa = PBXBuildFile; fileRef = F4F8F2301CAD050C00CDCA5C /* NSMutableDictionary+JudgeNull.m */; };
		F4F8F2491CAD050C00CDCA5C /* NSString+Util.m in Sources */ = {isa = PBXBuildFile; fileRef = F4F8F2321CAD050C00CDCA5C /* NSString+Util.m */; };
		F4F8F24A1CAD050C00CDCA5C /* UIColor+Hex.m in Sources */ = {isa = PBXBuildFile; fileRef = F4F8F2341CAD050C00CDCA5C /* UIColor+Hex.m */; };
		F4F8F24B1CAD050C00CDCA5C /* UIColor+Image.m in Sources */ = {isa = PBXBuildFile; fileRef = F4F8F2361CAD050C00CDCA5C /* UIColor+Image.m */; };
		F4F8F24C1CAD050C00CDCA5C /* CustomBtn.m in Sources */ = {isa = PBXBuildFile; fileRef = F4F8F2391CAD050C00CDCA5C /* CustomBtn.m */; };
		F4F8F24D1CAD050C00CDCA5C /* CWButton.m in Sources */ = {isa = PBXBuildFile; fileRef = F4F8F23B1CAD050C00CDCA5C /* CWButton.m */; };
		F4F8F24E1CAD050C00CDCA5C /* CWLabel.m in Sources */ = {isa = PBXBuildFile; fileRef = F4F8F23D1CAD050C00CDCA5C /* CWLabel.m */; };
		F4F8F24F1CAD050C00CDCA5C /* CWTextFieldView.m in Sources */ = {isa = PBXBuildFile; fileRef = F4F8F23F1CAD050C00CDCA5C /* CWTextFieldView.m */; };
		F4F8F2501CAD050C00CDCA5C /* CWTextView.m in Sources */ = {isa = PBXBuildFile; fileRef = F4F8F2411CAD050C00CDCA5C /* CWTextView.m */; };
		F4F8F2511CAD050C00CDCA5C /* CWPageControl.m in Sources */ = {isa = PBXBuildFile; fileRef = F4F8F2441CAD050C00CDCA5C /* CWPageControl.m */; };
		F4F8F2521CAD050C00CDCA5C /* CWUtil.m in Sources */ = {isa = PBXBuildFile; fileRef = F4F8F2461CAD050C00CDCA5C /* CWUtil.m */; };
		F4F8F2551CAD05D100CDCA5C /* Constants.m in Sources */ = {isa = PBXBuildFile; fileRef = F4F8F2541CAD05D100CDCA5C /* Constants.m */; };
		F4F8F2631CAD0A9700CDCA5C /* BaseTableVC.m in Sources */ = {isa = PBXBuildFile; fileRef = F4F8F25A1CAD0A9700CDCA5C /* BaseTableVC.m */; };
		F4F8F2641CAD0A9700CDCA5C /* BaseViewController.m in Sources */ = {isa = PBXBuildFile; fileRef = F4F8F25C1CAD0A9700CDCA5C /* BaseViewController.m */; };
		F4F8F2651CAD0A9700CDCA5C /* CWMTabbarView.m in Sources */ = {isa = PBXBuildFile; fileRef = F4F8F25E1CAD0A9700CDCA5C /* CWMTabbarView.m */; };
		F4F8F2661CAD0A9700CDCA5C /* CWTabBarController.m in Sources */ = {isa = PBXBuildFile; fileRef = F4F8F2601CAD0A9700CDCA5C /* CWTabBarController.m */; };
		F4F8F2671CAD0A9700CDCA5C /* CWTabBarView.m in Sources */ = {isa = PBXBuildFile; fileRef = F4F8F2621CAD0A9700CDCA5C /* CWTabBarView.m */; };
		F4F8F2911CAD0BAA00CDCA5C /* CarInfo.m in Sources */ = {isa = PBXBuildFile; fileRef = F4F8F26A1CAD0BAA00CDCA5C /* CarInfo.m */; };
		F4F8F2921CAD0BAA00CDCA5C /* CarInfoParam.m in Sources */ = {isa = PBXBuildFile; fileRef = F4F8F26D1CAD0BAA00CDCA5C /* CarInfoParam.m */; };
		F4F8F2931CAD0BAA00CDCA5C /* EvaluationParam.m in Sources */ = {isa = PBXBuildFile; fileRef = F4F8F26F1CAD0BAA00CDCA5C /* EvaluationParam.m */; };
		F4F8F2941CAD0BAA00CDCA5C /* MaintainParam.m in Sources */ = {isa = PBXBuildFile; fileRef = F4F8F2711CAD0BAA00CDCA5C /* MaintainParam.m */; };
		F4F8F2951CAD0BAA00CDCA5C /* CSDataRequest.m in Sources */ = {isa = PBXBuildFile; fileRef = F4F8F2741CAD0BAA00CDCA5C /* CSDataRequest.m */; };
		F4F8F2961CAD0BAA00CDCA5C /* CarErrorListResponse.m in Sources */ = {isa = PBXBuildFile; fileRef = F4F8F2771CAD0BAA00CDCA5C /* CarErrorListResponse.m */; };
		F4F8F2971CAD0BAA00CDCA5C /* CWBaseModel.m in Sources */ = {isa = PBXBuildFile; fileRef = F4F8F2791CAD0BAA00CDCA5C /* CWBaseModel.m */; };
		F4F8F2981CAD0BAA00CDCA5C /* GoodsCarResponse.m in Sources */ = {isa = PBXBuildFile; fileRef = F4F8F27B1CAD0BAA00CDCA5C /* GoodsCarResponse.m */; };
		F4F8F2991CAD0BAA00CDCA5C /* GoodsDetailResponse.m in Sources */ = {isa = PBXBuildFile; fileRef = F4F8F27D1CAD0BAA00CDCA5C /* GoodsDetailResponse.m */; };
		F4F8F29A1CAD0BAA00CDCA5C /* LoginResponse.m in Sources */ = {isa = PBXBuildFile; fileRef = F4F8F27F1CAD0BAA00CDCA5C /* LoginResponse.m */; };
		F4F8F29B1CAD0BAA00CDCA5C /* RegistrationResponse.m in Sources */ = {isa = PBXBuildFile; fileRef = F4F8F2811CAD0BAA00CDCA5C /* RegistrationResponse.m */; };
		F4F8F29C1CAD0BAA00CDCA5C /* ShopServerResponse.m in Sources */ = {isa = PBXBuildFile; fileRef = F4F8F2831CAD0BAA00CDCA5C /* ShopServerResponse.m */; };
		F4F8F29D1CAD0BAA00CDCA5C /* GoodsDetailCell.m in Sources */ = {isa = PBXBuildFile; fileRef = F4F8F2861CAD0BAA00CDCA5C /* GoodsDetailCell.m */; };
		F4F8F29E1CAD0BAA00CDCA5C /* GoodsDetailVC.m in Sources */ = {isa = PBXBuildFile; fileRef = F4F8F2881CAD0BAA00CDCA5C /* GoodsDetailVC.m */; };
		F4F8F29F1CAD0BAA00CDCA5C /* HomeTableViewCell.m in Sources */ = {isa = PBXBuildFile; fileRef = F4F8F28A1CAD0BAA00CDCA5C /* HomeTableViewCell.m */; };
		F4F8F2A01CAD0BAA00CDCA5C /* HomeVC.m in Sources */ = {isa = PBXBuildFile; fileRef = F4F8F28C1CAD0BAA00CDCA5C /* HomeVC.m */; };
		F4F8F2A11CAD0BAA00CDCA5C /* KDCycleBannerView.m in Sources */ = {isa = PBXBuildFile; fileRef = F4F8F2901CAD0BAA00CDCA5C /* KDCycleBannerView.m */; };
		F4F8F2AD1CAD112F00CDCA5C /* ForgetPasswordVC.m in Sources */ = {isa = PBXBuildFile; fileRef = F4F8F2A41CAD112F00CDCA5C /* ForgetPasswordVC.m */; };
		F4F8F2AE1CAD112F00CDCA5C /* LoginViewController.m in Sources */ = {isa = PBXBuildFile; fileRef = F4F8F2A61CAD112F00CDCA5C /* LoginViewController.m */; };
		F4F8F2AF1CAD112F00CDCA5C /* PhoneTableViewCell.m in Sources */ = {isa = PBXBuildFile; fileRef = F4F8F2A81CAD112F00CDCA5C /* PhoneTableViewCell.m */; };
		F4F8F2B01CAD112F00CDCA5C /* RegistrationVC.m in Sources */ = {isa = PBXBuildFile; fileRef = F4F8F2AA1CAD112F00CDCA5C /* RegistrationVC.m */; };
		F4F8F2B11CAD112F00CDCA5C /* RemindedTableView.m in Sources */ = {isa = PBXBuildFile; fileRef = F4F8F2AC1CAD112F00CDCA5C /* RemindedTableView.m */; };
/* End PBXBuildFile section */

/* Begin PBXContainerItemProxy section */
		F49B61591B59D40E00EB3A5B /* PBXContainerItemProxy */ = {
			isa = PBXContainerItemProxy;
			containerPortal = F49B61341B59D40E00EB3A5B /* Project object */;
			proxyType = 1;
			remoteGlobalIDString = F49B613B1B59D40E00EB3A5B;
			remoteInfo = YPJGFruit;
		};
/* End PBXContainerItemProxy section */

/* Begin PBXFileReference section */
		858F67375FE1B3D35190A4BC /* Pods-YPJGFruit.release.xcconfig */ = {isa = PBXFileReference; includeInIndex = 1; lastKnownFileType = text.xcconfig; name = "Pods-YPJGFruit.release.xcconfig"; path = "Pods/Target Support Files/Pods-YPJGFruit/Pods-YPJGFruit.release.xcconfig"; sourceTree = "<group>"; };
		961C16A3B3BA4477C3038497 /* Pods-YPJGFruit.debug.xcconfig */ = {isa = PBXFileReference; includeInIndex = 1; lastKnownFileType = text.xcconfig; name = "Pods-YPJGFruit.debug.xcconfig"; path = "Pods/Target Support Files/Pods-YPJGFruit/Pods-YPJGFruit.debug.xcconfig"; sourceTree = "<group>"; };
		E51A8EAA268AE3F9FA0D8552 /* libPods-YPJGFruit.a */ = {isa = PBXFileReference; explicitFileType = archive.ar; includeInIndex = 0; path = "libPods-YPJGFruit.a"; sourceTree = BUILT_PRODUCTS_DIR; };
		F40E7D861B80AC470059D5C3 /* KalenTabBarC.h */ = {isa = PBXFileReference; fileEncoding = 4; lastKnownFileType = sourcecode.c.h; path = KalenTabBarC.h; sourceTree = "<group>"; };
		F40E7D871B80AC470059D5C3 /* KalenTabBarC.m */ = {isa = PBXFileReference; fileEncoding = 4; lastKnownFileType = sourcecode.c.objc; path = KalenTabBarC.m; sourceTree = "<group>"; };
		F40E7D881B80AC470059D5C3 /* TabBarBgvView.h */ = {isa = PBXFileReference; fileEncoding = 4; lastKnownFileType = sourcecode.c.h; path = TabBarBgvView.h; sourceTree = "<group>"; };
		F40E7D891B80AC470059D5C3 /* TabBarBgvView.m */ = {isa = PBXFileReference; fileEncoding = 4; lastKnownFileType = sourcecode.c.objc; path = TabBarBgvView.m; sourceTree = "<group>"; };
		F40E7D8A1B80AC470059D5C3 /* TabBarBgView.xib */ = {isa = PBXFileReference; fileEncoding = 4; lastKnownFileType = file.xib; path = TabBarBgView.xib; sourceTree = "<group>"; };
		F40E7D8F1B80B05F0059D5C3 /* TRMessage.h */ = {isa = PBXFileReference; fileEncoding = 4; lastKnownFileType = sourcecode.c.h; path = TRMessage.h; sourceTree = "<group>"; };
		F40E7D901B80B05F0059D5C3 /* TRMessage.m */ = {isa = PBXFileReference; fileEncoding = 4; lastKnownFileType = sourcecode.c.objc; path = TRMessage.m; sourceTree = "<group>"; };
		F40E7D911B80B05F0059D5C3 /* TRMessageCell.h */ = {isa = PBXFileReference; fileEncoding = 4; lastKnownFileType = sourcecode.c.h; path = TRMessageCell.h; sourceTree = "<group>"; };
		F40E7D921B80B05F0059D5C3 /* TRMessageCell.m */ = {isa = PBXFileReference; fileEncoding = 4; lastKnownFileType = sourcecode.c.objc; path = TRMessageCell.m; sourceTree = "<group>"; };
		F40E7DB81B80C26E0059D5C3 /* MessageVC.h */ = {isa = PBXFileReference; fileEncoding = 4; lastKnownFileType = sourcecode.c.h; path = MessageVC.h; sourceTree = "<group>"; };
		F40E7DB91B80C26E0059D5C3 /* MessageVC.m */ = {isa = PBXFileReference; fileEncoding = 4; lastKnownFileType = sourcecode.c.objc; path = MessageVC.m; sourceTree = "<group>"; };
		F40E7DBA1B80C26E0059D5C3 /* MessageVC.xib */ = {isa = PBXFileReference; fileEncoding = 4; lastKnownFileType = file.xib; path = MessageVC.xib; sourceTree = "<group>"; };
		F40E7DBD1B80CD730059D5C3 /* MVC.h */ = {isa = PBXFileReference; fileEncoding = 4; lastKnownFileType = sourcecode.c.h; path = MVC.h; sourceTree = "<group>"; };
		F40E7DBE1B80CD730059D5C3 /* MVC.m */ = {isa = PBXFileReference; fileEncoding = 4; lastKnownFileType = sourcecode.c.objc; path = MVC.m; sourceTree = "<group>"; };
		F42116BD1BFF072300436A70 /* ProductListInType.h */ = {isa = PBXFileReference; fileEncoding = 4; lastKnownFileType = sourcecode.c.h; path = ProductListInType.h; sourceTree = "<group>"; };
		F42116BE1BFF072300436A70 /* ProductListInType.m */ = {isa = PBXFileReference; fileEncoding = 4; lastKnownFileType = sourcecode.c.objc; path = ProductListInType.m; sourceTree = "<group>"; };
		F42116C01BFF090D00436A70 /* FruitInfoModel.h */ = {isa = PBXFileReference; fileEncoding = 4; lastKnownFileType = sourcecode.c.h; path = FruitInfoModel.h; sourceTree = "<group>"; };
		F42116C11BFF090D00436A70 /* FruitInfoModel.m */ = {isa = PBXFileReference; fileEncoding = 4; lastKnownFileType = sourcecode.c.objc; path = FruitInfoModel.m; sourceTree = "<group>"; };
		F42116C31BFF0A4F00436A70 /* ProductListResponse.h */ = {isa = PBXFileReference; fileEncoding = 4; lastKnownFileType = sourcecode.c.h; path = ProductListResponse.h; sourceTree = "<group>"; };
		F42116C41BFF0A4F00436A70 /* ProductListResponse.m */ = {isa = PBXFileReference; fileEncoding = 4; lastKnownFileType = sourcecode.c.objc; path = ProductListResponse.m; sourceTree = "<group>"; };
		F447F5D11C29421100733E8E /* WebViewVC.h */ = {isa = PBXFileReference; fileEncoding = 4; lastKnownFileType = sourcecode.c.h; path = WebViewVC.h; sourceTree = "<group>"; };
		F447F5D21C29421100733E8E /* WebViewVC.m */ = {isa = PBXFileReference; fileEncoding = 4; lastKnownFileType = sourcecode.c.objc; path = WebViewVC.m; sourceTree = "<group>"; };
		F447F5D31C29421100733E8E /* WebViewVC.xib */ = {isa = PBXFileReference; fileEncoding = 4; lastKnownFileType = file.xib; path = WebViewVC.xib; sourceTree = "<group>"; };
		F45BF1881BF83C4C00D28ADE /* YPDataRequest.h */ = {isa = PBXFileReference; fileEncoding = 4; lastKnownFileType = sourcecode.c.h; path = YPDataRequest.h; sourceTree = "<group>"; };
		F45BF1891BF83C4C00D28ADE /* YPDataRequest.m */ = {isa = PBXFileReference; fileEncoding = 4; lastKnownFileType = sourcecode.c.objc; path = YPDataRequest.m; sourceTree = "<group>"; };
		F45BF18E1BF84C4200D28ADE /* YPResponse.h */ = {isa = PBXFileReference; fileEncoding = 4; lastKnownFileType = sourcecode.c.h; path = YPResponse.h; sourceTree = "<group>"; };
		F45BF18F1BF84C4200D28ADE /* YPResponse.m */ = {isa = PBXFileReference; fileEncoding = 4; lastKnownFileType = sourcecode.c.objc; path = YPResponse.m; sourceTree = "<group>"; };
		F45BF1941BF8543800D28ADE /* YPModel.h */ = {isa = PBXFileReference; fileEncoding = 4; lastKnownFileType = sourcecode.c.h; path = YPModel.h; sourceTree = "<group>"; };
		F45BF1951BF8543800D28ADE /* YPModel.m */ = {isa = PBXFileReference; fileEncoding = 4; lastKnownFileType = sourcecode.c.objc; path = YPModel.m; sourceTree = "<group>"; };
		F49B613C1B59D40E00EB3A5B /* YPJGFruit.app */ = {isa = PBXFileReference; explicitFileType = wrapper.application; includeInIndex = 0; path = YPJGFruit.app; sourceTree = BUILT_PRODUCTS_DIR; };
		F49B61401B59D40E00EB3A5B /* Info.plist */ = {isa = PBXFileReference; lastKnownFileType = text.plist.xml; path = Info.plist; sourceTree = "<group>"; };
		F49B61411B59D40E00EB3A5B /* main.m */ = {isa = PBXFileReference; lastKnownFileType = sourcecode.c.objc; path = main.m; sourceTree = "<group>"; };
		F49B61431B59D40E00EB3A5B /* AppDelegate.h */ = {isa = PBXFileReference; lastKnownFileType = sourcecode.c.h; path = AppDelegate.h; sourceTree = "<group>"; };
		F49B61441B59D40E00EB3A5B /* AppDelegate.m */ = {isa = PBXFileReference; lastKnownFileType = sourcecode.c.objc; path = AppDelegate.m; sourceTree = "<group>"; };
		F49B61471B59D40E00EB3A5B /* YPJGFruit.xcdatamodel */ = {isa = PBXFileReference; lastKnownFileType = wrapper.xcdatamodel; path = YPJGFruit.xcdatamodel; sourceTree = "<group>"; };
		F49B61491B59D40E00EB3A5B /* ViewController.h */ = {isa = PBXFileReference; lastKnownFileType = sourcecode.c.h; path = ViewController.h; sourceTree = "<group>"; };
		F49B614A1B59D40E00EB3A5B /* ViewController.m */ = {isa = PBXFileReference; lastKnownFileType = sourcecode.c.objc; path = ViewController.m; sourceTree = "<group>"; };
		F49B614D1B59D40E00EB3A5B /* Base */ = {isa = PBXFileReference; lastKnownFileType = file.storyboard; name = Base; path = Base.lproj/Main.storyboard; sourceTree = "<group>"; };
		F49B614F1B59D40E00EB3A5B /* Images.xcassets */ = {isa = PBXFileReference; lastKnownFileType = folder.assetcatalog; path = Images.xcassets; sourceTree = "<group>"; };
		F49B61521B59D40E00EB3A5B /* Base */ = {isa = PBXFileReference; lastKnownFileType = file.xib; name = Base; path = Base.lproj/LaunchScreen.xib; sourceTree = "<group>"; };
		F49B61581B59D40E00EB3A5B /* YPJGFruitTests.xctest */ = {isa = PBXFileReference; explicitFileType = wrapper.cfbundle; includeInIndex = 0; path = YPJGFruitTests.xctest; sourceTree = BUILT_PRODUCTS_DIR; };
		F49B615D1B59D40E00EB3A5B /* Info.plist */ = {isa = PBXFileReference; lastKnownFileType = text.plist.xml; path = Info.plist; sourceTree = "<group>"; };
		F49B615E1B59D40E00EB3A5B /* YPJGFruitTests.m */ = {isa = PBXFileReference; lastKnownFileType = sourcecode.c.objc; path = YPJGFruitTests.m; sourceTree = "<group>"; };
		F49B61691B59D49700EB3A5B /* BasicHeader.h */ = {isa = PBXFileReference; lastKnownFileType = sourcecode.c.h; path = BasicHeader.h; sourceTree = "<group>"; };
		F49B616D1B59D66F00EB3A5B /* FruitSelectionVC.h */ = {isa = PBXFileReference; fileEncoding = 4; lastKnownFileType = sourcecode.c.h; path = FruitSelectionVC.h; sourceTree = "<group>"; };
		F49B616E1B59D66F00EB3A5B /* FruitSelectionVC.m */ = {isa = PBXFileReference; fileEncoding = 4; lastKnownFileType = sourcecode.c.objc; path = FruitSelectionVC.m; sourceTree = "<group>"; };
		F49B61711B59DD5F00EB3A5B /* FruitSelectView.xib */ = {isa = PBXFileReference; fileEncoding = 4; lastKnownFileType = file.xib; path = FruitSelectView.xib; sourceTree = "<group>"; };
		F49B61731B59E80700EB3A5B /* FruitSelectView.h */ = {isa = PBXFileReference; fileEncoding = 4; lastKnownFileType = sourcecode.c.h; path = FruitSelectView.h; sourceTree = "<group>"; };
		F49B61741B59E80700EB3A5B /* FruitSelectView.m */ = {isa = PBXFileReference; fileEncoding = 4; lastKnownFileType = sourcecode.c.objc; path = FruitSelectView.m; sourceTree = "<group>"; };
		F49B61F01B5A430A00EB3A5B /* FruitCategoryCell.h */ = {isa = PBXFileReference; fileEncoding = 4; lastKnownFileType = sourcecode.c.h; path = FruitCategoryCell.h; sourceTree = "<group>"; };
		F49B61F11B5A430A00EB3A5B /* FruitCategoryCell.m */ = {isa = PBXFileReference; fileEncoding = 4; lastKnownFileType = sourcecode.c.objc; path = FruitCategoryCell.m; sourceTree = "<group>"; };
		F49B61F21B5A430A00EB3A5B /* FruitCategoryCell.xib */ = {isa = PBXFileReference; fileEncoding = 4; lastKnownFileType = file.xib; path = FruitCategoryCell.xib; sourceTree = "<group>"; };
		F49B61F51B5A5D3100EB3A5B /* FruitProductCell.h */ = {isa = PBXFileReference; fileEncoding = 4; lastKnownFileType = sourcecode.c.h; path = FruitProductCell.h; sourceTree = "<group>"; };
		F49B61F61B5A5D3100EB3A5B /* FruitProductCell.m */ = {isa = PBXFileReference; fileEncoding = 4; lastKnownFileType = sourcecode.c.objc; path = FruitProductCell.m; sourceTree = "<group>"; };
		F49B61F71B5A5D3100EB3A5B /* FruitProductCell.xib */ = {isa = PBXFileReference; fileEncoding = 4; lastKnownFileType = file.xib; path = FruitProductCell.xib; sourceTree = "<group>"; };
		F49B61FB1B5A834F00EB3A5B /* 平谷水蜜桃1nomal.jpg */ = {isa = PBXFileReference; lastKnownFileType = image.jpeg; path = "平谷水蜜桃1nomal.jpg"; sourceTree = "<group>"; };
		F49B61FC1B5A834F00EB3A5B /* bar_home_se.jpg */ = {isa = PBXFileReference; lastKnownFileType = image.jpeg; path = bar_home_se.jpg; sourceTree = "<group>"; };
		F49B62001B5A940500EB3A5B /* AllProduct.plist */ = {isa = PBXFileReference; fileEncoding = 4; lastKnownFileType = text.plist.xml; path = AllProduct.plist; sourceTree = "<group>"; };
		F4F8F22F1CAD050C00CDCA5C /* NSMutableDictionary+JudgeNull.h */ = {isa = PBXFileReference; fileEncoding = 4; lastKnownFileType = sourcecode.c.h; path = "NSMutableDictionary+JudgeNull.h"; sourceTree = "<group>"; };
		F4F8F2301CAD050C00CDCA5C /* NSMutableDictionary+JudgeNull.m */ = {isa = PBXFileReference; fileEncoding = 4; lastKnownFileType = sourcecode.c.objc; path = "NSMutableDictionary+JudgeNull.m"; sourceTree = "<group>"; };
		F4F8F2311CAD050C00CDCA5C /* NSString+Util.h */ = {isa = PBXFileReference; fileEncoding = 4; lastKnownFileType = sourcecode.c.h; path = "NSString+Util.h"; sourceTree = "<group>"; };
		F4F8F2321CAD050C00CDCA5C /* NSString+Util.m */ = {isa = PBXFileReference; fileEncoding = 4; lastKnownFileType = sourcecode.c.objc; path = "NSString+Util.m"; sourceTree = "<group>"; };
		F4F8F2331CAD050C00CDCA5C /* UIColor+Hex.h */ = {isa = PBXFileReference; fileEncoding = 4; lastKnownFileType = sourcecode.c.h; path = "UIColor+Hex.h"; sourceTree = "<group>"; };
		F4F8F2341CAD050C00CDCA5C /* UIColor+Hex.m */ = {isa = PBXFileReference; fileEncoding = 4; lastKnownFileType = sourcecode.c.objc; path = "UIColor+Hex.m"; sourceTree = "<group>"; };
		F4F8F2351CAD050C00CDCA5C /* UIColor+Image.h */ = {isa = PBXFileReference; fileEncoding = 4; lastKnownFileType = sourcecode.c.h; path = "UIColor+Image.h"; sourceTree = "<group>"; };
		F4F8F2361CAD050C00CDCA5C /* UIColor+Image.m */ = {isa = PBXFileReference; fileEncoding = 4; lastKnownFileType = sourcecode.c.objc; path = "UIColor+Image.m"; sourceTree = "<group>"; };
		F4F8F2381CAD050C00CDCA5C /* CustomBtn.h */ = {isa = PBXFileReference; fileEncoding = 4; lastKnownFileType = sourcecode.c.h; path = CustomBtn.h; sourceTree = "<group>"; };
		F4F8F2391CAD050C00CDCA5C /* CustomBtn.m */ = {isa = PBXFileReference; fileEncoding = 4; lastKnownFileType = sourcecode.c.objc; path = CustomBtn.m; sourceTree = "<group>"; };
		F4F8F23A1CAD050C00CDCA5C /* CWButton.h */ = {isa = PBXFileReference; fileEncoding = 4; lastKnownFileType = sourcecode.c.h; path = CWButton.h; sourceTree = "<group>"; };
		F4F8F23B1CAD050C00CDCA5C /* CWButton.m */ = {isa = PBXFileReference; fileEncoding = 4; lastKnownFileType = sourcecode.c.objc; path = CWButton.m; sourceTree = "<group>"; };
		F4F8F23C1CAD050C00CDCA5C /* CWLabel.h */ = {isa = PBXFileReference; fileEncoding = 4; lastKnownFileType = sourcecode.c.h; path = CWLabel.h; sourceTree = "<group>"; };
		F4F8F23D1CAD050C00CDCA5C /* CWLabel.m */ = {isa = PBXFileReference; fileEncoding = 4; lastKnownFileType = sourcecode.c.objc; path = CWLabel.m; sourceTree = "<group>"; };
		F4F8F23E1CAD050C00CDCA5C /* CWTextFieldView.h */ = {isa = PBXFileReference; fileEncoding = 4; lastKnownFileType = sourcecode.c.h; path = CWTextFieldView.h; sourceTree = "<group>"; };
		F4F8F23F1CAD050C00CDCA5C /* CWTextFieldView.m */ = {isa = PBXFileReference; fileEncoding = 4; lastKnownFileType = sourcecode.c.objc; path = CWTextFieldView.m; sourceTree = "<group>"; };
		F4F8F2401CAD050C00CDCA5C /* CWTextView.h */ = {isa = PBXFileReference; fileEncoding = 4; lastKnownFileType = sourcecode.c.h; path = CWTextView.h; sourceTree = "<group>"; };
		F4F8F2411CAD050C00CDCA5C /* CWTextView.m */ = {isa = PBXFileReference; fileEncoding = 4; lastKnownFileType = sourcecode.c.objc; path = CWTextView.m; sourceTree = "<group>"; };
		F4F8F2431CAD050C00CDCA5C /* CWPageControl.h */ = {isa = PBXFileReference; fileEncoding = 4; lastKnownFileType = sourcecode.c.h; path = CWPageControl.h; sourceTree = "<group>"; };
		F4F8F2441CAD050C00CDCA5C /* CWPageControl.m */ = {isa = PBXFileReference; fileEncoding = 4; lastKnownFileType = sourcecode.c.objc; path = CWPageControl.m; sourceTree = "<group>"; };
		F4F8F2451CAD050C00CDCA5C /* CWUtil.h */ = {isa = PBXFileReference; fileEncoding = 4; lastKnownFileType = sourcecode.c.h; path = CWUtil.h; sourceTree = "<group>"; };
		F4F8F2461CAD050C00CDCA5C /* CWUtil.m */ = {isa = PBXFileReference; fileEncoding = 4; lastKnownFileType = sourcecode.c.objc; path = CWUtil.m; sourceTree = "<group>"; };
		F4F8F2531CAD05D100CDCA5C /* Constants.h */ = {isa = PBXFileReference; fileEncoding = 4; lastKnownFileType = sourcecode.c.h; path = Constants.h; sourceTree = "<group>"; };
		F4F8F2541CAD05D100CDCA5C /* Constants.m */ = {isa = PBXFileReference; fileEncoding = 4; lastKnownFileType = sourcecode.c.objc; path = Constants.m; sourceTree = "<group>"; };
		F4F8F2561CAD06A300CDCA5C /* YPJGHeader.pch */ = {isa = PBXFileReference; lastKnownFileType = sourcecode.c.h; path = YPJGHeader.pch; sourceTree = "<group>"; };
		F4F8F2591CAD0A9700CDCA5C /* BaseTableVC.h */ = {isa = PBXFileReference; fileEncoding = 4; lastKnownFileType = sourcecode.c.h; path = BaseTableVC.h; sourceTree = "<group>"; };
		F4F8F25A1CAD0A9700CDCA5C /* BaseTableVC.m */ = {isa = PBXFileReference; fileEncoding = 4; lastKnownFileType = sourcecode.c.objc; path = BaseTableVC.m; sourceTree = "<group>"; };
		F4F8F25B1CAD0A9700CDCA5C /* BaseViewController.h */ = {isa = PBXFileReference; fileEncoding = 4; lastKnownFileType = sourcecode.c.h; path = BaseViewController.h; sourceTree = "<group>"; };
		F4F8F25C1CAD0A9700CDCA5C /* BaseViewController.m */ = {isa = PBXFileReference; fileEncoding = 4; lastKnownFileType = sourcecode.c.objc; path = BaseViewController.m; sourceTree = "<group>"; };
		F4F8F25D1CAD0A9700CDCA5C /* CWMTabbarView.h */ = {isa = PBXFileReference; fileEncoding = 4; lastKnownFileType = sourcecode.c.h; path = CWMTabbarView.h; sourceTree = "<group>"; };
		F4F8F25E1CAD0A9700CDCA5C /* CWMTabbarView.m */ = {isa = PBXFileReference; fileEncoding = 4; lastKnownFileType = sourcecode.c.objc; path = CWMTabbarView.m; sourceTree = "<group>"; };
		F4F8F25F1CAD0A9700CDCA5C /* CWTabBarController.h */ = {isa = PBXFileReference; fileEncoding = 4; lastKnownFileType = sourcecode.c.h; path = CWTabBarController.h; sourceTree = "<group>"; };
		F4F8F2601CAD0A9700CDCA5C /* CWTabBarController.m */ = {isa = PBXFileReference; fileEncoding = 4; lastKnownFileType = sourcecode.c.objc; path = CWTabBarController.m; sourceTree = "<group>"; };
		F4F8F2611CAD0A9700CDCA5C /* CWTabBarView.h */ = {isa = PBXFileReference; fileEncoding = 4; lastKnownFileType = sourcecode.c.h; path = CWTabBarView.h; sourceTree = "<group>"; };
		F4F8F2621CAD0A9700CDCA5C /* CWTabBarView.m */ = {isa = PBXFileReference; fileEncoding = 4; lastKnownFileType = sourcecode.c.objc; path = CWTabBarView.m; sourceTree = "<group>"; };
		F4F8F2691CAD0BAA00CDCA5C /* CarInfo.h */ = {isa = PBXFileReference; fileEncoding = 4; lastKnownFileType = sourcecode.c.h; path = CarInfo.h; sourceTree = "<group>"; };
		F4F8F26A1CAD0BAA00CDCA5C /* CarInfo.m */ = {isa = PBXFileReference; fileEncoding = 4; lastKnownFileType = sourcecode.c.objc; path = CarInfo.m; sourceTree = "<group>"; };
		F4F8F26C1CAD0BAA00CDCA5C /* CarInfoParam.h */ = {isa = PBXFileReference; fileEncoding = 4; lastKnownFileType = sourcecode.c.h; path = CarInfoParam.h; sourceTree = "<group>"; };
		F4F8F26D1CAD0BAA00CDCA5C /* CarInfoParam.m */ = {isa = PBXFileReference; fileEncoding = 4; lastKnownFileType = sourcecode.c.objc; path = CarInfoParam.m; sourceTree = "<group>"; };
		F4F8F26E1CAD0BAA00CDCA5C /* EvaluationParam.h */ = {isa = PBXFileReference; fileEncoding = 4; lastKnownFileType = sourcecode.c.h; path = EvaluationParam.h; sourceTree = "<group>"; };
		F4F8F26F1CAD0BAA00CDCA5C /* EvaluationParam.m */ = {isa = PBXFileReference; fileEncoding = 4; lastKnownFileType = sourcecode.c.objc; path = EvaluationParam.m; sourceTree = "<group>"; };
		F4F8F2701CAD0BAA00CDCA5C /* MaintainParam.h */ = {isa = PBXFileReference; fileEncoding = 4; lastKnownFileType = sourcecode.c.h; path = MaintainParam.h; sourceTree = "<group>"; };
		F4F8F2711CAD0BAA00CDCA5C /* MaintainParam.m */ = {isa = PBXFileReference; fileEncoding = 4; lastKnownFileType = sourcecode.c.objc; path = MaintainParam.m; sourceTree = "<group>"; };
		F4F8F2731CAD0BAA00CDCA5C /* CSDataRequest.h */ = {isa = PBXFileReference; fileEncoding = 4; lastKnownFileType = sourcecode.c.h; path = CSDataRequest.h; sourceTree = "<group>"; };
		F4F8F2741CAD0BAA00CDCA5C /* CSDataRequest.m */ = {isa = PBXFileReference; fileEncoding = 4; lastKnownFileType = sourcecode.c.objc; path = CSDataRequest.m; sourceTree = "<group>"; };
		F4F8F2761CAD0BAA00CDCA5C /* CarErrorListResponse.h */ = {isa = PBXFileReference; fileEncoding = 4; lastKnownFileType = sourcecode.c.h; path = CarErrorListResponse.h; sourceTree = "<group>"; };
		F4F8F2771CAD0BAA00CDCA5C /* CarErrorListResponse.m */ = {isa = PBXFileReference; fileEncoding = 4; lastKnownFileType = sourcecode.c.objc; path = CarErrorListResponse.m; sourceTree = "<group>"; };
		F4F8F2781CAD0BAA00CDCA5C /* CWBaseModel.h */ = {isa = PBXFileReference; fileEncoding = 4; lastKnownFileType = sourcecode.c.h; path = CWBaseModel.h; sourceTree = "<group>"; };
		F4F8F2791CAD0BAA00CDCA5C /* CWBaseModel.m */ = {isa = PBXFileReference; fileEncoding = 4; lastKnownFileType = sourcecode.c.objc; path = CWBaseModel.m; sourceTree = "<group>"; };
		F4F8F27A1CAD0BAA00CDCA5C /* GoodsCarResponse.h */ = {isa = PBXFileReference; fileEncoding = 4; lastKnownFileType = sourcecode.c.h; path = GoodsCarResponse.h; sourceTree = "<group>"; };
		F4F8F27B1CAD0BAA00CDCA5C /* GoodsCarResponse.m */ = {isa = PBXFileReference; fileEncoding = 4; lastKnownFileType = sourcecode.c.objc; path = GoodsCarResponse.m; sourceTree = "<group>"; };
		F4F8F27C1CAD0BAA00CDCA5C /* GoodsDetailResponse.h */ = {isa = PBXFileReference; fileEncoding = 4; lastKnownFileType = sourcecode.c.h; path = GoodsDetailResponse.h; sourceTree = "<group>"; };
		F4F8F27D1CAD0BAA00CDCA5C /* GoodsDetailResponse.m */ = {isa = PBXFileReference; fileEncoding = 4; lastKnownFileType = sourcecode.c.objc; path = GoodsDetailResponse.m; sourceTree = "<group>"; };
		F4F8F27E1CAD0BAA00CDCA5C /* LoginResponse.h */ = {isa = PBXFileReference; fileEncoding = 4; lastKnownFileType = sourcecode.c.h; path = LoginResponse.h; sourceTree = "<group>"; };
		F4F8F27F1CAD0BAA00CDCA5C /* LoginResponse.m */ = {isa = PBXFileReference; fileEncoding = 4; lastKnownFileType = sourcecode.c.objc; path = LoginResponse.m; sourceTree = "<group>"; };
		F4F8F2801CAD0BAA00CDCA5C /* RegistrationResponse.h */ = {isa = PBXFileReference; fileEncoding = 4; lastKnownFileType = sourcecode.c.h; path = RegistrationResponse.h; sourceTree = "<group>"; };
		F4F8F2811CAD0BAA00CDCA5C /* RegistrationResponse.m */ = {isa = PBXFileReference; fileEncoding = 4; lastKnownFileType = sourcecode.c.objc; path = RegistrationResponse.m; sourceTree = "<group>"; };
		F4F8F2821CAD0BAA00CDCA5C /* ShopServerResponse.h */ = {isa = PBXFileReference; fileEncoding = 4; lastKnownFileType = sourcecode.c.h; path = ShopServerResponse.h; sourceTree = "<group>"; };
		F4F8F2831CAD0BAA00CDCA5C /* ShopServerResponse.m */ = {isa = PBXFileReference; fileEncoding = 4; lastKnownFileType = sourcecode.c.objc; path = ShopServerResponse.m; sourceTree = "<group>"; };
		F4F8F2851CAD0BAA00CDCA5C /* GoodsDetailCell.h */ = {isa = PBXFileReference; fileEncoding = 4; lastKnownFileType = sourcecode.c.h; path = GoodsDetailCell.h; sourceTree = "<group>"; };
		F4F8F2861CAD0BAA00CDCA5C /* GoodsDetailCell.m */ = {isa = PBXFileReference; fileEncoding = 4; lastKnownFileType = sourcecode.c.objc; path = GoodsDetailCell.m; sourceTree = "<group>"; };
		F4F8F2871CAD0BAA00CDCA5C /* GoodsDetailVC.h */ = {isa = PBXFileReference; fileEncoding = 4; lastKnownFileType = sourcecode.c.h; path = GoodsDetailVC.h; sourceTree = "<group>"; };
		F4F8F2881CAD0BAA00CDCA5C /* GoodsDetailVC.m */ = {isa = PBXFileReference; fileEncoding = 4; lastKnownFileType = sourcecode.c.objc; path = GoodsDetailVC.m; sourceTree = "<group>"; };
		F4F8F2891CAD0BAA00CDCA5C /* HomeTableViewCell.h */ = {isa = PBXFileReference; fileEncoding = 4; lastKnownFileType = sourcecode.c.h; path = HomeTableViewCell.h; sourceTree = "<group>"; };
		F4F8F28A1CAD0BAA00CDCA5C /* HomeTableViewCell.m */ = {isa = PBXFileReference; fileEncoding = 4; lastKnownFileType = sourcecode.c.objc; path = HomeTableViewCell.m; sourceTree = "<group>"; };
		F4F8F28B1CAD0BAA00CDCA5C /* HomeVC.h */ = {isa = PBXFileReference; fileEncoding = 4; lastKnownFileType = sourcecode.c.h; path = HomeVC.h; sourceTree = "<group>"; };
		F4F8F28C1CAD0BAA00CDCA5C /* HomeVC.m */ = {isa = PBXFileReference; fileEncoding = 4; lastKnownFileType = sourcecode.c.objc; path = HomeVC.m; sourceTree = "<group>"; };
		F4F8F28F1CAD0BAA00CDCA5C /* KDCycleBannerView.h */ = {isa = PBXFileReference; fileEncoding = 4; lastKnownFileType = sourcecode.c.h; path = KDCycleBannerView.h; sourceTree = "<group>"; };
		F4F8F2901CAD0BAA00CDCA5C /* KDCycleBannerView.m */ = {isa = PBXFileReference; fileEncoding = 4; lastKnownFileType = sourcecode.c.objc; path = KDCycleBannerView.m; sourceTree = "<group>"; };
		F4F8F2A31CAD112F00CDCA5C /* ForgetPasswordVC.h */ = {isa = PBXFileReference; fileEncoding = 4; lastKnownFileType = sourcecode.c.h; path = ForgetPasswordVC.h; sourceTree = "<group>"; };
		F4F8F2A41CAD112F00CDCA5C /* ForgetPasswordVC.m */ = {isa = PBXFileReference; fileEncoding = 4; lastKnownFileType = sourcecode.c.objc; path = ForgetPasswordVC.m; sourceTree = "<group>"; };
		F4F8F2A51CAD112F00CDCA5C /* LoginViewController.h */ = {isa = PBXFileReference; fileEncoding = 4; lastKnownFileType = sourcecode.c.h; path = LoginViewController.h; sourceTree = "<group>"; };
		F4F8F2A61CAD112F00CDCA5C /* LoginViewController.m */ = {isa = PBXFileReference; fileEncoding = 4; lastKnownFileType = sourcecode.c.objc; path = LoginViewController.m; sourceTree = "<group>"; };
		F4F8F2A71CAD112F00CDCA5C /* PhoneTableViewCell.h */ = {isa = PBXFileReference; fileEncoding = 4; lastKnownFileType = sourcecode.c.h; path = PhoneTableViewCell.h; sourceTree = "<group>"; };
		F4F8F2A81CAD112F00CDCA5C /* PhoneTableViewCell.m */ = {isa = PBXFileReference; fileEncoding = 4; lastKnownFileType = sourcecode.c.objc; path = PhoneTableViewCell.m; sourceTree = "<group>"; };
		F4F8F2A91CAD112F00CDCA5C /* RegistrationVC.h */ = {isa = PBXFileReference; fileEncoding = 4; lastKnownFileType = sourcecode.c.h; path = RegistrationVC.h; sourceTree = "<group>"; };
		F4F8F2AA1CAD112F00CDCA5C /* RegistrationVC.m */ = {isa = PBXFileReference; fileEncoding = 4; lastKnownFileType = sourcecode.c.objc; path = RegistrationVC.m; sourceTree = "<group>"; };
		F4F8F2AB1CAD112F00CDCA5C /* RemindedTableView.h */ = {isa = PBXFileReference; fileEncoding = 4; lastKnownFileType = sourcecode.c.h; path = RemindedTableView.h; sourceTree = "<group>"; };
		F4F8F2AC1CAD112F00CDCA5C /* RemindedTableView.m */ = {isa = PBXFileReference; fileEncoding = 4; lastKnownFileType = sourcecode.c.objc; path = RemindedTableView.m; sourceTree = "<group>"; };
/* End PBXFileReference section */

/* Begin PBXFrameworksBuildPhase section */
		F49B61391B59D40E00EB3A5B /* Frameworks */ = {
			isa = PBXFrameworksBuildPhase;
			buildActionMask = 2147483647;
			files = (
				8A36B18DEE10B3A8B9ED5E12 /* libPods-YPJGFruit.a in Frameworks */,
			);
			runOnlyForDeploymentPostprocessing = 0;
		};
		F49B61551B59D40E00EB3A5B /* Frameworks */ = {
			isa = PBXFrameworksBuildPhase;
			buildActionMask = 2147483647;
			files = (
			);
			runOnlyForDeploymentPostprocessing = 0;
		};
/* End PBXFrameworksBuildPhase section */

/* Begin PBXGroup section */
		843C325957C2DF7C91D8E382 /* Frameworks */ = {
			isa = PBXGroup;
			children = (
				E51A8EAA268AE3F9FA0D8552 /* libPods-YPJGFruit.a */,
			);
			name = Frameworks;
			sourceTree = "<group>";
		};
		E1E0C2B1694A90E30D396A1E /* Pods */ = {
			isa = PBXGroup;
			children = (
				961C16A3B3BA4477C3038497 /* Pods-YPJGFruit.debug.xcconfig */,
				858F67375FE1B3D35190A4BC /* Pods-YPJGFruit.release.xcconfig */,
			);
			name = Pods;
			sourceTree = "<group>";
		};
		F40E7D8E1B80B0510059D5C3 /* Chat */ = {
			isa = PBXGroup;
			children = (
				F40E7DB81B80C26E0059D5C3 /* MessageVC.h */,
				F40E7DB91B80C26E0059D5C3 /* MessageVC.m */,
				F40E7DBA1B80C26E0059D5C3 /* MessageVC.xib */,
				F40E7D8F1B80B05F0059D5C3 /* TRMessage.h */,
				F40E7D901B80B05F0059D5C3 /* TRMessage.m */,
				F40E7D911B80B05F0059D5C3 /* TRMessageCell.h */,
				F40E7D921B80B05F0059D5C3 /* TRMessageCell.m */,
				F40E7DBD1B80CD730059D5C3 /* MVC.h */,
				F40E7DBE1B80CD730059D5C3 /* MVC.m */,
			);
			name = Chat;
			sourceTree = "<group>";
		};
		F40E7D951B80B06F0059D5C3 /* FruitSelection */ = {
			isa = PBXGroup;
			children = (
				F49B616D1B59D66F00EB3A5B /* FruitSelectionVC.h */,
				F49B616E1B59D66F00EB3A5B /* FruitSelectionVC.m */,
				F49B61711B59DD5F00EB3A5B /* FruitSelectView.xib */,
				F49B61741B59E80700EB3A5B /* FruitSelectView.m */,
				F49B61731B59E80700EB3A5B /* FruitSelectView.h */,
				F49B61F01B5A430A00EB3A5B /* FruitCategoryCell.h */,
				F49B61F11B5A430A00EB3A5B /* FruitCategoryCell.m */,
				F49B61F21B5A430A00EB3A5B /* FruitCategoryCell.xib */,
				F49B61F51B5A5D3100EB3A5B /* FruitProductCell.h */,
				F49B61F61B5A5D3100EB3A5B /* FruitProductCell.m */,
				F49B61F71B5A5D3100EB3A5B /* FruitProductCell.xib */,
			);
			name = FruitSelection;
			sourceTree = "<group>";
		};
		F40E7D961B80B0880059D5C3 /* BaseVC */ = {
			isa = PBXGroup;
			children = (
				F40E7D861B80AC470059D5C3 /* KalenTabBarC.h */,
				F40E7D871B80AC470059D5C3 /* KalenTabBarC.m */,
				F40E7D881B80AC470059D5C3 /* TabBarBgvView.h */,
				F40E7D891B80AC470059D5C3 /* TabBarBgvView.m */,
				F40E7D8A1B80AC470059D5C3 /* TabBarBgView.xib */,
			);
			name = BaseVC;
			sourceTree = "<group>";
		};
		F45BF1871BF83B5200D28ADE /* YPDataRequest */ = {
			isa = PBXGroup;
			children = (
				F45BF1881BF83C4C00D28ADE /* YPDataRequest.h */,
				F45BF1891BF83C4C00D28ADE /* YPDataRequest.m */,
				F45BF18E1BF84C4200D28ADE /* YPResponse.h */,
				F45BF18F1BF84C4200D28ADE /* YPResponse.m */,
				F45BF1941BF8543800D28ADE /* YPModel.h */,
				F45BF1951BF8543800D28ADE /* YPModel.m */,
				F42116BD1BFF072300436A70 /* ProductListInType.h */,
				F42116BE1BFF072300436A70 /* ProductListInType.m */,
				F42116C31BFF0A4F00436A70 /* ProductListResponse.h */,
				F42116C41BFF0A4F00436A70 /* ProductListResponse.m */,
				F42116C01BFF090D00436A70 /* FruitInfoModel.h */,
				F42116C11BFF090D00436A70 /* FruitInfoModel.m */,
			);
			path = YPDataRequest;
			sourceTree = "<group>";
		};
		F49B61331B59D40E00EB3A5B = {
			isa = PBXGroup;
			children = (
				F49B613E1B59D40E00EB3A5B /* YPJGFruit */,
				F49B615B1B59D40E00EB3A5B /* YPJGFruitTests */,
				F49B613D1B59D40E00EB3A5B /* Products */,
				E1E0C2B1694A90E30D396A1E /* Pods */,
				843C325957C2DF7C91D8E382 /* Frameworks */,
			);
			sourceTree = "<group>";
		};
		F49B613D1B59D40E00EB3A5B /* Products */ = {
			isa = PBXGroup;
			children = (
				F49B613C1B59D40E00EB3A5B /* YPJGFruit.app */,
				F49B61581B59D40E00EB3A5B /* YPJGFruitTests.xctest */,
			);
			name = Products;
			sourceTree = "<group>";
		};
		F49B613E1B59D40E00EB3A5B /* YPJGFruit */ = {
			isa = PBXGroup;
			children = (
				F49B61681B59D42600EB3A5B /* YPJGFruitShop */,
				F49B614C1B59D40E00EB3A5B /* Main.storyboard */,
				F49B614F1B59D40E00EB3A5B /* Images.xcassets */,
				F49B61461B59D40E00EB3A5B /* YPJGFruit.xcdatamodeld */,
				F49B613F1B59D40E00EB3A5B /* Supporting Files */,
			);
			path = YPJGFruit;
			sourceTree = "<group>";
		};
		F49B613F1B59D40E00EB3A5B /* Supporting Files */ = {
			isa = PBXGroup;
			children = (
				F49B61511B59D40E00EB3A5B /* LaunchScreen.xib */,
				F49B61431B59D40E00EB3A5B /* AppDelegate.h */,
				F49B61441B59D40E00EB3A5B /* AppDelegate.m */,
				F49B61491B59D40E00EB3A5B /* ViewController.h */,
				F49B614A1B59D40E00EB3A5B /* ViewController.m */,
				F49B61401B59D40E00EB3A5B /* Info.plist */,
				F49B61411B59D40E00EB3A5B /* main.m */,
				F4F8F2561CAD06A300CDCA5C /* YPJGHeader.pch */,
			);
			name = "Supporting Files";
			sourceTree = "<group>";
		};
		F49B615B1B59D40E00EB3A5B /* YPJGFruitTests */ = {
			isa = PBXGroup;
			children = (
				F49B615E1B59D40E00EB3A5B /* YPJGFruitTests.m */,
				F49B615C1B59D40E00EB3A5B /* Supporting Files */,
			);
			path = YPJGFruitTests;
			sourceTree = "<group>";
		};
		F49B615C1B59D40E00EB3A5B /* Supporting Files */ = {
			isa = PBXGroup;
			children = (
				F49B615D1B59D40E00EB3A5B /* Info.plist */,
			);
			name = "Supporting Files";
			sourceTree = "<group>";
		};
		F49B61681B59D42600EB3A5B /* YPJGFruitShop */ = {
			isa = PBXGroup;
			children = (
				F4F8F2681CAD0BAA00CDCA5C /* CSModel */,
				F4F8F26B1CAD0BAA00CDCA5C /* CSParam */,
				F4F8F2721CAD0BAA00CDCA5C /* CSRequest */,
				F4F8F2751CAD0BAA00CDCA5C /* CWResponse */,
				F4F8F2841CAD0BAA00CDCA5C /* homePage */,
				F4F8F28D1CAD0BAA00CDCA5C /* ThirdParty */,
				F4F8F2571CAD0A9700CDCA5C /* ViewController */,
				F4F8F22B1CAD050C00CDCA5C /* Utility */,
				F45BF1871BF83B5200D28ADE /* YPDataRequest */,
				F49B61FF1B5A93F500EB3A5B /* Plist */,
				F49B61FA1B5A82F600EB3A5B /* Images */,
				F49B61701B59D69A00EB3A5B /* Header */,
				F49B616C1B59D52D00EB3A5B /* Model */,
				F49B616B1B59D51F00EB3A5B /* View */,
				F49B616A1B59D50D00EB3A5B /* VC */,
			);
			name = YPJGFruitShop;
			sourceTree = "<group>";
		};
		F49B616A1B59D50D00EB3A5B /* VC */ = {
			isa = PBXGroup;
			children = (
				F40E7D961B80B0880059D5C3 /* BaseVC */,
				F40E7D951B80B06F0059D5C3 /* FruitSelection */,
				F40E7D8E1B80B0510059D5C3 /* Chat */,
				F447F5D11C29421100733E8E /* WebViewVC.h */,
				F447F5D21C29421100733E8E /* WebViewVC.m */,
				F447F5D31C29421100733E8E /* WebViewVC.xib */,
			);
			name = VC;
			sourceTree = "<group>";
		};
		F49B616B1B59D51F00EB3A5B /* View */ = {
			isa = PBXGroup;
			children = (
			);
			name = View;
			sourceTree = "<group>";
		};
		F49B616C1B59D52D00EB3A5B /* Model */ = {
			isa = PBXGroup;
			children = (
			);
			name = Model;
			sourceTree = "<group>";
		};
		F49B61701B59D69A00EB3A5B /* Header */ = {
			isa = PBXGroup;
			children = (
				F49B61691B59D49700EB3A5B /* BasicHeader.h */,
			);
			name = Header;
			sourceTree = "<group>";
		};
		F49B61FA1B5A82F600EB3A5B /* Images */ = {
			isa = PBXGroup;
			children = (
				F49B61FB1B5A834F00EB3A5B /* 平谷水蜜桃1nomal.jpg */,
				F49B61FC1B5A834F00EB3A5B /* bar_home_se.jpg */,
			);
			name = Images;
			sourceTree = "<group>";
		};
		F49B61FF1B5A93F500EB3A5B /* Plist */ = {
			isa = PBXGroup;
			children = (
				F49B62001B5A940500EB3A5B /* AllProduct.plist */,
			);
			name = Plist;
			sourceTree = "<group>";
		};
		F4F8F22B1CAD050C00CDCA5C /* Utility */ = {
			isa = PBXGroup;
			children = (
				F4F8F22E1CAD050C00CDCA5C /* CWCategory */,
				F4F8F2371CAD050C00CDCA5C /* CWExtends */,
				F4F8F2421CAD050C00CDCA5C /* CWPagecontrol */,
				F4F8F2451CAD050C00CDCA5C /* CWUtil.h */,
				F4F8F2461CAD050C00CDCA5C /* CWUtil.m */,
				F4F8F2531CAD05D100CDCA5C /* Constants.h */,
				F4F8F2541CAD05D100CDCA5C /* Constants.m */,
			);
			path = Utility;
			sourceTree = "<group>";
		};
		F4F8F22E1CAD050C00CDCA5C /* CWCategory */ = {
			isa = PBXGroup;
			children = (
				F4F8F22F1CAD050C00CDCA5C /* NSMutableDictionary+JudgeNull.h */,
				F4F8F2301CAD050C00CDCA5C /* NSMutableDictionary+JudgeNull.m */,
				F4F8F2311CAD050C00CDCA5C /* NSString+Util.h */,
				F4F8F2321CAD050C00CDCA5C /* NSString+Util.m */,
				F4F8F2331CAD050C00CDCA5C /* UIColor+Hex.h */,
				F4F8F2341CAD050C00CDCA5C /* UIColor+Hex.m */,
				F4F8F2351CAD050C00CDCA5C /* UIColor+Image.h */,
				F4F8F2361CAD050C00CDCA5C /* UIColor+Image.m */,
			);
			path = CWCategory;
			sourceTree = "<group>";
		};
		F4F8F2371CAD050C00CDCA5C /* CWExtends */ = {
			isa = PBXGroup;
			children = (
				F4F8F2381CAD050C00CDCA5C /* CustomBtn.h */,
				F4F8F2391CAD050C00CDCA5C /* CustomBtn.m */,
				F4F8F23A1CAD050C00CDCA5C /* CWButton.h */,
				F4F8F23B1CAD050C00CDCA5C /* CWButton.m */,
				F4F8F23C1CAD050C00CDCA5C /* CWLabel.h */,
				F4F8F23D1CAD050C00CDCA5C /* CWLabel.m */,
				F4F8F23E1CAD050C00CDCA5C /* CWTextFieldView.h */,
				F4F8F23F1CAD050C00CDCA5C /* CWTextFieldView.m */,
				F4F8F2401CAD050C00CDCA5C /* CWTextView.h */,
				F4F8F2411CAD050C00CDCA5C /* CWTextView.m */,
			);
			path = CWExtends;
			sourceTree = "<group>";
		};
		F4F8F2421CAD050C00CDCA5C /* CWPagecontrol */ = {
			isa = PBXGroup;
			children = (
				F4F8F2431CAD050C00CDCA5C /* CWPageControl.h */,
				F4F8F2441CAD050C00CDCA5C /* CWPageControl.m */,
			);
			path = CWPagecontrol;
			sourceTree = "<group>";
		};
		F4F8F2571CAD0A9700CDCA5C /* ViewController */ = {
			isa = PBXGroup;
			children = (
				F4F8F2A21CAD112F00CDCA5C /* LoginAndRegist */,
				F4F8F2581CAD0A9700CDCA5C /* BaseController */,
			);
			path = ViewController;
			sourceTree = "<group>";
		};
		F4F8F2581CAD0A9700CDCA5C /* BaseController */ = {
			isa = PBXGroup;
			children = (
				F4F8F2591CAD0A9700CDCA5C /* BaseTableVC.h */,
				F4F8F25A1CAD0A9700CDCA5C /* BaseTableVC.m */,
				F4F8F25B1CAD0A9700CDCA5C /* BaseViewController.h */,
				F4F8F25C1CAD0A9700CDCA5C /* BaseViewController.m */,
				F4F8F25D1CAD0A9700CDCA5C /* CWMTabbarView.h */,
				F4F8F25E1CAD0A9700CDCA5C /* CWMTabbarView.m */,
				F4F8F25F1CAD0A9700CDCA5C /* CWTabBarController.h */,
				F4F8F2601CAD0A9700CDCA5C /* CWTabBarController.m */,
				F4F8F2611CAD0A9700CDCA5C /* CWTabBarView.h */,
				F4F8F2621CAD0A9700CDCA5C /* CWTabBarView.m */,
			);
			path = BaseController;
			sourceTree = "<group>";
		};
		F4F8F2681CAD0BAA00CDCA5C /* CSModel */ = {
			isa = PBXGroup;
			children = (
				F4F8F2691CAD0BAA00CDCA5C /* CarInfo.h */,
				F4F8F26A1CAD0BAA00CDCA5C /* CarInfo.m */,
			);
			path = CSModel;
			sourceTree = "<group>";
		};
		F4F8F26B1CAD0BAA00CDCA5C /* CSParam */ = {
			isa = PBXGroup;
			children = (
				F4F8F26C1CAD0BAA00CDCA5C /* CarInfoParam.h */,
				F4F8F26D1CAD0BAA00CDCA5C /* CarInfoParam.m */,
				F4F8F26E1CAD0BAA00CDCA5C /* EvaluationParam.h */,
				F4F8F26F1CAD0BAA00CDCA5C /* EvaluationParam.m */,
				F4F8F2701CAD0BAA00CDCA5C /* MaintainParam.h */,
				F4F8F2711CAD0BAA00CDCA5C /* MaintainParam.m */,
			);
			path = CSParam;
			sourceTree = "<group>";
		};
		F4F8F2721CAD0BAA00CDCA5C /* CSRequest */ = {
			isa = PBXGroup;
			children = (
				F4F8F2731CAD0BAA00CDCA5C /* CSDataRequest.h */,
				F4F8F2741CAD0BAA00CDCA5C /* CSDataRequest.m */,
			);
			path = CSRequest;
			sourceTree = "<group>";
		};
		F4F8F2751CAD0BAA00CDCA5C /* CWResponse */ = {
			isa = PBXGroup;
			children = (
				F4F8F2761CAD0BAA00CDCA5C /* CarErrorListResponse.h */,
				F4F8F2771CAD0BAA00CDCA5C /* CarErrorListResponse.m */,
				F4F8F2781CAD0BAA00CDCA5C /* CWBaseModel.h */,
				F4F8F2791CAD0BAA00CDCA5C /* CWBaseModel.m */,
				F4F8F27A1CAD0BAA00CDCA5C /* GoodsCarResponse.h */,
				F4F8F27B1CAD0BAA00CDCA5C /* GoodsCarResponse.m */,
				F4F8F27C1CAD0BAA00CDCA5C /* GoodsDetailResponse.h */,
				F4F8F27D1CAD0BAA00CDCA5C /* GoodsDetailResponse.m */,
				F4F8F27E1CAD0BAA00CDCA5C /* LoginResponse.h */,
				F4F8F27F1CAD0BAA00CDCA5C /* LoginResponse.m */,
				F4F8F2801CAD0BAA00CDCA5C /* RegistrationResponse.h */,
				F4F8F2811CAD0BAA00CDCA5C /* RegistrationResponse.m */,
				F4F8F2821CAD0BAA00CDCA5C /* ShopServerResponse.h */,
				F4F8F2831CAD0BAA00CDCA5C /* ShopServerResponse.m */,
			);
			path = CWResponse;
			sourceTree = "<group>";
		};
		F4F8F2841CAD0BAA00CDCA5C /* homePage */ = {
			isa = PBXGroup;
			children = (
				F4F8F2851CAD0BAA00CDCA5C /* GoodsDetailCell.h */,
				F4F8F2861CAD0BAA00CDCA5C /* GoodsDetailCell.m */,
				F4F8F2871CAD0BAA00CDCA5C /* GoodsDetailVC.h */,
				F4F8F2881CAD0BAA00CDCA5C /* GoodsDetailVC.m */,
				F4F8F2891CAD0BAA00CDCA5C /* HomeTableViewCell.h */,
				F4F8F28A1CAD0BAA00CDCA5C /* HomeTableViewCell.m */,
				F4F8F28B1CAD0BAA00CDCA5C /* HomeVC.h */,
				F4F8F28C1CAD0BAA00CDCA5C /* HomeVC.m */,
			);
			path = homePage;
			sourceTree = "<group>";
		};
		F4F8F28D1CAD0BAA00CDCA5C /* ThirdParty */ = {
			isa = PBXGroup;
			children = (
				F4F8F28E1CAD0BAA00CDCA5C /* KDCycleBannerView */,
			);
			path = ThirdParty;
			sourceTree = "<group>";
		};
		F4F8F28E1CAD0BAA00CDCA5C /* KDCycleBannerView */ = {
			isa = PBXGroup;
			children = (
				F4F8F28F1CAD0BAA00CDCA5C /* KDCycleBannerView.h */,
				F4F8F2901CAD0BAA00CDCA5C /* KDCycleBannerView.m */,
			);
			path = KDCycleBannerView;
			sourceTree = "<group>";
		};
		F4F8F2A21CAD112F00CDCA5C /* LoginAndRegist */ = {
			isa = PBXGroup;
			children = (
				F4F8F2A31CAD112F00CDCA5C /* ForgetPasswordVC.h */,
				F4F8F2A41CAD112F00CDCA5C /* ForgetPasswordVC.m */,
				F4F8F2A51CAD112F00CDCA5C /* LoginViewController.h */,
				F4F8F2A61CAD112F00CDCA5C /* LoginViewController.m */,
				F4F8F2A71CAD112F00CDCA5C /* PhoneTableViewCell.h */,
				F4F8F2A81CAD112F00CDCA5C /* PhoneTableViewCell.m */,
				F4F8F2A91CAD112F00CDCA5C /* RegistrationVC.h */,
				F4F8F2AA1CAD112F00CDCA5C /* RegistrationVC.m */,
				F4F8F2AB1CAD112F00CDCA5C /* RemindedTableView.h */,
				F4F8F2AC1CAD112F00CDCA5C /* RemindedTableView.m */,
			);
			path = LoginAndRegist;
			sourceTree = "<group>";
		};
/* End PBXGroup section */

/* Begin PBXNativeTarget section */
		F49B613B1B59D40E00EB3A5B /* YPJGFruit */ = {
			isa = PBXNativeTarget;
			buildConfigurationList = F49B61621B59D40E00EB3A5B /* Build configuration list for PBXNativeTarget "YPJGFruit" */;
			buildPhases = (
				F8A9F1A7E5B9627E7F40A4A7 /* Check Pods Manifest.lock */,
				F49B61381B59D40E00EB3A5B /* Sources */,
				F49B61391B59D40E00EB3A5B /* Frameworks */,
				F49B613A1B59D40E00EB3A5B /* Resources */,
				DFD3ECCB9B13DE82D50C14AC /* Embed Pods Frameworks */,
				A5100A8D4D5571D4A3D710A2 /* Copy Pods Resources */,
			);
			buildRules = (
			);
			dependencies = (
			);
			name = YPJGFruit;
			productName = YPJGFruit;
			productReference = F49B613C1B59D40E00EB3A5B /* YPJGFruit.app */;
			productType = "com.apple.product-type.application";
		};
		F49B61571B59D40E00EB3A5B /* YPJGFruitTests */ = {
			isa = PBXNativeTarget;
			buildConfigurationList = F49B61651B59D40E00EB3A5B /* Build configuration list for PBXNativeTarget "YPJGFruitTests" */;
			buildPhases = (
				F49B61541B59D40E00EB3A5B /* Sources */,
				F49B61551B59D40E00EB3A5B /* Frameworks */,
				F49B61561B59D40E00EB3A5B /* Resources */,
			);
			buildRules = (
			);
			dependencies = (
				F49B615A1B59D40E00EB3A5B /* PBXTargetDependency */,
			);
			name = YPJGFruitTests;
			productName = YPJGFruitTests;
			productReference = F49B61581B59D40E00EB3A5B /* YPJGFruitTests.xctest */;
			productType = "com.apple.product-type.bundle.unit-test";
		};
/* End PBXNativeTarget section */

/* Begin PBXProject section */
		F49B61341B59D40E00EB3A5B /* Project object */ = {
			isa = PBXProject;
			attributes = {
				LastUpgradeCheck = 0630;
				ORGANIZATIONNAME = kalen;
				TargetAttributes = {
					F49B613B1B59D40E00EB3A5B = {
						CreatedOnToolsVersion = 6.3.2;
					};
					F49B61571B59D40E00EB3A5B = {
						CreatedOnToolsVersion = 6.3.2;
						TestTargetID = F49B613B1B59D40E00EB3A5B;
					};
				};
			};
			buildConfigurationList = F49B61371B59D40E00EB3A5B /* Build configuration list for PBXProject "YPJGFruit" */;
			compatibilityVersion = "Xcode 3.2";
			developmentRegion = English;
			hasScannedForEncodings = 0;
			knownRegions = (
				en,
				Base,
			);
			mainGroup = F49B61331B59D40E00EB3A5B;
			productRefGroup = F49B613D1B59D40E00EB3A5B /* Products */;
			projectDirPath = "";
			projectRoot = "";
			targets = (
				F49B613B1B59D40E00EB3A5B /* YPJGFruit */,
				F49B61571B59D40E00EB3A5B /* YPJGFruitTests */,
			);
		};
/* End PBXProject section */

/* Begin PBXResourcesBuildPhase section */
		F49B613A1B59D40E00EB3A5B /* Resources */ = {
			isa = PBXResourcesBuildPhase;
			buildActionMask = 2147483647;
			files = (
				F447F5D51C29421100733E8E /* WebViewVC.xib in Resources */,
				F40E7DBC1B80C26E0059D5C3 /* MessageVC.xib in Resources */,
				F49B61FE1B5A834F00EB3A5B /* bar_home_se.jpg in Resources */,
				F49B62011B5A940500EB3A5B /* AllProduct.plist in Resources */,
				F49B61FD1B5A834F00EB3A5B /* 平谷水蜜桃1nomal.jpg in Resources */,
				F49B61F91B5A5D3100EB3A5B /* FruitProductCell.xib in Resources */,
				F49B614E1B59D40E00EB3A5B /* Main.storyboard in Resources */,
				F40E7D8D1B80AC470059D5C3 /* TabBarBgView.xib in Resources */,
				F49B61F41B5A430A00EB3A5B /* FruitCategoryCell.xib in Resources */,
				F49B61721B59DD5F00EB3A5B /* FruitSelectView.xib in Resources */,
				F49B61531B59D40E00EB3A5B /* LaunchScreen.xib in Resources */,
				F49B61501B59D40E00EB3A5B /* Images.xcassets in Resources */,
			);
			runOnlyForDeploymentPostprocessing = 0;
		};
		F49B61561B59D40E00EB3A5B /* Resources */ = {
			isa = PBXResourcesBuildPhase;
			buildActionMask = 2147483647;
			files = (
			);
			runOnlyForDeploymentPostprocessing = 0;
		};
/* End PBXResourcesBuildPhase section */

/* Begin PBXShellScriptBuildPhase section */
		A5100A8D4D5571D4A3D710A2 /* Copy Pods Resources */ = {
			isa = PBXShellScriptBuildPhase;
			buildActionMask = 2147483647;
			files = (
			);
			inputPaths = (
			);
			name = "Copy Pods Resources";
			outputPaths = (
			);
			runOnlyForDeploymentPostprocessing = 0;
			shellPath = /bin/sh;
			shellScript = "\"${SRCROOT}/Pods/Target Support Files/Pods-YPJGFruit/Pods-YPJGFruit-resources.sh\"\n";
			showEnvVarsInLog = 0;
		};
		DFD3ECCB9B13DE82D50C14AC /* Embed Pods Frameworks */ = {
			isa = PBXShellScriptBuildPhase;
			buildActionMask = 2147483647;
			files = (
			);
			inputPaths = (
			);
			name = "Embed Pods Frameworks";
			outputPaths = (
			);
			runOnlyForDeploymentPostprocessing = 0;
			shellPath = /bin/sh;
			shellScript = "\"${SRCROOT}/Pods/Target Support Files/Pods-YPJGFruit/Pods-YPJGFruit-frameworks.sh\"\n";
			showEnvVarsInLog = 0;
		};
		F8A9F1A7E5B9627E7F40A4A7 /* Check Pods Manifest.lock */ = {
			isa = PBXShellScriptBuildPhase;
			buildActionMask = 2147483647;
			files = (
			);
			inputPaths = (
			);
			name = "Check Pods Manifest.lock";
			outputPaths = (
			);
			runOnlyForDeploymentPostprocessing = 0;
			shellPath = /bin/sh;
			shellScript = "diff \"${PODS_ROOT}/../Podfile.lock\" \"${PODS_ROOT}/Manifest.lock\" > /dev/null\nif [[ $? != 0 ]] ; then\n    cat << EOM\nerror: The sandbox is not in sync with the Podfile.lock. Run 'pod install' or update your CocoaPods installation.\nEOM\n    exit 1\nfi\n";
			showEnvVarsInLog = 0;
		};
/* End PBXShellScriptBuildPhase section */

/* Begin PBXSourcesBuildPhase section */
		F49B61381B59D40E00EB3A5B /* Sources */ = {
			isa = PBXSourcesBuildPhase;
			buildActionMask = 2147483647;
			files = (
				F4F8F2981CAD0BAA00CDCA5C /* GoodsCarResponse.m in Sources */,
				F4F8F2921CAD0BAA00CDCA5C /* CarInfoParam.m in Sources */,
				F4F8F2641CAD0A9700CDCA5C /* BaseViewController.m in Sources */,
				F4F8F2951CAD0BAA00CDCA5C /* CSDataRequest.m in Sources */,
				F4F8F2501CAD050C00CDCA5C /* CWTextView.m in Sources */,
				F49B61F81B5A5D3100EB3A5B /* FruitProductCell.m in Sources */,
				F49B61481B59D40E00EB3A5B /* YPJGFruit.xcdatamodeld in Sources */,
				F40E7DBB1B80C26E0059D5C3 /* MessageVC.m in Sources */,
				F4F8F2AD1CAD112F00CDCA5C /* ForgetPasswordVC.m in Sources */,
				F447F5D41C29421100733E8E /* WebViewVC.m in Sources */,
				F4F8F2511CAD050C00CDCA5C /* CWPageControl.m in Sources */,
				F40E7D8B1B80AC470059D5C3 /* KalenTabBarC.m in Sources */,
				F4F8F2AF1CAD112F00CDCA5C /* PhoneTableViewCell.m in Sources */,
				F4F8F2B11CAD112F00CDCA5C /* RemindedTableView.m in Sources */,
				F4F8F2661CAD0A9700CDCA5C /* CWTabBarController.m in Sources */,
				F49B61451B59D40E00EB3A5B /* AppDelegate.m in Sources */,
				F4F8F29F1CAD0BAA00CDCA5C /* HomeTableViewCell.m in Sources */,
				F4F8F24E1CAD050C00CDCA5C /* CWLabel.m in Sources */,
				F4F8F29D1CAD0BAA00CDCA5C /* GoodsDetailCell.m in Sources */,
				F42116C51BFF0A4F00436A70 /* ProductListResponse.m in Sources */,
				F42116C21BFF090D00436A70 /* FruitInfoModel.m in Sources */,
				F4F8F2971CAD0BAA00CDCA5C /* CWBaseModel.m in Sources */,
				F4F8F2911CAD0BAA00CDCA5C /* CarInfo.m in Sources */,
				F45BF18A1BF83C4C00D28ADE /* YPDataRequest.m in Sources */,
				F4F8F2631CAD0A9700CDCA5C /* BaseTableVC.m in Sources */,
				F49B614B1B59D40E00EB3A5B /* ViewController.m in Sources */,
				F4F8F2491CAD050C00CDCA5C /* NSString+Util.m in Sources */,
				F49B61751B59E80700EB3A5B /* FruitSelectView.m in Sources */,
				F40E7D8C1B80AC470059D5C3 /* TabBarBgvView.m in Sources */,
				F4F8F24F1CAD050C00CDCA5C /* CWTextFieldView.m in Sources */,
				F4F8F2A01CAD0BAA00CDCA5C /* HomeVC.m in Sources */,
				F4F8F2671CAD0A9700CDCA5C /* CWTabBarView.m in Sources */,
				F4F8F2A11CAD0BAA00CDCA5C /* KDCycleBannerView.m in Sources */,
				F4F8F29B1CAD0BAA00CDCA5C /* RegistrationResponse.m in Sources */,
				F42116BF1BFF072300436A70 /* ProductListInType.m in Sources */,
				F40E7D931B80B05F0059D5C3 /* TRMessage.m in Sources */,
				F4F8F24C1CAD050C00CDCA5C /* CustomBtn.m in Sources */,
				F4F8F2991CAD0BAA00CDCA5C /* GoodsDetailResponse.m in Sources */,
				F4F8F2481CAD050C00CDCA5C /* NSMutableDictionary+JudgeNull.m in Sources */,
				F49B61F31B5A430A00EB3A5B /* FruitCategoryCell.m in Sources */,
				F4F8F2931CAD0BAA00CDCA5C /* EvaluationParam.m in Sources */,
				F4F8F2B01CAD112F00CDCA5C /* RegistrationVC.m in Sources */,
				F40E7DBF1B80CD730059D5C3 /* MVC.m in Sources */,
				F4F8F29A1CAD0BAA00CDCA5C /* LoginResponse.m in Sources */,
				F40E7D941B80B05F0059D5C3 /* TRMessageCell.m in Sources */,
				F4F8F2651CAD0A9700CDCA5C /* CWMTabbarView.m in Sources */,
				F4F8F2941CAD0BAA00CDCA5C /* MaintainParam.m in Sources */,
				F4F8F2551CAD05D100CDCA5C /* Constants.m in Sources */,
				F45BF1961BF8543800D28ADE /* YPModel.m in Sources */,
				F4F8F24B1CAD050C00CDCA5C /* UIColor+Image.m in Sources */,
				F4F8F29E1CAD0BAA00CDCA5C /* GoodsDetailVC.m in Sources */,
				F4F8F29C1CAD0BAA00CDCA5C /* ShopServerResponse.m in Sources */,
				F49B616F1B59D66F00EB3A5B /* FruitSelectionVC.m in Sources */,
				F4F8F2521CAD050C00CDCA5C /* CWUtil.m in Sources */,
				F45BF1901BF84C4200D28ADE /* YPResponse.m in Sources */,
				F49B61421B59D40E00EB3A5B /* main.m in Sources */,
				F4F8F2AE1CAD112F00CDCA5C /* LoginViewController.m in Sources */,
				F4F8F24D1CAD050C00CDCA5C /* CWButton.m in Sources */,
				F4F8F2961CAD0BAA00CDCA5C /* CarErrorListResponse.m in Sources */,
				F4F8F24A1CAD050C00CDCA5C /* UIColor+Hex.m in Sources */,
			);
			runOnlyForDeploymentPostprocessing = 0;
		};
		F49B61541B59D40E00EB3A5B /* Sources */ = {
			isa = PBXSourcesBuildPhase;
			buildActionMask = 2147483647;
			files = (
				F49B615F1B59D40E00EB3A5B /* YPJGFruitTests.m in Sources */,
			);
			runOnlyForDeploymentPostprocessing = 0;
		};
/* End PBXSourcesBuildPhase section */

/* Begin PBXTargetDependency section */
		F49B615A1B59D40E00EB3A5B /* PBXTargetDependency */ = {
			isa = PBXTargetDependency;
			target = F49B613B1B59D40E00EB3A5B /* YPJGFruit */;
			targetProxy = F49B61591B59D40E00EB3A5B /* PBXContainerItemProxy */;
		};
/* End PBXTargetDependency section */

/* Begin PBXVariantGroup section */
		F49B614C1B59D40E00EB3A5B /* Main.storyboard */ = {
			isa = PBXVariantGroup;
			children = (
				F49B614D1B59D40E00EB3A5B /* Base */,
			);
			name = Main.storyboard;
			sourceTree = "<group>";
		};
		F49B61511B59D40E00EB3A5B /* LaunchScreen.xib */ = {
			isa = PBXVariantGroup;
			children = (
				F49B61521B59D40E00EB3A5B /* Base */,
			);
			name = LaunchScreen.xib;
			sourceTree = "<group>";
		};
/* End PBXVariantGroup section */

/* Begin XCBuildConfiguration section */
		F49B61601B59D40E00EB3A5B /* Debug */ = {
			isa = XCBuildConfiguration;
			buildSettings = {
				ALWAYS_SEARCH_USER_PATHS = NO;
				CLANG_CXX_LANGUAGE_STANDARD = "gnu++0x";
				CLANG_CXX_LIBRARY = "libc++";
				CLANG_ENABLE_MODULES = YES;
				CLANG_ENABLE_OBJC_ARC = YES;
				CLANG_WARN_BOOL_CONVERSION = YES;
				CLANG_WARN_CONSTANT_CONVERSION = YES;
				CLANG_WARN_DIRECT_OBJC_ISA_USAGE = YES_ERROR;
				CLANG_WARN_EMPTY_BODY = YES;
				CLANG_WARN_ENUM_CONVERSION = YES;
				CLANG_WARN_INT_CONVERSION = YES;
				CLANG_WARN_OBJC_ROOT_CLASS = YES_ERROR;
				CLANG_WARN_UNREACHABLE_CODE = YES;
				CLANG_WARN__DUPLICATE_METHOD_MATCH = YES;
				"CODE_SIGN_IDENTITY[sdk=iphoneos*]" = "iPhone Developer";
				COPY_PHASE_STRIP = NO;
				DEBUG_INFORMATION_FORMAT = "dwarf-with-dsym";
				ENABLE_STRICT_OBJC_MSGSEND = YES;
				GCC_C_LANGUAGE_STANDARD = gnu99;
				GCC_DYNAMIC_NO_PIC = NO;
				GCC_NO_COMMON_BLOCKS = YES;
				GCC_OPTIMIZATION_LEVEL = 0;
				GCC_PREPROCESSOR_DEFINITIONS = (
					"DEBUG=1",
					"$(inherited)",
				);
				GCC_SYMBOLS_PRIVATE_EXTERN = NO;
				GCC_WARN_64_TO_32_BIT_CONVERSION = YES;
				GCC_WARN_ABOUT_RETURN_TYPE = YES_ERROR;
				GCC_WARN_UNDECLARED_SELECTOR = YES;
				GCC_WARN_UNINITIALIZED_AUTOS = YES_AGGRESSIVE;
				GCC_WARN_UNUSED_FUNCTION = YES;
				GCC_WARN_UNUSED_VARIABLE = YES;
				IPHONEOS_DEPLOYMENT_TARGET = 8.3;
				MTL_ENABLE_DEBUG_INFO = YES;
				ONLY_ACTIVE_ARCH = YES;
				SDKROOT = iphoneos;
			};
			name = Debug;
		};
		F49B61611B59D40E00EB3A5B /* Release */ = {
			isa = XCBuildConfiguration;
			buildSettings = {
				ALWAYS_SEARCH_USER_PATHS = NO;
				CLANG_CXX_LANGUAGE_STANDARD = "gnu++0x";
				CLANG_CXX_LIBRARY = "libc++";
				CLANG_ENABLE_MODULES = YES;
				CLANG_ENABLE_OBJC_ARC = YES;
				CLANG_WARN_BOOL_CONVERSION = YES;
				CLANG_WARN_CONSTANT_CONVERSION = YES;
				CLANG_WARN_DIRECT_OBJC_ISA_USAGE = YES_ERROR;
				CLANG_WARN_EMPTY_BODY = YES;
				CLANG_WARN_ENUM_CONVERSION = YES;
				CLANG_WARN_INT_CONVERSION = YES;
				CLANG_WARN_OBJC_ROOT_CLASS = YES_ERROR;
				CLANG_WARN_UNREACHABLE_CODE = YES;
				CLANG_WARN__DUPLICATE_METHOD_MATCH = YES;
				"CODE_SIGN_IDENTITY[sdk=iphoneos*]" = "iPhone Developer";
				COPY_PHASE_STRIP = NO;
				DEBUG_INFORMATION_FORMAT = "dwarf-with-dsym";
				ENABLE_NS_ASSERTIONS = NO;
				ENABLE_STRICT_OBJC_MSGSEND = YES;
				GCC_C_LANGUAGE_STANDARD = gnu99;
				GCC_NO_COMMON_BLOCKS = YES;
				GCC_WARN_64_TO_32_BIT_CONVERSION = YES;
				GCC_WARN_ABOUT_RETURN_TYPE = YES_ERROR;
				GCC_WARN_UNDECLARED_SELECTOR = YES;
				GCC_WARN_UNINITIALIZED_AUTOS = YES_AGGRESSIVE;
				GCC_WARN_UNUSED_FUNCTION = YES;
				GCC_WARN_UNUSED_VARIABLE = YES;
				IPHONEOS_DEPLOYMENT_TARGET = 8.3;
				MTL_ENABLE_DEBUG_INFO = NO;
				SDKROOT = iphoneos;
				VALIDATE_PRODUCT = YES;
			};
			name = Release;
		};
		F49B61631B59D40E00EB3A5B /* Debug */ = {
			isa = XCBuildConfiguration;
			baseConfigurationReference = 961C16A3B3BA4477C3038497 /* Pods-YPJGFruit.debug.xcconfig */;
			buildSettings = {
				ASSETCATALOG_COMPILER_APPICON_NAME = AppIcon;
				GCC_PREFIX_HEADER = /Users/kalen/Desktop/IOS_Development/YPJGFruit/YPJGFruit/YPJGHeader.pch;
				INFOPLIST_FILE = YPJGFruit/Info.plist;
				LD_RUNPATH_SEARCH_PATHS = "$(inherited) @executable_path/Frameworks";
				PRODUCT_NAME = "$(TARGET_NAME)";
			};
			name = Debug;
		};
		F49B61641B59D40E00EB3A5B /* Release */ = {
			isa = XCBuildConfiguration;
			baseConfigurationReference = 858F67375FE1B3D35190A4BC /* Pods-YPJGFruit.release.xcconfig */;
			buildSettings = {
				ASSETCATALOG_COMPILER_APPICON_NAME = AppIcon;
				GCC_PREFIX_HEADER = /Users/kalen/Desktop/IOS_Development/YPJGFruit/YPJGFruit/YPJGHeader.pch;
				INFOPLIST_FILE = YPJGFruit/Info.plist;
				LD_RUNPATH_SEARCH_PATHS = "$(inherited) @executable_path/Frameworks";
				PRODUCT_NAME = "$(TARGET_NAME)";
			};
			name = Release;
		};
		F49B61661B59D40E00EB3A5B /* Debug */ = {
			isa = XCBuildConfiguration;
			buildSettings = {
				BUNDLE_LOADER = "$(TEST_HOST)";
				FRAMEWORK_SEARCH_PATHS = (
					"$(SDKROOT)/Developer/Library/Frameworks",
					"$(inherited)",
				);
				GCC_PREPROCESSOR_DEFINITIONS = (
					"DEBUG=1",
					"$(inherited)",
				);
				INFOPLIST_FILE = YPJGFruitTests/Info.plist;
				LD_RUNPATH_SEARCH_PATHS = "$(inherited) @executable_path/Frameworks @loader_path/Frameworks";
				PRODUCT_NAME = "$(TARGET_NAME)";
				TEST_HOST = "$(BUILT_PRODUCTS_DIR)/YPJGFruit.app/YPJGFruit";
			};
			name = Debug;
		};
		F49B61671B59D40E00EB3A5B /* Release */ = {
			isa = XCBuildConfiguration;
			buildSettings = {
				BUNDLE_LOADER = "$(TEST_HOST)";
				FRAMEWORK_SEARCH_PATHS = (
					"$(SDKROOT)/Developer/Library/Frameworks",
					"$(inherited)",
				);
				INFOPLIST_FILE = YPJGFruitTests/Info.plist;
				LD_RUNPATH_SEARCH_PATHS = "$(inherited) @executable_path/Frameworks @loader_path/Frameworks";
				PRODUCT_NAME = "$(TARGET_NAME)";
				TEST_HOST = "$(BUILT_PRODUCTS_DIR)/YPJGFruit.app/YPJGFruit";
			};
			name = Release;
		};
/* End XCBuildConfiguration section */

/* Begin XCConfigurationList section */
		F49B61371B59D40E00EB3A5B /* Build configuration list for PBXProject "YPJGFruit" */ = {
			isa = XCConfigurationList;
			buildConfigurations = (
				F49B61601B59D40E00EB3A5B /* Debug */,
				F49B61611B59D40E00EB3A5B /* Release */,
			);
			defaultConfigurationIsVisible = 0;
			defaultConfigurationName = Release;
		};
		F49B61621B59D40E00EB3A5B /* Build configuration list for PBXNativeTarget "YPJGFruit" */ = {
			isa = XCConfigurationList;
			buildConfigurations = (
				F49B61631B59D40E00EB3A5B /* Debug */,
				F49B61641B59D40E00EB3A5B /* Release */,
			);
			defaultConfigurationIsVisible = 0;
			defaultConfigurationName = Release;
		};
		F49B61651B59D40E00EB3A5B /* Build configuration list for PBXNativeTarget "YPJGFruitTests" */ = {
			isa = XCConfigurationList;
			buildConfigurations = (
				F49B61661B59D40E00EB3A5B /* Debug */,
				F49B61671B59D40E00EB3A5B /* Release */,
			);
			defaultConfigurationIsVisible = 0;
			defaultConfigurationName = Release;
		};
/* End XCConfigurationList section */

/* Begin XCVersionGroup section */
		F49B61461B59D40E00EB3A5B /* YPJGFruit.xcdatamodeld */ = {
			isa = XCVersionGroup;
			children = (
				F49B61471B59D40E00EB3A5B /* YPJGFruit.xcdatamodel */,
			);
			currentVersion = F49B61471B59D40E00EB3A5B /* YPJGFruit.xcdatamodel */;
			path = YPJGFruit.xcdatamodeld;
			sourceTree = "<group>";
			versionGroupType = wrapper.xcdatamodel;
		};
/* End XCVersionGroup section */
	};
	rootObject = F49B61341B59D40E00EB3A5B /* Project object */;
}
