// !$*UTF8*$!
{
	archiveVersion = 1;
	classes = {
	};
	objectVersion = 46;
	objects = {

/* Begin PBXBuildFile section */
		D43D763BF8AB8C6EF3D48B36 /* libPods-CarCare.a in Frameworks */ = {isa = PBXBuildFile; fileRef = 5291877B187717A983DCBFB3 /* libPods-CarCare.a */; };
		F4ECCED41C86DAB1003A0961 /* main.m in Sources */ = {isa = PBXBuildFile; fileRef = F4ECCED31C86DAB1003A0961 /* main.m */; };
		F4ECCED71C86DAB1003A0961 /* AppDelegate.m in Sources */ = {isa = PBXBuildFile; fileRef = F4ECCED61C86DAB1003A0961 /* AppDelegate.m */; };
		F4ECCEDA1C86DAB1003A0961 /* ViewController.m in Sources */ = {isa = PBXBuildFile; fileRef = F4ECCED91C86DAB1003A0961 /* ViewController.m */; };
		F4ECCEDD1C86DAB1003A0961 /* Main.storyboard in Resources */ = {isa = PBXBuildFile; fileRef = F4ECCEDB1C86DAB1003A0961 /* Main.storyboard */; };
		F4ECCEDF1C86DAB1003A0961 /* Assets.xcassets in Resources */ = {isa = PBXBuildFile; fileRef = F4ECCEDE1C86DAB1003A0961 /* Assets.xcassets */; };
		F4ECCEE21C86DAB1003A0961 /* LaunchScreen.storyboard in Resources */ = {isa = PBXBuildFile; fileRef = F4ECCEE01C86DAB1003A0961 /* LaunchScreen.storyboard */; };
		F4ECCEED1C86DAB1003A0961 /* CarCareTests.m in Sources */ = {isa = PBXBuildFile; fileRef = F4ECCEEC1C86DAB1003A0961 /* CarCareTests.m */; };
		F4ECCEF81C86DAB1003A0961 /* CarCareUITests.m in Sources */ = {isa = PBXBuildFile; fileRef = F4ECCEF71C86DAB1003A0961 /* CarCareUITests.m */; };
		F4ECCF091C86DD63003A0961 /* Constants.m in Sources */ = {isa = PBXBuildFile; fileRef = F4ECCF081C86DD63003A0961 /* Constants.m */; };
		F4ECCF151C86E36F003A0961 /* BaseVC.m in Sources */ = {isa = PBXBuildFile; fileRef = F4ECCF141C86E36F003A0961 /* BaseVC.m */; };
		F4ECCF181C86E419003A0961 /* LoginVC.m in Sources */ = {isa = PBXBuildFile; fileRef = F4ECCF171C86E419003A0961 /* LoginVC.m */; };
		F4ECCF211C880820003A0961 /* normalize.css in Resources */ = {isa = PBXBuildFile; fileRef = F4ECCF1F1C880820003A0961 /* normalize.css */; };
		F4ECCF221C880820003A0961 /* index.html in Resources */ = {isa = PBXBuildFile; fileRef = F4ECCF201C880820003A0961 /* index.html */; };
/* End PBXBuildFile section */

/* Begin PBXContainerItemProxy section */
		F4ECCEE91C86DAB1003A0961 /* PBXContainerItemProxy */ = {
			isa = PBXContainerItemProxy;
			containerPortal = F4ECCEC71C86DAB1003A0961 /* Project object */;
			proxyType = 1;
			remoteGlobalIDString = F4ECCECE1C86DAB1003A0961;
			remoteInfo = CarCare;
		};
		F4ECCEF41C86DAB1003A0961 /* PBXContainerItemProxy */ = {
			isa = PBXContainerItemProxy;
			containerPortal = F4ECCEC71C86DAB1003A0961 /* Project object */;
			proxyType = 1;
			remoteGlobalIDString = F4ECCECE1C86DAB1003A0961;
			remoteInfo = CarCare;
		};
/* End PBXContainerItemProxy section */

/* Begin PBXFileReference section */
		02E71C7E91EEAF65367D1A8F /* Pods-CarCare.release.xcconfig */ = {isa = PBXFileReference; includeInIndex = 1; lastKnownFileType = text.xcconfig; name = "Pods-CarCare.release.xcconfig"; path = "Pods/Target Support Files/Pods-CarCare/Pods-CarCare.release.xcconfig"; sourceTree = "<group>"; };
		5291877B187717A983DCBFB3 /* libPods-CarCare.a */ = {isa = PBXFileReference; explicitFileType = archive.ar; includeInIndex = 0; path = "libPods-CarCare.a"; sourceTree = BUILT_PRODUCTS_DIR; };
		A8E2FCAB3A4382F3A3A32D16 /* Pods-CarCare.debug.xcconfig */ = {isa = PBXFileReference; includeInIndex = 1; lastKnownFileType = text.xcconfig; name = "Pods-CarCare.debug.xcconfig"; path = "Pods/Target Support Files/Pods-CarCare/Pods-CarCare.debug.xcconfig"; sourceTree = "<group>"; };
		F4ECCECF1C86DAB1003A0961 /* CarCare.app */ = {isa = PBXFileReference; explicitFileType = wrapper.application; includeInIndex = 0; path = CarCare.app; sourceTree = BUILT_PRODUCTS_DIR; };
		F4ECCED31C86DAB1003A0961 /* main.m */ = {isa = PBXFileReference; lastKnownFileType = sourcecode.c.objc; path = main.m; sourceTree = "<group>"; };
		F4ECCED51C86DAB1003A0961 /* AppDelegate.h */ = {isa = PBXFileReference; lastKnownFileType = sourcecode.c.h; path = AppDelegate.h; sourceTree = "<group>"; };
		F4ECCED61C86DAB1003A0961 /* AppDelegate.m */ = {isa = PBXFileReference; lastKnownFileType = sourcecode.c.objc; path = AppDelegate.m; sourceTree = "<group>"; };
		F4ECCED81C86DAB1003A0961 /* ViewController.h */ = {isa = PBXFileReference; lastKnownFileType = sourcecode.c.h; path = ViewController.h; sourceTree = "<group>"; };
		F4ECCED91C86DAB1003A0961 /* ViewController.m */ = {isa = PBXFileReference; lastKnownFileType = sourcecode.c.objc; path = ViewController.m; sourceTree = "<group>"; };
		F4ECCEDC1C86DAB1003A0961 /* Base */ = {isa = PBXFileReference; lastKnownFileType = file.storyboard; name = Base; path = Base.lproj/Main.storyboard; sourceTree = "<group>"; };
		F4ECCEDE1C86DAB1003A0961 /* Assets.xcassets */ = {isa = PBXFileReference; lastKnownFileType = folder.assetcatalog; path = Assets.xcassets; sourceTree = "<group>"; };
		F4ECCEE11C86DAB1003A0961 /* Base */ = {isa = PBXFileReference; lastKnownFileType = file.storyboard; name = Base; path = Base.lproj/LaunchScreen.storyboard; sourceTree = "<group>"; };
		F4ECCEE31C86DAB1003A0961 /* Info.plist */ = {isa = PBXFileReference; lastKnownFileType = text.plist.xml; path = Info.plist; sourceTree = "<group>"; };
		F4ECCEE81C86DAB1003A0961 /* CarCareTests.xctest */ = {isa = PBXFileReference; explicitFileType = wrapper.cfbundle; includeInIndex = 0; path = CarCareTests.xctest; sourceTree = BUILT_PRODUCTS_DIR; };
		F4ECCEEC1C86DAB1003A0961 /* CarCareTests.m */ = {isa = PBXFileReference; lastKnownFileType = sourcecode.c.objc; path = CarCareTests.m; sourceTree = "<group>"; };
		F4ECCEEE1C86DAB1003A0961 /* Info.plist */ = {isa = PBXFileReference; lastKnownFileType = text.plist.xml; path = Info.plist; sourceTree = "<group>"; };
		F4ECCEF31C86DAB1003A0961 /* CarCareUITests.xctest */ = {isa = PBXFileReference; explicitFileType = wrapper.cfbundle; includeInIndex = 0; path = CarCareUITests.xctest; sourceTree = BUILT_PRODUCTS_DIR; };
		F4ECCEF71C86DAB1003A0961 /* CarCareUITests.m */ = {isa = PBXFileReference; lastKnownFileType = sourcecode.c.objc; path = CarCareUITests.m; sourceTree = "<group>"; };
		F4ECCEF91C86DAB1003A0961 /* Info.plist */ = {isa = PBXFileReference; lastKnownFileType = text.plist.xml; path = Info.plist; sourceTree = "<group>"; };
		F4ECCF051C86DB77003A0961 /* CarCarePch.pch */ = {isa = PBXFileReference; lastKnownFileType = sourcecode.c.h; path = CarCarePch.pch; sourceTree = "<group>"; };
		F4ECCF071C86DD63003A0961 /* Constants.h */ = {isa = PBXFileReference; fileEncoding = 4; lastKnownFileType = sourcecode.c.h; path = Constants.h; sourceTree = "<group>"; };
		F4ECCF081C86DD63003A0961 /* Constants.m */ = {isa = PBXFileReference; fileEncoding = 4; lastKnownFileType = sourcecode.c.objc; path = Constants.m; sourceTree = "<group>"; };
		F4ECCF131C86E36F003A0961 /* BaseVC.h */ = {isa = PBXFileReference; fileEncoding = 4; lastKnownFileType = sourcecode.c.h; path = BaseVC.h; sourceTree = "<group>"; };
		F4ECCF141C86E36F003A0961 /* BaseVC.m */ = {isa = PBXFileReference; fileEncoding = 4; lastKnownFileType = sourcecode.c.objc; path = BaseVC.m; sourceTree = "<group>"; };
		F4ECCF161C86E419003A0961 /* LoginVC.h */ = {isa = PBXFileReference; fileEncoding = 4; lastKnownFileType = sourcecode.c.h; path = LoginVC.h; sourceTree = "<group>"; };
		F4ECCF171C86E419003A0961 /* LoginVC.m */ = {isa = PBXFileReference; fileEncoding = 4; lastKnownFileType = sourcecode.c.objc; path = LoginVC.m; sourceTree = "<group>"; };
		F4ECCF1F1C880820003A0961 /* normalize.css */ = {isa = PBXFileReference; fileEncoding = 4; lastKnownFileType = text.css; path = normalize.css; sourceTree = "<group>"; };
		F4ECCF201C880820003A0961 /* index.html */ = {isa = PBXFileReference; fileEncoding = 4; lastKnownFileType = text.html; path = index.html; sourceTree = "<group>"; };
/* End PBXFileReference section */

/* Begin PBXFrameworksBuildPhase section */
		F4ECCECC1C86DAB1003A0961 /* Frameworks */ = {
			isa = PBXFrameworksBuildPhase;
			buildActionMask = 2147483647;
			files = (
				D43D763BF8AB8C6EF3D48B36 /* libPods-CarCare.a in Frameworks */,
			);
			runOnlyForDeploymentPostprocessing = 0;
		};
		F4ECCEE51C86DAB1003A0961 /* Frameworks */ = {
			isa = PBXFrameworksBuildPhase;
			buildActionMask = 2147483647;
			files = (
			);
			runOnlyForDeploymentPostprocessing = 0;
		};
		F4ECCEF01C86DAB1003A0961 /* Frameworks */ = {
			isa = PBXFrameworksBuildPhase;
			buildActionMask = 2147483647;
			files = (
			);
			runOnlyForDeploymentPostprocessing = 0;
		};
/* End PBXFrameworksBuildPhase section */

/* Begin PBXGroup section */
		3844A3696D2DC16946F9B7A8 /* Frameworks */ = {
			isa = PBXGroup;
			children = (
				5291877B187717A983DCBFB3 /* libPods-CarCare.a */,
			);
			name = Frameworks;
			sourceTree = "<group>";
		};
		5B999BB152BE63FFFF099134 /* Pods */ = {
			isa = PBXGroup;
			children = (
				A8E2FCAB3A4382F3A3A32D16 /* Pods-CarCare.debug.xcconfig */,
				02E71C7E91EEAF65367D1A8F /* Pods-CarCare.release.xcconfig */,
			);
			name = Pods;
			sourceTree = "<group>";
		};
		F4ECCEC61C86DAB1003A0961 = {
			isa = PBXGroup;
			children = (
				F4ECCED11C86DAB1003A0961 /* CarCare */,
				F4ECCEEB1C86DAB1003A0961 /* CarCareTests */,
				F4ECCEF61C86DAB1003A0961 /* CarCareUITests */,
				F4ECCED01C86DAB1003A0961 /* Products */,
				5B999BB152BE63FFFF099134 /* Pods */,
				3844A3696D2DC16946F9B7A8 /* Frameworks */,
			);
			sourceTree = "<group>";
		};
		F4ECCED01C86DAB1003A0961 /* Products */ = {
			isa = PBXGroup;
			children = (
				F4ECCECF1C86DAB1003A0961 /* CarCare.app */,
				F4ECCEE81C86DAB1003A0961 /* CarCareTests.xctest */,
				F4ECCEF31C86DAB1003A0961 /* CarCareUITests.xctest */,
			);
			name = Products;
			sourceTree = "<group>";
		};
		F4ECCED11C86DAB1003A0961 /* CarCare */ = {
			isa = PBXGroup;
			children = (
				F4ECCF0D1C86DEA8003A0961 /* ThirdParty */,
				F4ECCF0A1C86DDB9003A0961 /* Utility */,
				F4ECCF061C86DCD0003A0961 /* ViewController */,
				F4ECCED21C86DAB1003A0961 /* Supporting Files */,
			);
			path = CarCare;
			sourceTree = "<group>";
		};
		F4ECCED21C86DAB1003A0961 /* Supporting Files */ = {
			isa = PBXGroup;
			children = (
				F4ECCED51C86DAB1003A0961 /* AppDelegate.h */,
				F4ECCF1E1C880820003A0961 /* css */,
				F4ECCF201C880820003A0961 /* index.html */,
				F4ECCED61C86DAB1003A0961 /* AppDelegate.m */,
				F4ECCED81C86DAB1003A0961 /* ViewController.h */,
				F4ECCED91C86DAB1003A0961 /* ViewController.m */,
				F4ECCEDB1C86DAB1003A0961 /* Main.storyboard */,
				F4ECCEDE1C86DAB1003A0961 /* Assets.xcassets */,
				F4ECCEE01C86DAB1003A0961 /* LaunchScreen.storyboard */,
				F4ECCEE31C86DAB1003A0961 /* Info.plist */,
				F4ECCED31C86DAB1003A0961 /* main.m */,
				F4ECCF051C86DB77003A0961 /* CarCarePch.pch */,
				F4ECCF071C86DD63003A0961 /* Constants.h */,
				F4ECCF081C86DD63003A0961 /* Constants.m */,
			);
			name = "Supporting Files";
			sourceTree = "<group>";
		};
		F4ECCEEB1C86DAB1003A0961 /* CarCareTests */ = {
			isa = PBXGroup;
			children = (
				F4ECCEEC1C86DAB1003A0961 /* CarCareTests.m */,
				F4ECCEEE1C86DAB1003A0961 /* Info.plist */,
			);
			path = CarCareTests;
			sourceTree = "<group>";
		};
		F4ECCEF61C86DAB1003A0961 /* CarCareUITests */ = {
			isa = PBXGroup;
			children = (
				F4ECCEF71C86DAB1003A0961 /* CarCareUITests.m */,
				F4ECCEF91C86DAB1003A0961 /* Info.plist */,
			);
			path = CarCareUITests;
			sourceTree = "<group>";
		};
		F4ECCF061C86DCD0003A0961 /* ViewController */ = {
			isa = PBXGroup;
			children = (
				F4ECCF121C86E31B003A0961 /* BaseVC */,
				F4ECCF111C86E2B8003A0961 /* LoginAndRegist */,
			);
			path = ViewController;
			sourceTree = "<group>";
		};
		F4ECCF0A1C86DDB9003A0961 /* Utility */ = {
			isa = PBXGroup;
			children = (
				F4ECCF101C86E026003A0961 /* AUResponse */,
				F4ECCF0F1C86DFFF003A0961 /* AURequest */,
				F4ECCF0E1C86DF2F003A0961 /* AUModel */,
				F4ECCF0C1C86DE76003A0961 /* AUExtends */,
				F4ECCF0B1C86DDEC003A0961 /* AUCategory */,
			);
			path = Utility;
			sourceTree = "<group>";
		};
		F4ECCF0B1C86DDEC003A0961 /* AUCategory */ = {
			isa = PBXGroup;
			children = (
			);
			path = AUCategory;
			sourceTree = "<group>";
		};
		F4ECCF0C1C86DE76003A0961 /* AUExtends */ = {
			isa = PBXGroup;
			children = (
			);
			path = AUExtends;
			sourceTree = "<group>";
		};
		F4ECCF0D1C86DEA8003A0961 /* ThirdParty */ = {
			isa = PBXGroup;
			children = (
			);
			path = ThirdParty;
			sourceTree = "<group>";
		};
		F4ECCF0E1C86DF2F003A0961 /* AUModel */ = {
			isa = PBXGroup;
			children = (
			);
			path = AUModel;
			sourceTree = "<group>";
		};
		F4ECCF0F1C86DFFF003A0961 /* AURequest */ = {
			isa = PBXGroup;
			children = (
			);
			path = AURequest;
			sourceTree = "<group>";
		};
		F4ECCF101C86E026003A0961 /* AUResponse */ = {
			isa = PBXGroup;
			children = (
			);
			path = AUResponse;
			sourceTree = "<group>";
		};
		F4ECCF111C86E2B8003A0961 /* LoginAndRegist */ = {
			isa = PBXGroup;
			children = (
				F4ECCF161C86E419003A0961 /* LoginVC.h */,
				F4ECCF171C86E419003A0961 /* LoginVC.m */,
			);
			path = LoginAndRegist;
			sourceTree = "<group>";
		};
		F4ECCF121C86E31B003A0961 /* BaseVC */ = {
			isa = PBXGroup;
			children = (
				F4ECCF131C86E36F003A0961 /* BaseVC.h */,
				F4ECCF141C86E36F003A0961 /* BaseVC.m */,
			);
			path = BaseVC;
			sourceTree = "<group>";
		};
		F4ECCF1E1C880820003A0961 /* css */ = {
			isa = PBXGroup;
			children = (
				F4ECCF1F1C880820003A0961 /* normalize.css */,
			);
			path = css;
			sourceTree = "<group>";
		};
/* End PBXGroup section */

/* Begin PBXNativeTarget section */
		F4ECCECE1C86DAB1003A0961 /* CarCare */ = {
			isa = PBXNativeTarget;
			buildConfigurationList = F4ECCEFC1C86DAB1003A0961 /* Build configuration list for PBXNativeTarget "CarCare" */;
			buildPhases = (
				9815FC1ADDD5CD244CD58C11 /* Check Pods Manifest.lock */,
				F4ECCECB1C86DAB1003A0961 /* Sources */,
				F4ECCECC1C86DAB1003A0961 /* Frameworks */,
				F4ECCECD1C86DAB1003A0961 /* Resources */,
				00CF7896E186C7935146B720 /* Embed Pods Frameworks */,
				1442E86F148480B89E15AE9E /* Copy Pods Resources */,
			);
			buildRules = (
			);
			dependencies = (
			);
			name = CarCare;
			productName = CarCare;
			productReference = F4ECCECF1C86DAB1003A0961 /* CarCare.app */;
			productType = "com.apple.product-type.application";
		};
		F4ECCEE71C86DAB1003A0961 /* CarCareTests */ = {
			isa = PBXNativeTarget;
			buildConfigurationList = F4ECCEFF1C86DAB1003A0961 /* Build configuration list for PBXNativeTarget "CarCareTests" */;
			buildPhases = (
				F4ECCEE41C86DAB1003A0961 /* Sources */,
				F4ECCEE51C86DAB1003A0961 /* Frameworks */,
				F4ECCEE61C86DAB1003A0961 /* Resources */,
			);
			buildRules = (
			);
			dependencies = (
				F4ECCEEA1C86DAB1003A0961 /* PBXTargetDependency */,
			);
			name = CarCareTests;
			productName = CarCareTests;
			productReference = F4ECCEE81C86DAB1003A0961 /* CarCareTests.xctest */;
			productType = "com.apple.product-type.bundle.unit-test";
		};
		F4ECCEF21C86DAB1003A0961 /* CarCareUITests */ = {
			isa = PBXNativeTarget;
			buildConfigurationList = F4ECCF021C86DAB1003A0961 /* Build configuration list for PBXNativeTarget "CarCareUITests" */;
			buildPhases = (
				F4ECCEEF1C86DAB1003A0961 /* Sources */,
				F4ECCEF01C86DAB1003A0961 /* Frameworks */,
				F4ECCEF11C86DAB1003A0961 /* Resources */,
			);
			buildRules = (
			);
			dependencies = (
				F4ECCEF51C86DAB1003A0961 /* PBXTargetDependency */,
			);
			name = CarCareUITests;
			productName = CarCareUITests;
			productReference = F4ECCEF31C86DAB1003A0961 /* CarCareUITests.xctest */;
			productType = "com.apple.product-type.bundle.ui-testing";
		};
/* End PBXNativeTarget section */

/* Begin PBXProject section */
		F4ECCEC71C86DAB1003A0961 /* Project object */ = {
			isa = PBXProject;
			attributes = {
				LastUpgradeCheck = 0720;
				ORGANIZATIONNAME = auguoguo;
				TargetAttributes = {
					F4ECCECE1C86DAB1003A0961 = {
						CreatedOnToolsVersion = 7.2;
					};
					F4ECCEE71C86DAB1003A0961 = {
						CreatedOnToolsVersion = 7.2;
						TestTargetID = F4ECCECE1C86DAB1003A0961;
					};
					F4ECCEF21C86DAB1003A0961 = {
						CreatedOnToolsVersion = 7.2;
						TestTargetID = F4ECCECE1C86DAB1003A0961;
					};
				};
			};
			buildConfigurationList = F4ECCECA1C86DAB1003A0961 /* Build configuration list for PBXProject "CarCare" */;
			compatibilityVersion = "Xcode 3.2";
			developmentRegion = English;
			hasScannedForEncodings = 0;
			knownRegions = (
				en,
				Base,
			);
			mainGroup = F4ECCEC61C86DAB1003A0961;
			productRefGroup = F4ECCED01C86DAB1003A0961 /* Products */;
			projectDirPath = "";
			projectRoot = "";
			targets = (
				F4ECCECE1C86DAB1003A0961 /* CarCare */,
				F4ECCEE71C86DAB1003A0961 /* CarCareTests */,
				F4ECCEF21C86DAB1003A0961 /* CarCareUITests */,
			);
		};
/* End PBXProject section */

/* Begin PBXResourcesBuildPhase section */
		F4ECCECD1C86DAB1003A0961 /* Resources */ = {
			isa = PBXResourcesBuildPhase;
			buildActionMask = 2147483647;
			files = (
				F4ECCF221C880820003A0961 /* index.html in Resources */,
				F4ECCEE21C86DAB1003A0961 /* LaunchScreen.storyboard in Resources */,
				F4ECCF211C880820003A0961 /* normalize.css in Resources */,
				F4ECCEDF1C86DAB1003A0961 /* Assets.xcassets in Resources */,
				F4ECCEDD1C86DAB1003A0961 /* Main.storyboard in Resources */,
			);
			runOnlyForDeploymentPostprocessing = 0;
		};
		F4ECCEE61C86DAB1003A0961 /* Resources */ = {
			isa = PBXResourcesBuildPhase;
			buildActionMask = 2147483647;
			files = (
			);
			runOnlyForDeploymentPostprocessing = 0;
		};
		F4ECCEF11C86DAB1003A0961 /* Resources */ = {
			isa = PBXResourcesBuildPhase;
			buildActionMask = 2147483647;
			files = (
			);
			runOnlyForDeploymentPostprocessing = 0;
		};
/* End PBXResourcesBuildPhase section */

/* Begin PBXShellScriptBuildPhase section */
		00CF7896E186C7935146B720 /* Embed Pods Frameworks */ = {
			isa = PBXShellScriptBuildPhase;
			buildActionMask = 2147483647;
			files = (
			);
			inputPaths = (
			);
			name = "Embed Pods Frameworks";
			outputPaths = (
			);
			runOnlyForDeploymentPostprocessing = 0;
			shellPath = /bin/sh;
			shellScript = "\"${SRCROOT}/Pods/Target Support Files/Pods-CarCare/Pods-CarCare-frameworks.sh\"\n";
			showEnvVarsInLog = 0;
		};
		1442E86F148480B89E15AE9E /* Copy Pods Resources */ = {
			isa = PBXShellScriptBuildPhase;
			buildActionMask = 2147483647;
			files = (
			);
			inputPaths = (
			);
			name = "Copy Pods Resources";
			outputPaths = (
			);
			runOnlyForDeploymentPostprocessing = 0;
			shellPath = /bin/sh;
			shellScript = "\"${SRCROOT}/Pods/Target Support Files/Pods-CarCare/Pods-CarCare-resources.sh\"\n";
			showEnvVarsInLog = 0;
		};
		9815FC1ADDD5CD244CD58C11 /* Check Pods Manifest.lock */ = {
			isa = PBXShellScriptBuildPhase;
			buildActionMask = 2147483647;
			files = (
			);
			inputPaths = (
			);
			name = "Check Pods Manifest.lock";
			outputPaths = (
			);
			runOnlyForDeploymentPostprocessing = 0;
			shellPath = /bin/sh;
			shellScript = "diff \"${PODS_ROOT}/../Podfile.lock\" \"${PODS_ROOT}/Manifest.lock\" > /dev/null\nif [[ $? != 0 ]] ; then\n    cat << EOM\nerror: The sandbox is not in sync with the Podfile.lock. Run 'pod install' or update your CocoaPods installation.\nEOM\n    exit 1\nfi\n";
			showEnvVarsInLog = 0;
		};
/* End PBXShellScriptBuildPhase section */

/* Begin PBXSourcesBuildPhase section */
		F4ECCECB1C86DAB1003A0961 /* Sources */ = {
			isa = PBXSourcesBuildPhase;
			buildActionMask = 2147483647;
			files = (
				F4ECCEDA1C86DAB1003A0961 /* ViewController.m in Sources */,
				F4ECCED71C86DAB1003A0961 /* AppDelegate.m in Sources */,
				F4ECCF181C86E419003A0961 /* LoginVC.m in Sources */,
				F4ECCED41C86DAB1003A0961 /* main.m in Sources */,
				F4ECCF151C86E36F003A0961 /* BaseVC.m in Sources */,
				F4ECCF091C86DD63003A0961 /* Constants.m in Sources */,
			);
			runOnlyForDeploymentPostprocessing = 0;
		};
		F4ECCEE41C86DAB1003A0961 /* Sources */ = {
			isa = PBXSourcesBuildPhase;
			buildActionMask = 2147483647;
			files = (
				F4ECCEED1C86DAB1003A0961 /* CarCareTests.m in Sources */,
			);
			runOnlyForDeploymentPostprocessing = 0;
		};
		F4ECCEEF1C86DAB1003A0961 /* Sources */ = {
			isa = PBXSourcesBuildPhase;
			buildActionMask = 2147483647;
			files = (
				F4ECCEF81C86DAB1003A0961 /* CarCareUITests.m in Sources */,
			);
			runOnlyForDeploymentPostprocessing = 0;
		};
/* End PBXSourcesBuildPhase section */

/* Begin PBXTargetDependency section */
		F4ECCEEA1C86DAB1003A0961 /* PBXTargetDependency */ = {
			isa = PBXTargetDependency;
			target = F4ECCECE1C86DAB1003A0961 /* CarCare */;
			targetProxy = F4ECCEE91C86DAB1003A0961 /* PBXContainerItemProxy */;
		};
		F4ECCEF51C86DAB1003A0961 /* PBXTargetDependency */ = {
			isa = PBXTargetDependency;
			target = F4ECCECE1C86DAB1003A0961 /* CarCare */;
			targetProxy = F4ECCEF41C86DAB1003A0961 /* PBXContainerItemProxy */;
		};
/* End PBXTargetDependency section */

/* Begin PBXVariantGroup section */
		F4ECCEDB1C86DAB1003A0961 /* Main.storyboard */ = {
			isa = PBXVariantGroup;
			children = (
				F4ECCEDC1C86DAB1003A0961 /* Base */,
			);
			name = Main.storyboard;
			sourceTree = "<group>";
		};
		F4ECCEE01C86DAB1003A0961 /* LaunchScreen.storyboard */ = {
			isa = PBXVariantGroup;
			children = (
				F4ECCEE11C86DAB1003A0961 /* Base */,
			);
			name = LaunchScreen.storyboard;
			sourceTree = "<group>";
		};
/* End PBXVariantGroup section */

/* Begin XCBuildConfiguration section */
		F4ECCEFA1C86DAB1003A0961 /* Debug */ = {
			isa = XCBuildConfiguration;
			buildSettings = {
				ALWAYS_SEARCH_USER_PATHS = NO;
				CLANG_CXX_LANGUAGE_STANDARD = "gnu++0x";
				CLANG_CXX_LIBRARY = "libc++";
				CLANG_ENABLE_MODULES = YES;
				CLANG_ENABLE_OBJC_ARC = YES;
				CLANG_WARN_BOOL_CONVERSION = YES;
				CLANG_WARN_CONSTANT_CONVERSION = YES;
				CLANG_WARN_DIRECT_OBJC_ISA_USAGE = YES_ERROR;
				CLANG_WARN_EMPTY_BODY = YES;
				CLANG_WARN_ENUM_CONVERSION = YES;
				CLANG_WARN_INT_CONVERSION = YES;
				CLANG_WARN_OBJC_ROOT_CLASS = YES_ERROR;
				CLANG_WARN_UNREACHABLE_CODE = YES;
				CLANG_WARN__DUPLICATE_METHOD_MATCH = YES;
				"CODE_SIGN_IDENTITY[sdk=iphoneos*]" = "iPhone Developer";
				COPY_PHASE_STRIP = NO;
				DEBUG_INFORMATION_FORMAT = dwarf;
				ENABLE_STRICT_OBJC_MSGSEND = YES;
				ENABLE_TESTABILITY = YES;
				GCC_C_LANGUAGE_STANDARD = gnu99;
				GCC_DYNAMIC_NO_PIC = NO;
				GCC_NO_COMMON_BLOCKS = YES;
				GCC_OPTIMIZATION_LEVEL = 0;
				GCC_PREPROCESSOR_DEFINITIONS = (
					"DEBUG=1",
					"$(inherited)",
				);
				GCC_WARN_64_TO_32_BIT_CONVERSION = YES;
				GCC_WARN_ABOUT_RETURN_TYPE = YES_ERROR;
				GCC_WARN_UNDECLARED_SELECTOR = YES;
				GCC_WARN_UNINITIALIZED_AUTOS = YES_AGGRESSIVE;
				GCC_WARN_UNUSED_FUNCTION = YES;
				GCC_WARN_UNUSED_VARIABLE = YES;
				IPHONEOS_DEPLOYMENT_TARGET = 9.2;
				MTL_ENABLE_DEBUG_INFO = YES;
				ONLY_ACTIVE_ARCH = YES;
				SDKROOT = iphoneos;
			};
			name = Debug;
		};
		F4ECCEFB1C86DAB1003A0961 /* Release */ = {
			isa = XCBuildConfiguration;
			buildSettings = {
				ALWAYS_SEARCH_USER_PATHS = NO;
				CLANG_CXX_LANGUAGE_STANDARD = "gnu++0x";
				CLANG_CXX_LIBRARY = "libc++";
				CLANG_ENABLE_MODULES = YES;
				CLANG_ENABLE_OBJC_ARC = YES;
				CLANG_WARN_BOOL_CONVERSION = YES;
				CLANG_WARN_CONSTANT_CONVERSION = YES;
				CLANG_WARN_DIRECT_OBJC_ISA_USAGE = YES_ERROR;
				CLANG_WARN_EMPTY_BODY = YES;
				CLANG_WARN_ENUM_CONVERSION = YES;
				CLANG_WARN_INT_CONVERSION = YES;
				CLANG_WARN_OBJC_ROOT_CLASS = YES_ERROR;
				CLANG_WARN_UNREACHABLE_CODE = YES;
				CLANG_WARN__DUPLICATE_METHOD_MATCH = YES;
				"CODE_SIGN_IDENTITY[sdk=iphoneos*]" = "iPhone Developer";
				COPY_PHASE_STRIP = NO;
				DEBUG_INFORMATION_FORMAT = "dwarf-with-dsym";
				ENABLE_NS_ASSERTIONS = NO;
				ENABLE_STRICT_OBJC_MSGSEND = YES;
				GCC_C_LANGUAGE_STANDARD = gnu99;
				GCC_NO_COMMON_BLOCKS = YES;
				GCC_WARN_64_TO_32_BIT_CONVERSION = YES;
				GCC_WARN_ABOUT_RETURN_TYPE = YES_ERROR;
				GCC_WARN_UNDECLARED_SELECTOR = YES;
				GCC_WARN_UNINITIALIZED_AUTOS = YES_AGGRESSIVE;
				GCC_WARN_UNUSED_FUNCTION = YES;
				GCC_WARN_UNUSED_VARIABLE = YES;
				IPHONEOS_DEPLOYMENT_TARGET = 9.2;
				MTL_ENABLE_DEBUG_INFO = NO;
				SDKROOT = iphoneos;
				VALIDATE_PRODUCT = YES;
			};
			name = Release;
		};
		F4ECCEFD1C86DAB1003A0961 /* Debug */ = {
			isa = XCBuildConfiguration;
			baseConfigurationReference = A8E2FCAB3A4382F3A3A32D16 /* Pods-CarCare.debug.xcconfig */;
			buildSettings = {
				ASSETCATALOG_COMPILER_APPICON_NAME = AppIcon;
				GCC_PREFIX_HEADER = CarCare/CarCarePch.pch;
				INFOPLIST_FILE = CarCare/Info.plist;
				LD_RUNPATH_SEARCH_PATHS = "$(inherited) @executable_path/Frameworks";
				PRODUCT_BUNDLE_IDENTIFIER = com.kalen.CarCare;
				PRODUCT_NAME = "$(TARGET_NAME)";
			};
			name = Debug;
		};
		F4ECCEFE1C86DAB1003A0961 /* Release */ = {
			isa = XCBuildConfiguration;
			baseConfigurationReference = 02E71C7E91EEAF65367D1A8F /* Pods-CarCare.release.xcconfig */;
			buildSettings = {
				ASSETCATALOG_COMPILER_APPICON_NAME = AppIcon;
				GCC_PREFIX_HEADER = CarCare/CarCarePch.pch;
				INFOPLIST_FILE = CarCare/Info.plist;
				LD_RUNPATH_SEARCH_PATHS = "$(inherited) @executable_path/Frameworks";
				PRODUCT_BUNDLE_IDENTIFIER = com.kalen.CarCare;
				PRODUCT_NAME = "$(TARGET_NAME)";
			};
			name = Release;
		};
		F4ECCF001C86DAB1003A0961 /* Debug */ = {
			isa = XCBuildConfiguration;
			buildSettings = {
				BUNDLE_LOADER = "$(TEST_HOST)";
				INFOPLIST_FILE = CarCareTests/Info.plist;
				LD_RUNPATH_SEARCH_PATHS = "$(inherited) @executable_path/Frameworks @loader_path/Frameworks";
				PRODUCT_BUNDLE_IDENTIFIER = com.kalen.CarCareTests;
				PRODUCT_NAME = "$(TARGET_NAME)";
				TEST_HOST = "$(BUILT_PRODUCTS_DIR)/CarCare.app/CarCare";
			};
			name = Debug;
		};
		F4ECCF011C86DAB1003A0961 /* Release */ = {
			isa = XCBuildConfiguration;
			buildSettings = {
				BUNDLE_LOADER = "$(TEST_HOST)";
				INFOPLIST_FILE = CarCareTests/Info.plist;
				LD_RUNPATH_SEARCH_PATHS = "$(inherited) @executable_path/Frameworks @loader_path/Frameworks";
				PRODUCT_BUNDLE_IDENTIFIER = com.kalen.CarCareTests;
				PRODUCT_NAME = "$(TARGET_NAME)";
				TEST_HOST = "$(BUILT_PRODUCTS_DIR)/CarCare.app/CarCare";
			};
			name = Release;
		};
		F4ECCF031C86DAB1003A0961 /* Debug */ = {
			isa = XCBuildConfiguration;
			buildSettings = {
				INFOPLIST_FILE = CarCareUITests/Info.plist;
				LD_RUNPATH_SEARCH_PATHS = "$(inherited) @executable_path/Frameworks @loader_path/Frameworks";
				PRODUCT_BUNDLE_IDENTIFIER = com.kalen.CarCareUITests;
				PRODUCT_NAME = "$(TARGET_NAME)";
				TEST_TARGET_NAME = CarCare;
				USES_XCTRUNNER = YES;
			};
			name = Debug;
		};
		F4ECCF041C86DAB1003A0961 /* Release */ = {
			isa = XCBuildConfiguration;
			buildSettings = {
				INFOPLIST_FILE = CarCareUITests/Info.plist;
				LD_RUNPATH_SEARCH_PATHS = "$(inherited) @executable_path/Frameworks @loader_path/Frameworks";
				PRODUCT_BUNDLE_IDENTIFIER = com.kalen.CarCareUITests;
				PRODUCT_NAME = "$(TARGET_NAME)";
				TEST_TARGET_NAME = CarCare;
				USES_XCTRUNNER = YES;
			};
			name = Release;
		};
/* End XCBuildConfiguration section */

/* Begin XCConfigurationList section */
		F4ECCECA1C86DAB1003A0961 /* Build configuration list for PBXProject "CarCare" */ = {
			isa = XCConfigurationList;
			buildConfigurations = (
				F4ECCEFA1C86DAB1003A0961 /* Debug */,
				F4ECCEFB1C86DAB1003A0961 /* Release */,
			);
			defaultConfigurationIsVisible = 0;
			defaultConfigurationName = Release;
		};
		F4ECCEFC1C86DAB1003A0961 /* Build configuration list for PBXNativeTarget "CarCare" */ = {
			isa = XCConfigurationList;
			buildConfigurations = (
				F4ECCEFD1C86DAB1003A0961 /* Debug */,
				F4ECCEFE1C86DAB1003A0961 /* Release */,
			);
			defaultConfigurationIsVisible = 0;
			defaultConfigurationName = Release;
		};
		F4ECCEFF1C86DAB1003A0961 /* Build configuration list for PBXNativeTarget "CarCareTests" */ = {
			isa = XCConfigurationList;
			buildConfigurations = (
				F4ECCF001C86DAB1003A0961 /* Debug */,
				F4ECCF011C86DAB1003A0961 /* Release */,
			);
			defaultConfigurationIsVisible = 0;
			defaultConfigurationName = Release;
		};
		F4ECCF021C86DAB1003A0961 /* Build configuration list for PBXNativeTarget "CarCareUITests" */ = {
			isa = XCConfigurationList;
			buildConfigurations = (
				F4ECCF031C86DAB1003A0961 /* Debug */,
				F4ECCF041C86DAB1003A0961 /* Release */,
			);
			defaultConfigurationIsVisible = 0;
			defaultConfigurationName = Release;
		};
/* End XCConfigurationList section */
	};
	rootObject = F4ECCEC71C86DAB1003A0961 /* Project object */;
}
